# platform: linux-64
# env_hash: d2801440c29b348da4d8f9e08b4be02194ed0f8b3536256fb0889aa3533de9f0
@EXPLICIT
https://conda.anaconda.org/conda-forge/linux-64/_libgcc_mutex-0.1-conda_forge.tar.bz2#d7c89558ba9fa0495403155b64376d81
https://conda.anaconda.org/conda-forge/linux-64/ca-certificates-2020.12.5-ha878542_0.tar.bz2#7eb5d4ffeee663caa1635cd67071bc1b
https://conda.anaconda.org/conda-forge/linux-64/ld_impl_linux-64-2.35.1-hea4e1c9_2.tar.bz2#83610dba766a186bdc7a116053b782a4
https://conda.anaconda.org/conda-forge/linux-64/libstdcxx-ng-9.3.0-h6de172a_19.tar.bz2#cd9a24a8dde03ec0cf0e603b0bea85a1
https://conda.anaconda.org/conda-forge/linux-64/pandoc-2.12-h7f98852_0.tar.bz2#21d4ae04f0c60b1e1150ded8ac24b4c2
https://conda.anaconda.org/conda-forge/linux-64/libgomp-9.3.0-h2828fa1_19.tar.bz2#ab0a307912033126da02507b59e79ec9
https://conda.anaconda.org/conda-forge/linux-64/_openmp_mutex-4.5-1_gnu.tar.bz2#561e277319a41d4f24f5c05a9ef63c04
https://conda.anaconda.org/conda-forge/linux-64/libgcc-ng-9.3.0-h2828fa1_19.tar.bz2#9d5cdfc51476ee4dcdd96ed2dca3f943
https://conda.anaconda.org/conda-forge/linux-64/icu-68.1-h58526e2_0.tar.bz2#fc7a4271dc2a7f4fd78cd63695baf7c3
https://conda.anaconda.org/conda-forge/linux-64/libffi-3.3-h58526e2_2.tar.bz2#665369991d8dd290ac5ee92fce3e6bf5
https://conda.anaconda.org/conda-forge/linux-64/libsodium-1.0.18-h36c2ea0_1.tar.bz2#c3788462a6fbddafdb413a9f9053e58d
https://conda.anaconda.org/conda-forge/linux-64/libuv-1.41.0-h7f98852_0.tar.bz2#808b41ebae1d9bd4aa8ffbc365d468c6
https://conda.anaconda.org/conda-forge/linux-64/ncurses-6.2-h58526e2_4.tar.bz2#509f2a21c4a09214cd737a480dfd80c9
https://conda.anaconda.org/conda-forge/linux-64/openssl-1.1.1k-h7f98852_0.tar.bz2#07fae2cb088379c8441e0f3ffa1f4025
https://conda.anaconda.org/conda-forge/linux-64/xz-5.2.5-h516909a_1.tar.bz2#33f601066901f3e1a85af3522a8113f9
https://conda.anaconda.org/conda-forge/linux-64/yaml-0.2.5-h516909a_0.tar.bz2#03a530e925414902547cf48da7756db8
https://conda.anaconda.org/conda-forge/linux-64/zlib-1.2.11-h516909a_1010.tar.bz2#339cc5584e6d26bc73a875ba900028c3
https://conda.anaconda.org/conda-forge/linux-64/nodejs-14.15.4-h92b4a50_1.tar.bz2#c892d4910dee3eb4da7a8840d9e8806e
https://conda.anaconda.org/conda-forge/linux-64/readline-8.1-h46c0cb4_0.tar.bz2#5788de3c8d7a7d64ac56c784c4ef48e6
https://conda.anaconda.org/conda-forge/linux-64/tk-8.6.10-h21135ba_1.tar.bz2#c647f70aa7e3d4cc4e029cc1c9a99953
https://conda.anaconda.org/conda-forge/linux-64/zeromq-4.3.4-h9c3ff4c_0.tar.bz2#9105c7da67ebfb39ff08e2a8ea72bb71
https://conda.anaconda.org/conda-forge/linux-64/sqlite-3.35.5-h74cdb3f_0.tar.bz2#e876c82c21e7074d299e13762d02466c
https://conda.anaconda.org/conda-forge/linux-64/python-3.6.13-hffdb5ce_0_cpython.tar.bz2#575e65ac9386755d3b9fd70f20dc1e37
https://conda.anaconda.org/conda-forge/noarch/alabaster-0.7.12-py_0.tar.bz2#2489a97287f90176ecdc3ca982b4b0a0
https://conda.anaconda.org/conda-forge/noarch/async_generator-1.10-py_0.tar.bz2#d56c596e61b1c4952acf0a9920856c12
https://conda.anaconda.org/conda-forge/noarch/attrs-20.3.0-pyhd3deb0d_0.tar.bz2#5b319abb055eefcfa344bc21378ca23f
https://conda.anaconda.org/conda-forge/noarch/backports-1.0-py_2.tar.bz2#0da16b293affa6ac31812376f8eb79dd
https://conda.anaconda.org/conda-forge/noarch/click-7.1.2-pyh9f0ad1d_0.tar.bz2#bd50a970ce07e660c319fdc4d730d3f1
https://conda.anaconda.org/conda-forge/noarch/cloudpickle-1.6.0-py_0.tar.bz2#76d764d8881719e305f6fa368dc2b65e
https://conda.anaconda.org/conda-forge/noarch/colorama-0.4.4-pyh9f0ad1d_0.tar.bz2#c08b4c1326b880ed44f3ffb04803332f
https://conda.anaconda.org/conda-forge/noarch/dataclasses-0.8-pyh787bdff_0.tar.bz2#99ccd57a7c9761e97e17777f0cde21eb
https://conda.anaconda.org/conda-forge/noarch/decorator-5.0.7-pyhd8ed1ab_0.tar.bz2#328caef9e939b22c3d00392286e0cd85
https://conda.anaconda.org/conda-forge/noarch/defusedxml-0.7.1-pyhd8ed1ab_0.tar.bz2#961b3a227b437d82ad7054484cfa71b2
https://conda.anaconda.org/conda-forge/noarch/entrypoints-0.3-pyhd8ed1ab_1003.tar.bz2#bbf9a201f6ce99a506f4955374d9a9f4
https://conda.anaconda.org/conda-forge/noarch/idna-2.10-pyh9f0ad1d_0.tar.bz2#f95a12b4f435aae6680fe55ae2eb1b06
https://conda.anaconda.org/conda-forge/noarch/imagesize-1.2.0-py_0.tar.bz2#5879bd2c4b399a5072468e5fe587bf1b
https://conda.anaconda.org/conda-forge/noarch/ipython_genutils-0.2.0-py_1.tar.bz2#5071c982548b3a20caf70462f04f5287
https://conda.anaconda.org/conda-forge/noarch/jupyterlab_widgets-1.0.0-pyhd8ed1ab_1.tar.bz2#f8da92114c8fbe1d951b0efaf54dd14b
https://conda.anaconda.org/conda-forge/noarch/nest-asyncio-1.5.1-pyhd8ed1ab_0.tar.bz2#47a51a5b8f9cc41004c8d7bd88b62447
https://conda.anaconda.org/conda-forge/noarch/pandocfilters-1.4.2-py_1.tar.bz2#ba6f4a308f1ea22abe1d72e72544af76
https://conda.anaconda.org/conda-forge/noarch/pickleshare-0.7.5-py_1003.tar.bz2#415f0ebb6198cc2801c73438a9fb5761
https://conda.anaconda.org/conda-forge/linux-64/port-for-0.3.1-py36_1.tar.bz2#510327f1443d1c03bf394cf7d5a494a9
https://conda.anaconda.org/conda-forge/noarch/prometheus_client-0.10.1-pyhd8ed1ab_0.tar.bz2#088ca4c07d7b346a2a099b3685a0e992
https://conda.anaconda.org/conda-forge/noarch/ptyprocess-0.7.0-pyhd3deb0d_0.tar.bz2#359eeb6536da0e687af562ed265ec263
https://conda.anaconda.org/conda-forge/noarch/pycparser-2.20-pyh9f0ad1d_2.tar.bz2#aa798d50ffd182a0f6f31478c7f434f6
https://conda.anaconda.org/conda-forge/noarch/pyparsing-2.4.7-pyh9f0ad1d_0.tar.bz2#626c4f20d5bf06dcec9cf2eaa31725c7
https://conda.anaconda.org/conda-forge/linux-64/python_abi-3.6-1_cp36m.tar.bz2#7f3681b01bd688b48bfbdae483b2918f
https://conda.anaconda.org/conda-forge/noarch/pytz-2021.1-pyhd8ed1ab_0.tar.bz2#3af2e9424d5eb0063824a3f9b850d411
https://conda.anaconda.org/conda-forge/noarch/robotframework-4.0.1-pyhd8ed1ab_0.tar.bz2#efdab8a164dc9b8a60fc7215b93ada8e
https://conda.anaconda.org/conda-forge/noarch/send2trash-1.5.0-py_0.tar.bz2#c3779037a635e1150f1c53c28b875949
https://conda.anaconda.org/conda-forge/noarch/shellingham-1.4.0-pyh44b312d_0.tar.bz2#437655338696f9d0dfdb0a024e66b255
https://conda.anaconda.org/conda-forge/noarch/simplegeneric-0.8.1-py_1.tar.bz2#a561caf8601e8d85547c77a54ee99333
https://conda.anaconda.org/conda-forge/noarch/six-1.15.0-pyh9f0ad1d_0.tar.bz2#1eec421f0f1f39e579e44e4a5ce646a2
https://conda.anaconda.org/conda-forge/noarch/smmap-3.0.5-pyh44b312d_0.tar.bz2#3a8dc70789709aa315325d5df06fb7e4
https://conda.anaconda.org/conda-forge/noarch/snowballstemmer-2.1.0-pyhd8ed1ab_0.tar.bz2#f1d64c0cf0eedf655a96ccdc1573c05a
https://conda.anaconda.org/conda-forge/noarch/soupsieve-2.0.1-py_1.tar.bz2#aa1db70848c19bace567ba39a157f508
https://conda.anaconda.org/conda-forge/noarch/sphinxcontrib-applehelp-1.0.2-py_0.tar.bz2#20b2eaeaeea4ef9a9a0d99770620fd09
https://conda.anaconda.org/conda-forge/noarch/sphinxcontrib-devhelp-1.0.2-py_0.tar.bz2#68e01cac9d38d0e717cd5c87bc3d2cc9
https://conda.anaconda.org/conda-forge/noarch/sphinxcontrib-htmlhelp-1.0.3-py_0.tar.bz2#4508a40465ebf0105e52f7194f299411
https://conda.anaconda.org/conda-forge/noarch/sphinxcontrib-jsmath-1.0.1-py_0.tar.bz2#67cd9d9c0382d37479b4d306c369a2d4
https://conda.anaconda.org/conda-forge/noarch/sphinxcontrib-qthelp-1.0.3-py_0.tar.bz2#d01180388e6d1838c3e1ad029590aa7a
https://conda.anaconda.org/conda-forge/noarch/sphinxcontrib-serializinghtml-1.1.4-py_0.tar.bz2#8ea6a8036e28dba8827d35c764709358
https://conda.anaconda.org/conda-forge/noarch/testpath-0.4.4-py_0.tar.bz2#3b98fff4d5342bebde2ecaa314f796f9
https://conda.anaconda.org/conda-forge/noarch/typing_extensions-3.7.4.3-py_0.tar.bz2#12b96e382730541a4b332420227055ae
https://conda.anaconda.org/conda-forge/noarch/webencodings-0.5.1-py_1.tar.bz2#3563be4c5611a44210d9ba0c16113136
https://conda.anaconda.org/conda-forge/noarch/wheel-0.36.2-pyhd3deb0d_0.tar.bz2#768bfbe026426d0e76b377997d1f2b98
https://conda.anaconda.org/conda-forge/noarch/zipp-3.4.1-pyhd8ed1ab_0.tar.bz2#a4fa30eb74a326092b3d8078b1f1aae1
https://conda.anaconda.org/conda-forge/noarch/babel-2.9.1-pyh44b312d_0.tar.bz2#74136ed39bfea0832d338df1e58d013e
https://conda.anaconda.org/conda-forge/noarch/beautifulsoup4-4.9.3-pyhb0f4dca_0.tar.bz2#d243a293d7303ab6195d96ce8c16b1cb
https://conda.anaconda.org/conda-forge/linux-64/certifi-2020.12.5-py36h5fab9bb_1.tar.bz2#da529031bd8882eff7d72484661c1b83
https://conda.anaconda.org/conda-forge/linux-64/cffi-1.14.5-py36hc120d54_0.tar.bz2#f49c72aeb497efcd918217d142ddfc9c
https://conda.anaconda.org/conda-forge/linux-64/chardet-4.0.0-py36h5fab9bb_1.tar.bz2#b63c63a44b8d37acaff014df8a512d92
https://conda.anaconda.org/conda-forge/noarch/click-log-0.3.2-pyh9f0ad1d_0.tar.bz2#3a64d156136fad977df1b81a24b57ac0
https://conda.anaconda.org/conda-forge/linux-64/docutils-0.15.2-py36h5fab9bb_1.tar.bz2#0f07920bd41c7ab8a2d6eb1af3fda13b
https://conda.anaconda.org/conda-forge/noarch/gitdb-4.0.7-pyhd8ed1ab_0.tar.bz2#12977b4cc317a6ee2939aedcb09a4898
https://conda.anaconda.org/conda-forge/linux-64/immutables-0.15-py36h8f6f2f9_0.tar.bz2#9f5767abe2f02d4bf73a7896a8f26790
https://conda.anaconda.org/conda-forge/linux-64/importlib-metadata-4.0.1-py36h5fab9bb_0.tar.bz2#3c9bfd1ccfdf3002b174e4e1e7385341
https://conda.anaconda.org/conda-forge/linux-64/markupsafe-1.1.1-py36h8f6f2f9_3.tar.bz2#4471d6eaa07fcc4dd1f2e0e6cc8e54bf
https://conda.anaconda.org/conda-forge/linux-64/mistune-0.8.4-py36h8f6f2f9_1003.tar.bz2#8066d080821a7ce04c73c12e25232abb
https://conda.anaconda.org/conda-forge/noarch/packaging-20.9-pyh44b312d_0.tar.bz2#be69a38e912054a62dc82cc3c7711a64
https://conda.anaconda.org/conda-forge/noarch/pexpect-4.8.0-pyh9f0ad1d_2.tar.bz2#5909e7b978141dd80d28dbf9de627827
https://conda.anaconda.org/conda-forge/linux-64/pyinotify-0.9.6-py36h5fab9bb_1003.tar.bz2#ebcd48491423f67968ec383275cecd38
https://conda.anaconda.org/conda-forge/linux-64/pyrsistent-0.17.3-py36h8f6f2f9_2.tar.bz2#26db670368942d4a144cad213448496a
https://conda.anaconda.org/conda-forge/linux-64/pysocks-1.7.1-py36h5fab9bb_3.tar.bz2#4dfb9be0b2975bc7933f32c6db7af205
https://conda.anaconda.org/conda-forge/noarch/python-dateutil-2.8.1-py_0.tar.bz2#0d0150ed9c2d25817f5324108d3f7571
https://conda.anaconda.org/conda-forge/linux-64/pyyaml-5.4.1-py36h8f6f2f9_0.tar.bz2#c4be96c884afed3ce48ab143570a439f
https://conda.anaconda.org/conda-forge/linux-64/pyzmq-22.0.3-py36h7068817_1.tar.bz2#cd37021a13c54c0af47fd586bb0b5ce2
https://conda.anaconda.org/conda-forge/noarch/robotframework-pythonlibcore-2.2.0-pyhd8ed1ab_0.tar.bz2#29a329f0b817038d27d7bdfb2ca04b5a
https://conda.anaconda.org/conda-forge/linux-64/sqlalchemy-1.3.23-py36h8f6f2f9_0.tar.bz2#9bf4ee3e800c785d8a56e6fc8c0f5c3f
https://conda.anaconda.org/conda-forge/linux-64/tomlkit-0.7.0-py36h5fab9bb_3.tar.bz2#082ca00e6f3c6fa0c90cb5c5bf216aab
https://conda.anaconda.org/conda-forge/linux-64/tornado-6.1-py36h8f6f2f9_1.tar.bz2#3d19680e14cb7cf6f383ba1fd3a72f2c
https://conda.anaconda.org/conda-forge/linux-64/traitlets-4.3.3-py36h9f0ad1d_1.tar.bz2#37802414836e8c0594873aaf656ace5d
https://conda.anaconda.org/conda-forge/linux-64/argon2-cffi-20.1.0-py36h8f6f2f9_2.tar.bz2#63fee45eaa9ecec8d66c9ec4422ab6e7
https://conda.anaconda.org/conda-forge/linux-64/brotlipy-0.7.0-py36h8f6f2f9_1001.tar.bz2#0f244e9624403e17430e9d959530b01c
https://conda.anaconda.org/conda-forge/noarch/contextvars-2.4-py_0.tar.bz2#295fe9300971a6bd1dc4b18ad6509be2
https://conda.anaconda.org/conda-forge/linux-64/cryptography-3.4.7-py36hb60f036_0.tar.bz2#e3f8fbf0f4037279847c8ab1551fe6f8
https://conda.anaconda.org/conda-forge/noarch/deprecation-2.1.0-pyh9f0ad1d_0.tar.bz2#7b6747d7cc2076341029cff659669e8b
https://conda.anaconda.org/conda-forge/linux-64/doit-0.33.1-py36h9f0ad1d_1.tar.bz2#03ff97a03955a189acdbc8c4d196e5e1
https://conda.anaconda.org/conda-forge/noarch/gitpython-3.1.15-pyhd8ed1ab_0.tar.bz2#e39229fa68a46674e21f90904973b7f5
https://conda.anaconda.org/conda-forge/linux-64/jupyter_core-4.7.1-py36h5fab9bb_0.tar.bz2#aa9e4c495b8d1ae2c3e8812007539573
https://conda.anaconda.org/conda-forge/linux-64/setuptools-49.6.0-py36h5fab9bb_3.tar.bz2#0e5930ee136de4ecef3640f50b3037a2
https://conda.anaconda.org/conda-forge/linux-64/terminado-0.9.4-py36h5fab9bb_0.tar.bz2#747ab007ff45edcc54f7a2d5549b7926
https://conda.anaconda.org/conda-forge/noarch/backports.functools_lru_cache-1.6.4-pyhd8ed1ab_0.tar.bz2#c5b3edc62d6309088f4970b3eaaa65a6
https://conda.anaconda.org/conda-forge/noarch/bleach-3.3.0-pyh44b312d_0.tar.bz2#abf6b76c39358ca36ca706c46f054f2a
https://conda.anaconda.org/conda-forge/noarch/jinja2-2.11.3-pyh44b312d_0.tar.bz2#1d4c3605d85a3655b1595e0694138eb6
https://conda.anaconda.org/conda-forge/noarch/jsonschema-3.2.0-pyhd8ed1ab_3.tar.bz2#66125e28711d8ffc04a207a2b170316d
https://conda.anaconda.org/conda-forge/noarch/jupyter-packaging-0.9.2-pyhd8ed1ab_0.tar.bz2#2d170f81bd6b975436be57078671c437
https://conda.anaconda.org/conda-forge/noarch/jupyter_client-6.1.12-pyhd8ed1ab_0.tar.bz2#f58b38ddb9f94fa3cafea4ba2b17f93b
https://conda.anaconda.org/conda-forge/noarch/livereload-2.6.3-pyh9f0ad1d_0.tar.bz2#b7190e3ec3eff52839434bf4698e2d62
https://conda.anaconda.org/conda-forge/noarch/pip-21.1-pyhd8ed1ab_0.tar.bz2#5acc8aa0e57f31553f7bf9c22ca4d064
https://conda.anaconda.org/conda-forge/noarch/pygments-2.8.1-pyhd8ed1ab_0.tar.bz2#196e0cff141677f430fc06eb0d0ad94d
https://conda.anaconda.org/conda-forge/noarch/pyopenssl-20.0.1-pyhd8ed1ab_0.tar.bz2#92371c25994d0f5d28a01c1fb75ebf86
https://conda.anaconda.org/conda-forge/linux-64/sniffio-1.2.0-py36h5fab9bb_1.tar.bz2#43c550017bd3ffea3cbc9669617b71eb
https://conda.anaconda.org/conda-forge/linux-64/anyio-2.2.0-py36h5fab9bb_0.tar.bz2#4bda0899d558eb963cfd7aae821ce0f8
https://conda.anaconda.org/conda-forge/linux-64/click-completion-0.5.2-py36h5fab9bb_2.tar.bz2#2c7596ebc5c7a4b61f95ff6b2467596e
https://conda.anaconda.org/conda-forge/noarch/nbformat-5.1.3-pyhd8ed1ab_0.tar.bz2#bafa5df6d4f8db69a4d197b4657127e7
https://conda.anaconda.org/conda-forge/noarch/urllib3-1.26.4-pyhd8ed1ab_0.tar.bz2#d7b20b328e23d993994ea02077c009c0
https://conda.anaconda.org/conda-forge/noarch/wcwidth-0.2.5-pyh9f0ad1d_2.tar.bz2#5266fcd697043c59621fda522b3d78ee
https://conda.anaconda.org/conda-forge/noarch/nbclient-0.5.3-pyhd8ed1ab_0.tar.bz2#67f12831640fde52fe9be1bbc6b699e7
https://conda.anaconda.org/conda-forge/linux-64/nbconvert-5.6.1-py36h9f0ad1d_1.tar.bz2#3d8462d7d5d1d3c72553325f6a5cc7fa
https://conda.anaconda.org/conda-forge/noarch/prompt_toolkit-1.0.15-py_1.tar.bz2#f5bea0930b268df84653cb32c8d1542f
https://conda.anaconda.org/conda-forge/noarch/requests-2.25.1-pyhd3deb0d_0.tar.bz2#ae687aba31a1c400192a86a2e993ffdc
https://conda.anaconda.org/conda-forge/linux-64/selenium-3.141.0-py36h8f6f2f9_1002.tar.bz2#f747ac92d0e42c2d11b3655f2afe0436
https://conda.anaconda.org/conda-forge/linux-64/ipython-5.8.0-py36_1.tar.bz2#20f8dff7cb0e8e12799ea7267b14a726
https://conda.anaconda.org/conda-forge/linux-64/jupyter_server-1.6.4-py36h5fab9bb_0.tar.bz2#27b6db2d727123e1378784dd166dc4f4
https://conda.anaconda.org/conda-forge/noarch/robotframework-seleniumlibrary-5.1.3-pyhd8ed1ab_0.tar.bz2#464fdfebe1a1ffb41b031d8bbfb6041f
https://conda.anaconda.org/conda-forge/noarch/sphinx-3.5.4-pyh44b312d_0.tar.bz2#0ebc444f001f73c4f6de01057b0be392
https://conda.anaconda.org/conda-forge/linux-64/ipykernel-5.5.3-py36hcb3619a_0.tar.bz2#2e4f05a1b9d370066956959fe3e16823
https://conda.anaconda.org/conda-forge/noarch/jupyter-server-mathjax-0.2.2-pyhd8ed1ab_0.tar.bz2#6d37c4f5e62deb88a08225f235591918
https://conda.anaconda.org/conda-forge/noarch/pydata-sphinx-theme-0.6.3-pyhd8ed1ab_0.tar.bz2#a84900edc6e963d1cb448488bc06086b
https://conda.anaconda.org/conda-forge/noarch/sphinx-autobuild-2021.3.14-pyhd8ed1ab_0.tar.bz2#1909f784dc37b4ab97afe2c95aeeabaa
https://conda.anaconda.org/conda-forge/noarch/sphinx-togglebutton-0.2.3-pyhd3deb0d_0.tar.bz2#3eb34ca58b3cb8df3c92371e79af9e12
https://conda.anaconda.org/conda-forge/noarch/nbdime-3.0.0-pyhd8ed1ab_0.tar.bz2#022b6daf370936ae4086bb5bbc1fe6fa
https://conda.anaconda.org/conda-forge/linux-64/notebook-6.3.0-py36h5fab9bb_0.tar.bz2#4b075f38968b16bb1be4d17d90cf7e38
https://conda.anaconda.org/conda-forge/noarch/jupyter-cache-0.4.2-pyhd8ed1ab_0.tar.bz2#659cc8783382c163517726c719f1e83c
https://conda.anaconda.org/conda-forge/linux-64/widgetsnbextension-3.5.1-py36h5fab9bb_4.tar.bz2#6919ca2c4ddec0166a900910d54ded67
https://conda.anaconda.org/conda-forge/noarch/ipywidgets-7.6.3-pyhd3deb0d_0.tar.bz2#536a9ed6d9e740f2b83d1a3c388e4388
https://conda.anaconda.org/conda-forge/noarch/jupyter-sphinx-0.3.2-py_0.tar.bz2#9ae5148b076ddba22552ddb57a4c22ee
https://conda.anaconda.org/conda-forge/noarch/markdown-it-py-0.6.2-pyhd8ed1ab_0.tar.bz2#61d712a472b02ccd3ba3f45383d373a3
https://conda.anaconda.org/conda-forge/noarch/mdit-py-plugins-0.2.6-pyhd8ed1ab_0.tar.bz2#e9647b3958ae8a26958aeff582c2e78e
https://conda.anaconda.org/conda-forge/noarch/myst-parser-0.13.7-pyhd8ed1ab_0.tar.bz2#1ff522344de6c3e47fe9d919c98056ba
https://conda.anaconda.org/conda-forge/noarch/myst-nb-0.12.3-pyhd8ed1ab_0.tar.bz2#ebf571800ca804f56962fe00ddb5c73d
