# platform: win-64
# env_hash: fed7da88d12a59fcb1f0922b8e694196877fbd88167f830fc1962b77d027c276
@EXPLICIT
https://conda.anaconda.org/conda-forge/win-64/ca-certificates-2020.6.20-hecda079_0.tar.bz2#942ac2555f1e5d2c43391234a745449e
https://conda.anaconda.org/msys2/win-64/msys2-conda-epoch-20160418-1.tar.bz2#6eaef3074f65f715ed1ca6b8a08be3aa
https://conda.anaconda.org/conda-forge/win-64/pandoc-2.10.1-he774522_0.tar.bz2#e8573e5a44209ff83fff5cdf04a793ad
https://conda.anaconda.org/conda-forge/win-64/vs2015_runtime-14.16.27012-h30e32a0_2.tar.bz2#37a0bcc72c5e97f5602dca37eb3f8314
https://conda.anaconda.org/conda-forge/win-64/winpty-0.4.3-4.tar.bz2#1cee351bf20b830d991dbe0bc8cd7dfe
https://conda.anaconda.org/msys2/win-64/m2w64-gmp-6.1.0-2.tar.bz2#fec04371463ec68eb8f5752a22c5b030
https://conda.anaconda.org/msys2/win-64/m2w64-libwinpthread-git-5.0.0.4634.697f757-2.tar.bz2#67e61e700eb27424979778fae9293f13
https://conda.anaconda.org/conda-forge/win-64/vc-14.1-h869be7e_1.tar.bz2#4fae57303daa91367eca263374e4a638
https://conda.anaconda.org/conda-forge/win-64/firefox-78.2.0esr-ha925a31_0.tar.bz2#a553dd89078d997abe78315f76d67c86
https://conda.anaconda.org/conda-forge/win-64/geckodriver-0.27.0-h33f27b4_0.tar.bz2#e795207bad71f429dd10dce3d205503e
https://conda.anaconda.org/conda-forge/win-64/libsodium-1.0.17-h2fa13f4_0.tar.bz2#c28ec9df95aa8f80fe77141c7d8ac633
https://conda.anaconda.org/msys2/win-64/m2w64-gcc-libs-core-5.3.0-7.tar.bz2#276d396bfe8d958f71173b7134f739fa
https://conda.anaconda.org/conda-forge/win-64/openssl-1.1.1g-he774522_1.tar.bz2#68c579bdc9f74f5b41b3155ea0b9bc8a
https://conda.anaconda.org/conda-forge/win-64/python-3.6.11-h9303ea8_2_cpython.tar.bz2#42a6e8c961a5a6a7698001001552721e
https://conda.anaconda.org/conda-forge/noarch/attrs-20.2.0-pyh9f0ad1d_0.tar.bz2#72fe75fed07fe89d6ef02034bf1e94a5
https://conda.anaconda.org/conda-forge/noarch/backcall-0.2.0-pyh9f0ad1d_0.tar.bz2#6006a6d08a3fa99268a2681c7fb55213
https://conda.anaconda.org/conda-forge/win-64/backports-1.0-py36_1.tar.bz2#9e2edf61601c41f64367c8a384c4cfda
https://conda.anaconda.org/conda-forge/noarch/colorama-0.4.3-py_0.tar.bz2#9cf68a6826504feedbfd646bc4d1ca14
https://conda.anaconda.org/conda-forge/noarch/decorator-4.4.2-py_0.tar.bz2#d2eabb9cabd212e1ec6a9463bd846243
https://conda.anaconda.org/conda-forge/noarch/defusedxml-0.6.0-py_0.tar.bz2#37e1033daee0e2edaa5ff42584c52b21
https://conda.anaconda.org/conda-forge/noarch/idna-2.10-pyh9f0ad1d_0.tar.bz2#f95a12b4f435aae6680fe55ae2eb1b06
https://conda.anaconda.org/conda-forge/win-64/ipython_genutils-0.2.0-py36_0.tar.bz2#7c0917d47b84d70c1da17ed71747c590
https://conda.anaconda.org/conda-forge/noarch/json5-0.9.4-pyh9f0ad1d_0.tar.bz2#075494d3f4e4466f8dba14d68e100bef
https://conda.anaconda.org/msys2/win-64/m2w64-gcc-libgfortran-5.3.0-6.tar.bz2#de1b7f7c8221028f6bbe103df4c53bed
https://conda.anaconda.org/conda-forge/win-64/pandocfilters-1.4.2-py36_0.tar.bz2#e6942f055a10c5ee4255836876f0dead
https://conda.anaconda.org/conda-forge/noarch/parso-0.7.1-pyh9f0ad1d_0.tar.bz2#f66647d1ec805566d72ac26f62b19c01
https://conda.anaconda.org/conda-forge/noarch/pkginfo-1.5.0.1-py_0.tar.bz2#4bdd776f2eb65244c27c5f61638a507c
https://conda.anaconda.org/conda-forge/noarch/prometheus_client-0.8.0-pyh9f0ad1d_0.tar.bz2#0409863e03d2abb75d9b91b903697ed0
https://conda.anaconda.org/conda-forge/noarch/pycparser-2.20-pyh9f0ad1d_2.tar.bz2#aa798d50ffd182a0f6f31478c7f434f6
https://conda.anaconda.org/conda-forge/noarch/pyparsing-2.4.7-pyh9f0ad1d_0.tar.bz2#626c4f20d5bf06dcec9cf2eaa31725c7
https://conda.anaconda.org/conda-forge/win-64/python_abi-3.6-1_cp36m.tar.bz2#ab04861320c595149064323a65c03098
https://conda.anaconda.org/conda-forge/win-64/pywin32-227-py36hfa6e2cd_0.tar.bz2#9291abe56eb63e111f3d8c2c836c42e8
https://conda.anaconda.org/conda-forge/noarch/rfc3986-1.4.0-pyh9f0ad1d_0.tar.bz2#4dd11e722e5a29afc55e5d7f15782130
https://conda.anaconda.org/conda-forge/noarch/robotframework-3.2.2-pyh9f0ad1d_0.tar.bz2#1faf44d9a76019b0a3da4d02dead93ec
https://conda.anaconda.org/conda-forge/noarch/send2trash-1.5.0-py_0.tar.bz2#c3779037a635e1150f1c53c28b875949
https://conda.anaconda.org/conda-forge/noarch/six-1.15.0-pyh9f0ad1d_0.tar.bz2#1eec421f0f1f39e579e44e4a5ce646a2
https://conda.anaconda.org/conda-forge/noarch/testpath-0.4.4-py_0.tar.bz2#3b98fff4d5342bebde2ecaa314f796f9
https://conda.anaconda.org/conda-forge/win-64/tornado-6.0.4-py36hfa6e2cd_0.tar.bz2#9180750abf2edf8fc251254e4aee4292
https://conda.anaconda.org/conda-forge/noarch/tqdm-4.48.2-pyh9f0ad1d_0.tar.bz2#60a62ffca74a1f2f6e5b0767760c50bc
https://conda.anaconda.org/conda-forge/win-64/webencodings-0.5.1-py36_0.tar.bz2#101c444711dff0ea867743b52d2393db
https://conda.anaconda.org/conda-forge/noarch/wheel-0.35.1-pyh9f0ad1d_0.tar.bz2#126827869be32f21872a2b30ebe2b038
https://conda.anaconda.org/conda-forge/win-64/win_inet_pton-1.1.0-py36_0.tar.bz2#c338988594da74f906117479d0dc4ba9
https://conda.anaconda.org/conda-forge/win-64/wincertstore-0.2-py36_1003.tar.bz2#ac45a1216c3355ef171b1cda8daea6b9
https://conda.anaconda.org/conda-forge/win-64/zeromq-4.3.2-ha925a31_3.tar.bz2#a8e877ff5c7df5a2f140c80161cb41b1
https://conda.anaconda.org/conda-forge/noarch/zipp-3.1.0-py_0.tar.bz2#61948e426a3a3ec1fa7c90a44c2585d1
https://conda.anaconda.org/conda-forge/win-64/certifi-2020.6.20-py36h9f0ad1d_0.tar.bz2#16165361e61fa38f35eccc4082aecf52
https://conda.anaconda.org/conda-forge/win-64/cffi-1.14.1-py36hef61171_0.tar.bz2#8fbba0ea6ecf80afd58912a6e8856a6c
https://conda.anaconda.org/conda-forge/win-64/chardet-3.0.4-py36h9f0ad1d_1006.tar.bz2#5133a0fed9851d9fc4de77388bd8860a
https://conda.anaconda.org/conda-forge/win-64/docutils-0.16-py36h9f0ad1d_1.tar.bz2#9757736fcbc3b4e2286e3e96e207bf78
https://conda.anaconda.org/conda-forge/win-64/entrypoints-0.3-py36h9f0ad1d_1001.tar.bz2#7239ab16a2574828390619d1bbc03d46
https://conda.anaconda.org/conda-forge/win-64/future-0.18.2-py36h9f0ad1d_1.tar.bz2#be6bdea64df35e325aa67a8e81c3eaa4
https://conda.anaconda.org/conda-forge/win-64/importlib-metadata-1.7.0-py36h9f0ad1d_0.tar.bz2#b12eb6f9df3b3bfe06e6c1dcae248b6c
https://conda.anaconda.org/conda-forge/win-64/jedi-0.17.2-py36h9f0ad1d_0.tar.bz2#c669bced12b43200eeb80742c3893f6e
https://conda.anaconda.org/msys2/win-64/m2w64-gcc-libs-5.3.0-7.tar.bz2#0b9caac6747002340b057a222af705b2
https://conda.anaconda.org/conda-forge/win-64/markupsafe-1.1.1-py36h68a101e_1.tar.bz2#620c7c8a1d9d794a1aa4fb0c78e583e2
https://conda.anaconda.org/conda-forge/win-64/mistune-0.8.4-py36h68a101e_1001.tar.bz2#46752da0394b1a12abd08e508ab02b6e
https://conda.anaconda.org/conda-forge/noarch/packaging-20.4-pyh9f0ad1d_0.tar.bz2#6d160f7346ac815500b5475d9a0f88a9
https://conda.anaconda.org/conda-forge/win-64/pickleshare-0.7.5-py36h9f0ad1d_1001.tar.bz2#5e2cb4f298d7301f5460b25506dec63b
https://conda.anaconda.org/conda-forge/win-64/pyrsistent-0.16.0-py36h68a101e_0.tar.bz2#dbab63a3303c97f2b2182a19428018ba
https://conda.anaconda.org/conda-forge/win-64/pysocks-1.7.1-py36h9f0ad1d_1.tar.bz2#eea31910565b1c8bfad8c7b9d8fc1d4b
https://conda.anaconda.org/conda-forge/noarch/python-dateutil-2.8.1-py_0.tar.bz2#0d0150ed9c2d25817f5324108d3f7571
https://conda.anaconda.org/conda-forge/win-64/pywin32-ctypes-0.2.0-py36h9f0ad1d_1001.tar.bz2#d53db4693996dcb9d1ed4af72b860eac
https://conda.anaconda.org/conda-forge/win-64/pyzmq-19.0.2-py36h274d426_0.tar.bz2#830c3bf61b4522003098b58ccd120244
https://conda.anaconda.org/conda-forge/noarch/robotframework-pythonlibcore-2.1.0-py_0.tar.bz2#de381ef42de5c25524f5c43cd487a999
https://conda.anaconda.org/conda-forge/win-64/traitlets-4.3.3-py36h9f0ad1d_1.tar.bz2#af03bfeb2e66a71f3830d68a56695bd6
https://conda.anaconda.org/conda-forge/win-64/argon2-cffi-20.1.0-py36h779f372_1.tar.bz2#14f8469b6ea78f1f013a9ceea2fd8e08
https://conda.anaconda.org/conda-forge/win-64/brotlipy-0.7.0-py36hfa6e2cd_1000.tar.bz2#ef1e9bcb17b2d2c7c848f7626c706e02
https://conda.anaconda.org/conda-forge/win-64/cmarkgfm-0.4.2-py36hfa6e2cd_2.tar.bz2#8e15ba34d205b8de4f9d2841026f04bf
https://conda.anaconda.org/conda-forge/win-64/cryptography-3.1-py36hef61171_0.tar.bz2#e71b6a76eefdffa6437bbe7e47b4cc32
https://conda.anaconda.org/conda-forge/noarch/importlib_metadata-1.7.0-0.tar.bz2#3e6503b25200f60149cce699a47cf09e
https://conda.anaconda.org/conda-forge/win-64/jupyter_core-4.6.3-py36h9f0ad1d_1.tar.bz2#e1e9f170c4ff79ed126ed1c938ce3554
https://conda.anaconda.org/conda-forge/win-64/pywinpty-0.5.7-py36_0.tar.bz2#d2d64f396214a76d61345896a0101a19
https://conda.anaconda.org/conda-forge/win-64/setuptools-49.6.0-py36h9f0ad1d_0.tar.bz2#2e5f73f26a931bbdd28e5b674876ed22
https://conda.anaconda.org/conda-forge/noarch/backports.functools_lru_cache-1.6.1-py_0.tar.bz2#d36df15eaef96549ce6231e3088fba54
https://conda.anaconda.org/conda-forge/noarch/bleach-3.1.5-pyh9f0ad1d_0.tar.bz2#fdd3428764b35bd251798db254a9bdea
https://conda.anaconda.org/conda-forge/noarch/jinja2-2.11.2-pyh9f0ad1d_0.tar.bz2#e8a5d614d1a27bdba00059ca062a0551
https://conda.anaconda.org/conda-forge/win-64/jsonschema-3.2.0-py36h9f0ad1d_1.tar.bz2#4dfe69fb8ad8543e4654ea881f19c8e8
https://conda.anaconda.org/conda-forge/noarch/jupyter_client-6.1.7-py_0.tar.bz2#bcaa486602c05413da0808b82898f60a
https://conda.anaconda.org/conda-forge/win-64/keyring-21.4.0-py36h9f0ad1d_0.tar.bz2#1aa071eab398a4c56cddda989c4db2a4
https://conda.anaconda.org/conda-forge/noarch/pip-20.2.2-py_0.tar.bz2#57798ba6160d1d07af733d98a7239d90
https://conda.anaconda.org/conda-forge/noarch/pygments-2.6.1-py_0.tar.bz2#37736a64e169c430eac98a46ddc1ac4a
https://conda.anaconda.org/conda-forge/win-64/pyopenssl-19.1.0-py36_0.tar.bz2#d1a2017da88d0fc01723f4af5d90d3d8
https://conda.anaconda.org/conda-forge/win-64/terminado-0.8.3-py36h9f0ad1d_1.tar.bz2#66e3ef329c0197db02dc51c5c10924aa
https://conda.anaconda.org/conda-forge/noarch/nbformat-5.0.7-py_0.tar.bz2#7f9984ee165126ac09d9eb678052783d
https://conda.anaconda.org/conda-forge/noarch/readme_renderer-24.0-pyh9f0ad1d_0.tar.bz2#8b8301b19bafd23c69375befa10c2149
https://conda.anaconda.org/conda-forge/noarch/urllib3-1.25.10-py_0.tar.bz2#82cde2a532177697e42a090add881db8
https://conda.anaconda.org/conda-forge/noarch/wcwidth-0.2.5-pyh9f0ad1d_1.tar.bz2#ac581f74f00d4d9f5acec2449f310e70
https://conda.anaconda.org/conda-forge/win-64/nbconvert-5.6.1-py36h9f0ad1d_1.tar.bz2#f66e52079ac736bc549bb691607502f7
https://conda.anaconda.org/conda-forge/noarch/prompt-toolkit-3.0.7-py_0.tar.bz2#32341741e1d778b2c54bb42191cf8571
https://conda.anaconda.org/conda-forge/noarch/requests-2.24.0-pyh9f0ad1d_0.tar.bz2#786ef230ca5cf2536e9dee910fdf4f9f
https://conda.anaconda.org/conda-forge/win-64/selenium-3.141.0-py36h68a101e_1001.tar.bz2#fd6cfac2952587674493aeea891717d5
https://conda.anaconda.org/conda-forge/win-64/ipython-7.16.1-py36h95af2a2_0.tar.bz2#743e1217aa3f9fac323e18f1a55f934f
https://conda.anaconda.org/conda-forge/noarch/requests-toolbelt-0.9.1-py_0.tar.bz2#402668adee8fcba9a9c265cdc2a88f5a
https://conda.anaconda.org/conda-forge/noarch/robotframework-seleniumlibrary-4.5.0-pyh9f0ad1d_0.tar.bz2#032239f822b29aef45cc4579ae86d031
https://conda.anaconda.org/conda-forge/win-64/ipykernel-5.3.4-py36h5ca1d4c_0.tar.bz2#283a8b05a52c10e8293c56b49722a656
https://conda.anaconda.org/conda-forge/win-64/twine-3.2.0-py36h9f0ad1d_0.tar.bz2#98c9f328c34d6ec2d5ded38676640a82
https://conda.anaconda.org/conda-forge/win-64/notebook-6.1.3-py36h9f0ad1d_0.tar.bz2#76c0c992052b7933c2b64b05a4fa1730
https://conda.anaconda.org/conda-forge/noarch/jupyterlab_server-1.2.0-py_0.tar.bz2#77d654573f19a836b326fb77ffd86860
https://conda.anaconda.org/conda-forge/noarch/jupyterlab-2.2.6-py_0.tar.bz2#07f24b28076e59d142f848fe2c1b4ec4
