# platform: win-64
# env_hash: 2ef2646d3609bd61488381c46fadc5e94d7d2d1d8794b7161ba73c464a84b6de
@EXPLICIT
https://conda.anaconda.org/conda-forge/win-64/ca-certificates-2020.6.20-hecda079_0.tar.bz2#942ac2555f1e5d2c43391234a745449e
https://conda.anaconda.org/msys2/win-64/msys2-conda-epoch-20160418-1.tar.bz2#6eaef3074f65f715ed1ca6b8a08be3aa
https://conda.anaconda.org/conda-forge/win-64/pandoc-2.10.1-he774522_0.tar.bz2#e8573e5a44209ff83fff5cdf04a793ad
https://conda.anaconda.org/conda-forge/win-64/vs2015_runtime-14.16.27012-h30e32a0_2.tar.bz2#37a0bcc72c5e97f5602dca37eb3f8314
https://conda.anaconda.org/conda-forge/win-64/winpty-0.4.3-4.tar.bz2#1cee351bf20b830d991dbe0bc8cd7dfe
https://conda.anaconda.org/msys2/win-64/m2w64-gmp-6.1.0-2.tar.bz2#fec04371463ec68eb8f5752a22c5b030
https://conda.anaconda.org/msys2/win-64/m2w64-libwinpthread-git-5.0.0.4634.697f757-2.tar.bz2#67e61e700eb27424979778fae9293f13
https://conda.anaconda.org/conda-forge/win-64/vc-14.1-h869be7e_1.tar.bz2#4fae57303daa91367eca263374e4a638
https://conda.anaconda.org/conda-forge/win-64/firefox-78.2.0esr-ha925a31_0.tar.bz2#a553dd89078d997abe78315f76d67c86
https://conda.anaconda.org/conda-forge/win-64/geckodriver-0.27.0-h33f27b4_0.tar.bz2#e795207bad71f429dd10dce3d205503e
https://conda.anaconda.org/conda-forge/win-64/libsodium-1.0.17-h2fa13f4_0.tar.bz2#c28ec9df95aa8f80fe77141c7d8ac633
https://conda.anaconda.org/msys2/win-64/m2w64-gcc-libs-core-5.3.0-7.tar.bz2#276d396bfe8d958f71173b7134f739fa
https://conda.anaconda.org/conda-forge/win-64/openssl-1.1.1g-he774522_1.tar.bz2#68c579bdc9f74f5b41b3155ea0b9bc8a
https://conda.anaconda.org/conda-forge/win-64/sqlite-3.33.0-he774522_0.tar.bz2#140a77a0a4634472a2e1563ef51b902f
https://conda.anaconda.org/msys2/win-64/m2w64-gcc-libgfortran-5.3.0-6.tar.bz2#de1b7f7c8221028f6bbe103df4c53bed
https://conda.anaconda.org/conda-forge/win-64/python-3.8.5-h60c2a47_7_cpython.tar.bz2#38ab0f969c3d7e245a010bf6ffe7af4b
https://conda.anaconda.org/conda-forge/win-64/zeromq-4.3.2-ha925a31_3.tar.bz2#a8e877ff5c7df5a2f140c80161cb41b1
https://conda.anaconda.org/conda-forge/noarch/attrs-20.2.0-pyh9f0ad1d_0.tar.bz2#72fe75fed07fe89d6ef02034bf1e94a5
https://conda.anaconda.org/conda-forge/noarch/backcall-0.2.0-pyh9f0ad1d_0.tar.bz2#6006a6d08a3fa99268a2681c7fb55213
https://conda.anaconda.org/conda-forge/noarch/backports-1.0-py_2.tar.bz2#0da16b293affa6ac31812376f8eb79dd
https://conda.anaconda.org/conda-forge/noarch/colorama-0.4.3-py_0.tar.bz2#9cf68a6826504feedbfd646bc4d1ca14
https://conda.anaconda.org/conda-forge/noarch/decorator-4.4.2-py_0.tar.bz2#d2eabb9cabd212e1ec6a9463bd846243
https://conda.anaconda.org/conda-forge/noarch/defusedxml-0.6.0-py_0.tar.bz2#37e1033daee0e2edaa5ff42584c52b21
https://conda.anaconda.org/conda-forge/noarch/idna-2.10-pyh9f0ad1d_0.tar.bz2#f95a12b4f435aae6680fe55ae2eb1b06
https://conda.anaconda.org/conda-forge/noarch/ipython_genutils-0.2.0-py_1.tar.bz2#5071c982548b3a20caf70462f04f5287
https://conda.anaconda.org/conda-forge/noarch/json5-0.9.4-pyh9f0ad1d_0.tar.bz2#075494d3f4e4466f8dba14d68e100bef
https://conda.anaconda.org/msys2/win-64/m2w64-gcc-libs-5.3.0-7.tar.bz2#0b9caac6747002340b057a222af705b2
https://conda.anaconda.org/conda-forge/noarch/pandocfilters-1.4.2-py_1.tar.bz2#ba6f4a308f1ea22abe1d72e72544af76
https://conda.anaconda.org/conda-forge/noarch/parso-0.7.1-pyh9f0ad1d_0.tar.bz2#f66647d1ec805566d72ac26f62b19c01
https://conda.anaconda.org/conda-forge/noarch/pkginfo-1.5.0.1-py_0.tar.bz2#4bdd776f2eb65244c27c5f61638a507c
https://conda.anaconda.org/conda-forge/noarch/prometheus_client-0.8.0-pyh9f0ad1d_0.tar.bz2#0409863e03d2abb75d9b91b903697ed0
https://conda.anaconda.org/conda-forge/noarch/pycparser-2.20-pyh9f0ad1d_2.tar.bz2#aa798d50ffd182a0f6f31478c7f434f6
https://conda.anaconda.org/conda-forge/noarch/pyparsing-2.4.7-pyh9f0ad1d_0.tar.bz2#626c4f20d5bf06dcec9cf2eaa31725c7
https://conda.anaconda.org/conda-forge/win-64/python_abi-3.8-1_cp38.tar.bz2#18ced0580562dca07ae039050748cc50
https://conda.anaconda.org/conda-forge/win-64/pywin32-227-py38hfa6e2cd_0.tar.bz2#ab74a91c8c4b210d734a44e722bf64b5
https://conda.anaconda.org/conda-forge/noarch/rfc3986-1.4.0-pyh9f0ad1d_0.tar.bz2#4dd11e722e5a29afc55e5d7f15782130
https://conda.anaconda.org/conda-forge/noarch/robotframework-3.2.2-pyh9f0ad1d_0.tar.bz2#1faf44d9a76019b0a3da4d02dead93ec
https://conda.anaconda.org/conda-forge/noarch/send2trash-1.5.0-py_0.tar.bz2#c3779037a635e1150f1c53c28b875949
https://conda.anaconda.org/conda-forge/noarch/six-1.15.0-pyh9f0ad1d_0.tar.bz2#1eec421f0f1f39e579e44e4a5ce646a2
https://conda.anaconda.org/conda-forge/noarch/testpath-0.4.4-py_0.tar.bz2#3b98fff4d5342bebde2ecaa314f796f9
https://conda.anaconda.org/conda-forge/win-64/tornado-6.0.4-py38hfa6e2cd_0.tar.bz2#ce00e04332afcfbaa63ff0f0d8d80239
https://conda.anaconda.org/conda-forge/noarch/tqdm-4.48.2-pyh9f0ad1d_0.tar.bz2#60a62ffca74a1f2f6e5b0767760c50bc
https://conda.anaconda.org/conda-forge/noarch/webencodings-0.5.1-py_1.tar.bz2#3563be4c5611a44210d9ba0c16113136
https://conda.anaconda.org/conda-forge/noarch/wheel-0.35.1-pyh9f0ad1d_0.tar.bz2#126827869be32f21872a2b30ebe2b038
https://conda.anaconda.org/conda-forge/win-64/win_inet_pton-1.1.0-py38_0.tar.bz2#e7fba12ddb314b197deb6bd3fac96022
https://conda.anaconda.org/conda-forge/win-64/wincertstore-0.2-py38_1003.tar.bz2#121788810b4fd722fea7689e5e89e552
https://conda.anaconda.org/conda-forge/noarch/zipp-3.1.0-py_0.tar.bz2#61948e426a3a3ec1fa7c90a44c2585d1
https://conda.anaconda.org/conda-forge/win-64/certifi-2020.6.20-py38h32f6830_0.tar.bz2#41a255ff16ca606fddde98656a8fc978
https://conda.anaconda.org/conda-forge/win-64/cffi-1.14.1-py38hba49e27_0.tar.bz2#9b6ffe6576bff4faec49c2a0f1acd1e2
https://conda.anaconda.org/conda-forge/win-64/chardet-3.0.4-py38h32f6830_1006.tar.bz2#077df2b4e7a47fd2f9d91f9786b86bd3
https://conda.anaconda.org/conda-forge/win-64/docutils-0.16-py38h32f6830_1.tar.bz2#2757db31ca630977b64e5033444b5a78
https://conda.anaconda.org/conda-forge/win-64/entrypoints-0.3-py38h32f6830_1001.tar.bz2#501821704929125cf6dce5e1f78e2d31
https://conda.anaconda.org/conda-forge/win-64/future-0.18.2-py38h32f6830_1.tar.bz2#895f92ec9e6080be682b297a26aabe37
https://conda.anaconda.org/conda-forge/win-64/importlib-metadata-1.7.0-py38h32f6830_0.tar.bz2#7c1a9f229529911d9a8e0d88885a41f8
https://conda.anaconda.org/conda-forge/win-64/jedi-0.17.2-py38h32f6830_0.tar.bz2#90270a83808e4f69eba970219019f4f4
https://conda.anaconda.org/conda-forge/win-64/markupsafe-1.1.1-py38h9de7a3e_1.tar.bz2#797a6619fa15a1632bf123fe15c38942
https://conda.anaconda.org/conda-forge/win-64/mistune-0.8.4-py38h9de7a3e_1001.tar.bz2#bc5cf8329c935ba26ddd24b1eb2c86c6
https://conda.anaconda.org/conda-forge/noarch/packaging-20.4-pyh9f0ad1d_0.tar.bz2#6d160f7346ac815500b5475d9a0f88a9
https://conda.anaconda.org/conda-forge/win-64/pickleshare-0.7.5-py38h32f6830_1001.tar.bz2#dc10558245d001155e6f8543a9bfbba5
https://conda.anaconda.org/conda-forge/win-64/pyrsistent-0.16.0-py38h9de7a3e_0.tar.bz2#566757432114cd66f7ab6cb8ebf3bcdb
https://conda.anaconda.org/conda-forge/win-64/pysocks-1.7.1-py38h32f6830_1.tar.bz2#65fe2a7aac4b68cc876be3bd6a1a4fce
https://conda.anaconda.org/conda-forge/noarch/python-dateutil-2.8.1-py_0.tar.bz2#0d0150ed9c2d25817f5324108d3f7571
https://conda.anaconda.org/conda-forge/win-64/pywin32-ctypes-0.2.0-py38h32f6830_1001.tar.bz2#099d14d58e7636f5868e35e21ca4f635
https://conda.anaconda.org/conda-forge/win-64/pywinpty-0.5.7-py38_0.tar.bz2#e3804fd067ca9c7c4ae07b911f95994a
https://conda.anaconda.org/conda-forge/win-64/pyzmq-19.0.2-py38h77b9d75_0.tar.bz2#7c1de1272aec5ad96a5776e67aa9f48c
https://conda.anaconda.org/conda-forge/noarch/robotframework-pythonlibcore-2.1.0-py_0.tar.bz2#de381ef42de5c25524f5c43cd487a999
https://conda.anaconda.org/conda-forge/noarch/traitlets-5.0.4-py_0.tar.bz2#c75376bed2140d3851e6081450513059
https://conda.anaconda.org/conda-forge/win-64/argon2-cffi-20.1.0-py38h1e8a9f7_1.tar.bz2#33b8a7bb4f4bad4ab35e45d41cd967e2
https://conda.anaconda.org/conda-forge/win-64/brotlipy-0.7.0-py38hfa6e2cd_1000.tar.bz2#2bdf3af68e4733e9922fd53b49c80baf
https://conda.anaconda.org/conda-forge/win-64/cmarkgfm-0.4.2-py38hfa6e2cd_2.tar.bz2#0beb4337ca061810e7256ff7cfd1f5bf
https://conda.anaconda.org/conda-forge/win-64/cryptography-3.1-py38hba49e27_0.tar.bz2#1927a0ab3caef0e46f10372628df4f39
https://conda.anaconda.org/conda-forge/noarch/importlib_metadata-1.7.0-0.tar.bz2#3e6503b25200f60149cce699a47cf09e
https://conda.anaconda.org/conda-forge/win-64/jupyter_core-4.6.3-py38h32f6830_1.tar.bz2#8cd14d7b36f0b011db9d78cc231f214b
https://conda.anaconda.org/conda-forge/win-64/keyring-21.4.0-py38h32f6830_0.tar.bz2#fdd1ef2122ada01d8be93b1a3bcb79ec
https://conda.anaconda.org/conda-forge/win-64/setuptools-49.6.0-py38h32f6830_0.tar.bz2#831becf6cdcd684f029c90933da18186
https://conda.anaconda.org/conda-forge/win-64/terminado-0.8.3-py38h32f6830_1.tar.bz2#da0bcb0ef428f741cd5a1a803f5d9c99
https://conda.anaconda.org/conda-forge/noarch/backports.functools_lru_cache-1.6.1-py_0.tar.bz2#d36df15eaef96549ce6231e3088fba54
https://conda.anaconda.org/conda-forge/noarch/bleach-3.1.5-pyh9f0ad1d_0.tar.bz2#fdd3428764b35bd251798db254a9bdea
https://conda.anaconda.org/conda-forge/noarch/jinja2-2.11.2-pyh9f0ad1d_0.tar.bz2#e8a5d614d1a27bdba00059ca062a0551
https://conda.anaconda.org/conda-forge/win-64/jsonschema-3.2.0-py38h32f6830_1.tar.bz2#b83ae2d41bc9bf8570a5d976904bbe35
https://conda.anaconda.org/conda-forge/noarch/jupyter_client-6.1.7-py_0.tar.bz2#bcaa486602c05413da0808b82898f60a
https://conda.anaconda.org/conda-forge/noarch/pip-20.2.2-py_0.tar.bz2#57798ba6160d1d07af733d98a7239d90
https://conda.anaconda.org/conda-forge/noarch/pygments-2.6.1-py_0.tar.bz2#37736a64e169c430eac98a46ddc1ac4a
https://conda.anaconda.org/conda-forge/win-64/pyopenssl-19.1.0-py38_0.tar.bz2#d15fe1e41378deeaeccfa23d535322ea
https://conda.anaconda.org/conda-forge/noarch/nbformat-5.0.7-py_0.tar.bz2#7f9984ee165126ac09d9eb678052783d
https://conda.anaconda.org/conda-forge/noarch/readme_renderer-24.0-pyh9f0ad1d_0.tar.bz2#8b8301b19bafd23c69375befa10c2149
https://conda.anaconda.org/conda-forge/noarch/urllib3-1.25.10-py_0.tar.bz2#82cde2a532177697e42a090add881db8
https://conda.anaconda.org/conda-forge/noarch/wcwidth-0.2.5-pyh9f0ad1d_1.tar.bz2#ac581f74f00d4d9f5acec2449f310e70
https://conda.anaconda.org/conda-forge/win-64/nbconvert-5.6.1-py38h32f6830_1.tar.bz2#c3c7fb47e1852659c16abb8862e718e9
https://conda.anaconda.org/conda-forge/noarch/prompt-toolkit-3.0.7-py_0.tar.bz2#32341741e1d778b2c54bb42191cf8571
https://conda.anaconda.org/conda-forge/noarch/requests-2.24.0-pyh9f0ad1d_0.tar.bz2#786ef230ca5cf2536e9dee910fdf4f9f
https://conda.anaconda.org/conda-forge/win-64/selenium-3.141.0-py38h9de7a3e_1001.tar.bz2#faae48837ae26b7ac120460cc5294dec
https://conda.anaconda.org/conda-forge/win-64/ipython-7.18.1-py38h1cdfbd6_0.tar.bz2#360f801d915483c1af0f38b58396c032
https://conda.anaconda.org/conda-forge/noarch/requests-toolbelt-0.9.1-py_0.tar.bz2#402668adee8fcba9a9c265cdc2a88f5a
https://conda.anaconda.org/conda-forge/noarch/robotframework-seleniumlibrary-4.5.0-pyh9f0ad1d_0.tar.bz2#032239f822b29aef45cc4579ae86d031
https://conda.anaconda.org/conda-forge/win-64/ipykernel-5.3.4-py38h5ca1d4c_0.tar.bz2#5eab1283cb23ca35ec6c9f7c11b389b6
https://conda.anaconda.org/conda-forge/win-64/twine-3.2.0-py38h32f6830_0.tar.bz2#9771d63277ec47e02ec559c308e59d78
https://conda.anaconda.org/conda-forge/win-64/notebook-6.1.3-py38h32f6830_0.tar.bz2#43073f3f53042e67c033ab47b3e55680
https://conda.anaconda.org/conda-forge/noarch/jupyterlab_server-1.2.0-py_0.tar.bz2#77d654573f19a836b326fb77ffd86860
https://conda.anaconda.org/conda-forge/noarch/jupyterlab-2.2.6-py_0.tar.bz2#07f24b28076e59d142f848fe2c1b4ec4
