# Generated by conda-lock.
# platform: win-64
# input_hash: 6df5275d2f8b6b21a25a9ace142ab0c661f9d43ca680e0b372039e70134b93e3
@EXPLICIT
https://conda.anaconda.org/conda-forge/win-64/ca-certificates-2021.10.8-h5b45459_0.tar.bz2#2ddd48c9b52f7f65361b9645b2c5d370
https://conda.anaconda.org/conda-forge/win-64/nodejs-16.13.0-h57928b3_2.tar.bz2#52092a94058cbbc6728b23d3eb30492c
https://conda.anaconda.org/conda-forge/win-64/ucrt-10.0.20348.0-h57928b3_0.tar.bz2#6d666b6ea8251231ff508062d1e41f9c
https://conda.anaconda.org/conda-forge/win-64/vs2015_runtime-14.29.30037-h902a5da_5.tar.bz2#9d806b41066c34981a5da22bfeffd8e8
https://conda.anaconda.org/conda-forge/win-64/yarn-1.22.17-h57928b3_0.tar.bz2#21d294df08d646410e0643b2335a1a99
https://conda.anaconda.org/conda-forge/win-64/vc-14.2-hb210afc_5.tar.bz2#ee42529d57c3b455d9fec61e912aa2a6
https://conda.anaconda.org/conda-forge/win-64/openssl-1.1.1l-h8ffe710_0.tar.bz2#07747b2557a7f795585b118bb4f186de
https://conda.anaconda.org/conda-forge/win-64/sqlite-3.37.0-h8ffe710_0.tar.bz2#cc2d704449f994c1aa422a5a1cd8a64e
https://conda.anaconda.org/conda-forge/win-64/yaml-0.2.5-he774522_0.tar.bz2#d41c34441d8bbb6d141e691ae7bccf35
https://conda.anaconda.org/conda-forge/win-64/python-3.8.12-h7840368_2_cpython.tar.bz2#637b321f2e32793cf289061714671f3c
https://conda.anaconda.org/conda-forge/noarch/cloudpickle-2.0.0-pyhd8ed1ab_0.tar.bz2#3a8fc8b627d5fb6af827e126a10a86c6
https://conda.anaconda.org/conda-forge/noarch/colorama-0.4.4-pyh9f0ad1d_0.tar.bz2#c08b4c1326b880ed44f3ffb04803332f
https://conda.anaconda.org/conda-forge/noarch/dataclasses-0.8-pyhc8e2a94_3.tar.bz2#a362b2124b06aad102e2ee4581acee7d
https://conda.anaconda.org/conda-forge/noarch/idna-3.1-pyhd3deb0d_0.tar.bz2#9c9aea4b8391264477df484f798562d0
https://conda.anaconda.org/conda-forge/noarch/mccabe-0.6.1-py_1.tar.bz2#a326cb400c1ccd91789f3e7d02124d61
https://conda.anaconda.org/conda-forge/noarch/pathspec-0.9.0-pyhd8ed1ab_0.tar.bz2#f93dc0ccbc0a8472624165f6e256c7d1
https://conda.anaconda.org/conda-forge/noarch/platformdirs-2.3.0-pyhd8ed1ab_0.tar.bz2#7bc119135be2a43e1701432399d8c28a
https://conda.anaconda.org/conda-forge/noarch/pycodestyle-2.8.0-pyhd8ed1ab_0.tar.bz2#f2532eee272d45b1283ea4869d71f044
https://conda.anaconda.org/conda-forge/noarch/pycparser-2.21-pyhd8ed1ab_0.tar.bz2#076becd9e05608f8dc72757d5f3a91ff
https://conda.anaconda.org/conda-forge/noarch/pyflakes-2.4.0-pyhd8ed1ab_0.tar.bz2#1aa3ecd37d0694e2ea5fef48da75371e
https://conda.anaconda.org/conda-forge/win-64/python_abi-3.8-2_cp38.tar.bz2#80b95487563108d4cf92ff6384050751
https://conda.anaconda.org/conda-forge/noarch/robotframework-4.1.3-pyhd8ed1ab_0.tar.bz2#e20ca74470432b2c47306d796c997992
https://conda.anaconda.org/conda-forge/noarch/six-1.16.0-pyh6c4a22f_0.tar.bz2#e5f25f8dbc060e9a8d912e432202afc2
https://conda.anaconda.org/conda-forge/noarch/toml-0.10.2-pyhd8ed1ab_0.tar.bz2#f832c45a477c78bebd107098db465095
https://conda.anaconda.org/conda-forge/noarch/tomli-1.2.2-pyhd8ed1ab_0.tar.bz2#1c8a2f9ea18c267414e244cee668cd00
https://conda.anaconda.org/conda-forge/noarch/typing_extensions-4.0.1-pyha770c72_0.tar.bz2#1fc03816925d3cb7fdab9ab234e7fea7
https://conda.anaconda.org/conda-forge/noarch/wheel-0.37.0-pyhd8ed1ab_1.tar.bz2#3aa2c3e25dd361b453d010388b9cdff1
https://conda.anaconda.org/conda-forge/noarch/zipp-3.6.0-pyhd8ed1ab_0.tar.bz2#855e2c4622f5eb50a4f6f7167b9ba17a
https://conda.anaconda.org/conda-forge/win-64/certifi-2021.10.8-py38haa244fe_1.tar.bz2#0e59c8bd41496c8fae9e4a523257b355
https://conda.anaconda.org/conda-forge/win-64/cffi-1.15.0-py38hd8c33c5_0.tar.bz2#b6a0fcd49b88b2fef6892785c8e33092
https://conda.anaconda.org/conda-forge/win-64/click-8.0.3-py38haa244fe_1.tar.bz2#000500d989c72be7246462c8757855a3
https://conda.anaconda.org/conda-forge/win-64/doit-0.34.0-py38haa244fe_0.tar.bz2#fdc872622a96f759e3fd5e1615408d2f
https://conda.anaconda.org/conda-forge/win-64/importlib-metadata-4.2.0-py38haa244fe_0.tar.bz2#ee16799414ee008f935b75f16d18a34f
https://conda.anaconda.org/conda-forge/win-64/mypy_extensions-0.4.3-py38haa244fe_4.tar.bz2#03da001eca6d0e9e17c969b476a45c41
https://conda.anaconda.org/conda-forge/win-64/pyyaml-6.0-py38h294d835_3.tar.bz2#c2fd09f6226a547516a3553d493ad9fd
https://conda.anaconda.org/conda-forge/noarch/robotframework-pythonlibcore-3.0.0-pyhd8ed1ab_0.tar.bz2#5651c801936eed0acac65983bf87f9e4
https://conda.anaconda.org/conda-forge/noarch/robotframework-robocop-1.12.0-pyhd8ed1ab_0.tar.bz2#37e6dad59a24e6d7ff64a533c4135f57
https://conda.anaconda.org/conda-forge/win-64/setuptools-60.0.3-py38haa244fe_0.tar.bz2#602212a36a46fc8766ddae8308bcd63b
https://conda.anaconda.org/conda-forge/win-64/typed-ast-1.5.1-py38h294d835_0.tar.bz2#80e906de7bb12a8cff8dddd3c85bcd3f
https://conda.anaconda.org/conda-forge/win-64/win_inet_pton-1.1.0-py38haa244fe_3.tar.bz2#ff0ad7b1ce9fefab52aeaba6e025dad2
https://conda.anaconda.org/conda-forge/noarch/black-21.12b0-pyhd8ed1ab_0.tar.bz2#a027de51692086f51b9e17735480bebf
https://conda.anaconda.org/conda-forge/win-64/brotlipy-0.7.0-py38h294d835_1003.tar.bz2#8976431e2832766c755183809caec30c
https://conda.anaconda.org/conda-forge/win-64/cryptography-36.0.1-py38hb7941b4_0.tar.bz2#76f5b47594d1270dfbd809f9cc5b33fe
https://conda.anaconda.org/conda-forge/noarch/flake8-4.0.1-pyhd8ed1ab_1.tar.bz2#ebcd260142f408f587dafc01170a32f2
https://conda.anaconda.org/conda-forge/win-64/isort-4.3.21-py38h32f6830_1.tar.bz2#2cba5a24528e0389e31d0e321817f416
https://conda.anaconda.org/conda-forge/noarch/pip-21.3.1-pyhd8ed1ab_0.tar.bz2#e4fe2a9af78ff11f1aced7e62128c6a8
https://conda.anaconda.org/conda-forge/win-64/pysocks-1.7.1-py38haa244fe_4.tar.bz2#e72c5f837deb911ede2f710db7a5e52d
https://conda.anaconda.org/conda-forge/noarch/robotframework-tidy-1.6.2-pyhd8ed1ab_0.tar.bz2#ade65e65537bac5dcc9cfb16e460550f
https://conda.anaconda.org/conda-forge/noarch/pyopenssl-21.0.0-pyhd8ed1ab_0.tar.bz2#8c49efecb7dca466e18b06015e8c88ce
https://conda.anaconda.org/conda-forge/noarch/urllib3-1.26.7-pyhd8ed1ab_0.tar.bz2#be75bab4820a56f77ba1a3fc9139c36a
https://conda.anaconda.org/conda-forge/win-64/selenium-3.141.0-py38h294d835_1003.tar.bz2#c3cfb87730cfb0181a13d29e68b06bae
https://conda.anaconda.org/conda-forge/noarch/robotframework-seleniumlibrary-5.1.3-pyhd8ed1ab_0.tar.bz2#464fdfebe1a1ffb41b031d8bbfb6041f
