# platform: win-64
# env_hash: a9176c4816fa0497a0fe99609c167161c389785061e7a0439e0b7eb4efb52f9a

@EXPLICIT

https://conda.anaconda.org/conda-forge/win-64/ca-certificates-2020.11.8-h5b45459_0.tar.bz2#21fea8c142c35d2967cb0300e5056980
https://conda.anaconda.org/conda-forge/win-64/vs2015_runtime-14.16.27012-h30e32a0_2.tar.bz2#37a0bcc72c5e97f5602dca37eb3f8314
https://conda.anaconda.org/conda-forge/win-64/nodejs-14.15.1-h57928b3_0.tar.bz2#d864e5c8a3de3ccf10a5cfc841084c39
https://conda.anaconda.org/conda-forge/win-64/vc-14.1-h869be7e_1.tar.bz2#4fae57303daa91367eca263374e4a638
https://conda.anaconda.org/conda-forge/win-64/openssl-1.1.1h-he774522_0.tar.bz2#21844b16355ef8faa21fca97794d6825
https://conda.anaconda.org/conda-forge/win-64/sqlite-3.34.0-h8ffe710_0.tar.bz2#0887d420b945a5342cd03429d475658c
https://conda.anaconda.org/conda-forge/win-64/yaml-0.2.5-he774522_0.tar.bz2#d41c34441d8bbb6d141e691ae7bccf35
https://conda.anaconda.org/conda-forge/win-64/yarn-1.22.10-0.tar.bz2#4f94f281c5682908afc43f8bf531bc36
https://conda.anaconda.org/conda-forge/win-64/python-3.8.6-h7840368_1_cpython.tar.bz2#07903b905072cd232a326225aa7fe247
https://conda.anaconda.org/conda-forge/noarch/appdirs-1.4.4-pyh9f0ad1d_0.tar.bz2#5f095bc6454094e96f146491fd03633b
https://conda.anaconda.org/conda-forge/noarch/click-7.1.2-pyh9f0ad1d_0.tar.bz2#bd50a970ce07e660c319fdc4d730d3f1
https://conda.anaconda.org/conda-forge/noarch/cloudpickle-1.6.0-py_0.tar.bz2#76d764d8881719e305f6fa368dc2b65e
https://conda.anaconda.org/conda-forge/win-64/dataclasses-0.7-py38_0.tar.bz2#01e24a611001e4de5d30c8d3eb2e1ae2
https://conda.anaconda.org/conda-forge/noarch/idna-2.10-pyh9f0ad1d_0.tar.bz2#f95a12b4f435aae6680fe55ae2eb1b06
https://conda.anaconda.org/conda-forge/noarch/mccabe-0.6.1-py_1.tar.bz2#a326cb400c1ccd91789f3e7d02124d61
https://conda.anaconda.org/conda-forge/noarch/pathspec-0.8.1-pyhd3deb0d_0.tar.bz2#fcd2fbb062b55d14a77e664c89ee17a6
https://conda.anaconda.org/conda-forge/noarch/pycodestyle-2.6.0-pyh9f0ad1d_0.tar.bz2#a08d6f5a610c7194da158add79f2b018
https://conda.anaconda.org/conda-forge/noarch/pycparser-2.20-pyh9f0ad1d_2.tar.bz2#aa798d50ffd182a0f6f31478c7f434f6
https://conda.anaconda.org/conda-forge/noarch/pyflakes-2.2.0-pyh9f0ad1d_0.tar.bz2#b13f3395d2eb4a2705629127a8a8cfaa
https://conda.anaconda.org/conda-forge/win-64/python_abi-3.8-1_cp38.tar.bz2#18ced0580562dca07ae039050748cc50
https://conda.anaconda.org/conda-forge/noarch/robotframework-3.2.2-pyh9f0ad1d_0.tar.bz2#1faf44d9a76019b0a3da4d02dead93ec
https://conda.anaconda.org/conda-forge/noarch/six-1.15.0-pyh9f0ad1d_0.tar.bz2#1eec421f0f1f39e579e44e4a5ce646a2
https://conda.anaconda.org/conda-forge/noarch/toml-0.10.2-pyhd8ed1ab_0.tar.bz2#f832c45a477c78bebd107098db465095
https://conda.anaconda.org/conda-forge/noarch/typing_extensions-3.7.4.3-py_0.tar.bz2#12b96e382730541a4b332420227055ae
https://conda.anaconda.org/conda-forge/noarch/wheel-0.36.0-pyhd3deb0d_0.tar.bz2#f144bcd310e543bd9c8aa17c8ba1ee02
https://conda.anaconda.org/conda-forge/noarch/zipp-3.4.0-py_0.tar.bz2#0df927d2e46244cef8fd75d7ec2ba51c
https://conda.anaconda.org/conda-forge/win-64/certifi-2020.11.8-py38haa244fe_0.tar.bz2#1e3a88f8db13d19c4d23422e2f8f0e6c
https://conda.anaconda.org/conda-forge/win-64/cffi-1.14.4-py38hd8c33c5_1.tar.bz2#2eafaa5f8f4f7e43cfb6dbee50bcb792
https://conda.anaconda.org/conda-forge/win-64/doit-0.33.1-py38h32f6830_1.tar.bz2#8b263b9225a12d7d926b3266bcbd2d00
https://conda.anaconda.org/conda-forge/noarch/importlib-metadata-3.1.1-pyhd8ed1ab_0.tar.bz2#e22162ed945059586d1b6b603d07c48e
https://conda.anaconda.org/conda-forge/win-64/mypy_extensions-0.4.3-py38h32f6830_2.tar.bz2#f749c2b175569eaf350b025cde50ee48
https://conda.anaconda.org/conda-forge/win-64/pyyaml-5.3.1-py38hab1e662_1.tar.bz2#25ce237676e0d4f8029d3440c2f4afc6
https://conda.anaconda.org/conda-forge/win-64/regex-2020.11.13-py38h294d835_0.tar.bz2#b0fc6e573333bf715f53ebe373bc0c27
https://conda.anaconda.org/conda-forge/noarch/robotframework-lint-1.1-pyh9f0ad1d_0.tar.bz2#c3fa280c4a10c06e83f23193ef4ea5cc
https://conda.anaconda.org/conda-forge/noarch/robotframework-pythonlibcore-2.1.0-pyhd8ed1ab_1.tar.bz2#c20e2a5cca5be112eddedd02396897b9
https://conda.anaconda.org/conda-forge/win-64/typed-ast-1.4.1-py38h294d835_1.tar.bz2#5e3a77f3d30a63e54db547e9ad99bc52
https://conda.anaconda.org/conda-forge/win-64/win_inet_pton-1.1.0-py38h32f6830_1.tar.bz2#f387a5afa714e658385f33dcda93a802
https://conda.anaconda.org/conda-forge/win-64/wincertstore-0.2-py38h32f6830_1005.tar.bz2#8c253621e1f3121360b00b5ffe4626ff
https://conda.anaconda.org/conda-forge/noarch/black-20.8b1-py_1.tar.bz2#e555d6b71ec916c3dc4e6e3793cc9796
https://conda.anaconda.org/conda-forge/win-64/brotlipy-0.7.0-py38hab1e662_1001.tar.bz2#2d6f5a730bc180307463869c63ac0cdd
https://conda.anaconda.org/conda-forge/win-64/cryptography-3.2.1-py38hd8c33c5_0.tar.bz2#6e96f917369950d4df5208afe2bb4058
https://conda.anaconda.org/conda-forge/win-64/pysocks-1.7.1-py38h9bdc248_2.tar.bz2#6ed736e4e660a6ed5987b259b7f17fc1
https://conda.anaconda.org/conda-forge/win-64/setuptools-49.6.0-py38h9bdc248_2.tar.bz2#98726e11607788e59c4135db810e8521
https://conda.anaconda.org/conda-forge/noarch/flake8-3.8.4-py_0.tar.bz2#138b1704321c115bd10e1966320ac790
https://conda.anaconda.org/conda-forge/win-64/isort-4.3.21-py38h32f6830_1.tar.bz2#2cba5a24528e0389e31d0e321817f416
https://conda.anaconda.org/conda-forge/noarch/pip-20.3.1-pyhd8ed1ab_0.tar.bz2#bd6aa73eed4afc399688200778a609f6
https://conda.anaconda.org/conda-forge/noarch/pyopenssl-20.0.0-pyhd8ed1ab_0.tar.bz2#8fda1084aa3edad26a03e85617bb109f
https://conda.anaconda.org/conda-forge/noarch/urllib3-1.26.2-pyhd8ed1ab_0.tar.bz2#8bb930d172961c9ba9ffd6e10a64b844
https://conda.anaconda.org/conda-forge/win-64/selenium-3.141.0-py38h1e8a9f7_1002.tar.bz2#82eb5bcde73994ab844862ce24127e70
https://conda.anaconda.org/conda-forge/noarch/robotframework-seleniumlibrary-4.5.0-pyh9f0ad1d_0.tar.bz2#032239f822b29aef45cc4579ae86d031
