# platform: win-64
# env_hash: efac8749f5eab27e7eb0490fb999f99790c086462d44817a9e8e808ff64a27cc
@EXPLICIT
https://conda.anaconda.org/conda-forge/win-64/ca-certificates-2020.12.5-h5b45459_0.tar.bz2#f36a2988a9f57cffdc43929ba67a3a2a
https://conda.anaconda.org/conda-forge/win-64/vs2015_runtime-14.28.29325-h5e1d092_0.tar.bz2#4e4fc486090f90e00edfa9c7730e2771
https://conda.anaconda.org/conda-forge/win-64/nodejs-14.15.1-h57928b3_0.tar.bz2#d864e5c8a3de3ccf10a5cfc841084c39
https://conda.anaconda.org/conda-forge/win-64/vc-14.2-hb210afc_2.tar.bz2#6852e7ea3601522ab1d4fa60fec8c4fe
https://conda.anaconda.org/conda-forge/win-64/openssl-1.1.1i-h8ffe710_0.tar.bz2#49729ddb4fec3c604009a80e0411bb47
https://conda.anaconda.org/conda-forge/win-64/sqlite-3.34.0-h8ffe710_0.tar.bz2#0887d420b945a5342cd03429d475658c
https://conda.anaconda.org/conda-forge/win-64/yaml-0.2.5-he774522_0.tar.bz2#d41c34441d8bbb6d141e691ae7bccf35
https://conda.anaconda.org/conda-forge/win-64/yarn-1.22.10-0.tar.bz2#4f94f281c5682908afc43f8bf531bc36
https://conda.anaconda.org/conda-forge/win-64/python-3.8.6-h7840368_4_cpython.tar.bz2#3c036af256a7a574839db4d03933713c
https://conda.anaconda.org/conda-forge/noarch/appdirs-1.4.4-pyh9f0ad1d_0.tar.bz2#5f095bc6454094e96f146491fd03633b
https://conda.anaconda.org/conda-forge/noarch/click-7.1.2-pyh9f0ad1d_0.tar.bz2#bd50a970ce07e660c319fdc4d730d3f1
https://conda.anaconda.org/conda-forge/noarch/cloudpickle-1.6.0-py_0.tar.bz2#76d764d8881719e305f6fa368dc2b65e
https://conda.anaconda.org/conda-forge/noarch/dataclasses-0.7-pyhb2cacf7_7.tar.bz2#3c9869f82e8f246c3f26e91da684597e
https://conda.anaconda.org/conda-forge/noarch/idna-3.1-pyhd3deb0d_0.tar.bz2#9c9aea4b8391264477df484f798562d0
https://conda.anaconda.org/conda-forge/noarch/mccabe-0.6.1-py_1.tar.bz2#a326cb400c1ccd91789f3e7d02124d61
https://conda.anaconda.org/conda-forge/noarch/pathspec-0.8.1-pyhd3deb0d_0.tar.bz2#fcd2fbb062b55d14a77e664c89ee17a6
https://conda.anaconda.org/conda-forge/noarch/pycodestyle-2.6.0-pyh9f0ad1d_0.tar.bz2#a08d6f5a610c7194da158add79f2b018
https://conda.anaconda.org/conda-forge/noarch/pycparser-2.20-pyh9f0ad1d_2.tar.bz2#aa798d50ffd182a0f6f31478c7f434f6
https://conda.anaconda.org/conda-forge/noarch/pyflakes-2.2.0-pyh9f0ad1d_0.tar.bz2#b13f3395d2eb4a2705629127a8a8cfaa
https://conda.anaconda.org/conda-forge/win-64/python_abi-3.8-1_cp38.tar.bz2#18ced0580562dca07ae039050748cc50
https://conda.anaconda.org/conda-forge/noarch/robotframework-3.2.2-pyh9f0ad1d_0.tar.bz2#1faf44d9a76019b0a3da4d02dead93ec
https://conda.anaconda.org/conda-forge/noarch/six-1.15.0-pyh9f0ad1d_0.tar.bz2#1eec421f0f1f39e579e44e4a5ce646a2
https://conda.anaconda.org/conda-forge/noarch/toml-0.10.2-pyhd8ed1ab_0.tar.bz2#f832c45a477c78bebd107098db465095
https://conda.anaconda.org/conda-forge/noarch/typing_extensions-3.7.4.3-py_0.tar.bz2#12b96e382730541a4b332420227055ae
https://conda.anaconda.org/conda-forge/noarch/wheel-0.36.2-pyhd3deb0d_0.tar.bz2#768bfbe026426d0e76b377997d1f2b98
https://conda.anaconda.org/conda-forge/noarch/zipp-3.4.0-py_0.tar.bz2#0df927d2e46244cef8fd75d7ec2ba51c
https://conda.anaconda.org/conda-forge/win-64/certifi-2020.12.5-py38haa244fe_1.tar.bz2#0ff61c01f4afa91e32fa891796268c46
https://conda.anaconda.org/conda-forge/win-64/cffi-1.14.4-py38hd8c33c5_1.tar.bz2#2eafaa5f8f4f7e43cfb6dbee50bcb792
https://conda.anaconda.org/conda-forge/win-64/doit-0.33.1-py38h32f6830_1.tar.bz2#8b263b9225a12d7d926b3266bcbd2d00
https://conda.anaconda.org/conda-forge/win-64/importlib-metadata-3.4.0-py38haa244fe_0.tar.bz2#bbccbcfba1bb7d678a36e1142bf35c7c
https://conda.anaconda.org/conda-forge/win-64/mypy_extensions-0.4.3-py38haa244fe_3.tar.bz2#0b097de2bfb2cb74c94d62790a0dc206
https://conda.anaconda.org/conda-forge/win-64/pyyaml-5.4.1-py38h294d835_0.tar.bz2#6502967250cd8e7512fc8252c0da28d7
https://conda.anaconda.org/conda-forge/win-64/regex-2020.11.13-py38h294d835_1.tar.bz2#d77f7eb3df251b610539a37a7e8b3ca8
https://conda.anaconda.org/conda-forge/noarch/robotframework-lint-1.1-pyh9f0ad1d_0.tar.bz2#c3fa280c4a10c06e83f23193ef4ea5cc
https://conda.anaconda.org/conda-forge/noarch/robotframework-pythonlibcore-2.2.0-pyhd8ed1ab_0.tar.bz2#29a329f0b817038d27d7bdfb2ca04b5a
https://conda.anaconda.org/conda-forge/win-64/typed-ast-1.4.2-py38h294d835_0.tar.bz2#6103538f876dee69d2e2ea5cafdb14e7
https://conda.anaconda.org/conda-forge/win-64/win_inet_pton-1.1.0-py38haa244fe_2.tar.bz2#6ebb62fd7f9ad919a8e43548e1163130
https://conda.anaconda.org/conda-forge/win-64/wincertstore-0.2-py38haa244fe_1006.tar.bz2#3d25df9e81ec24db2d91b7b477860a01
https://conda.anaconda.org/conda-forge/noarch/black-20.8b1-py_1.tar.bz2#e555d6b71ec916c3dc4e6e3793cc9796
https://conda.anaconda.org/conda-forge/win-64/brotlipy-0.7.0-py38h294d835_1001.tar.bz2#2ee57645fb3b9e5388df213477e1300e
https://conda.anaconda.org/conda-forge/win-64/cryptography-3.3.1-py38hd8c33c5_1.tar.bz2#f621eec16739574c0ee07eaebd94069e
https://conda.anaconda.org/conda-forge/win-64/pysocks-1.7.1-py38haa244fe_3.tar.bz2#8fac4219dff4b3204e424f219660565c
https://conda.anaconda.org/conda-forge/win-64/setuptools-49.6.0-py38haa244fe_3.tar.bz2#c104ed0b1f9f55efcf872c4af2a6036a
https://conda.anaconda.org/conda-forge/noarch/flake8-3.8.4-py_0.tar.bz2#138b1704321c115bd10e1966320ac790
https://conda.anaconda.org/conda-forge/win-64/isort-4.3.21-py38h32f6830_1.tar.bz2#2cba5a24528e0389e31d0e321817f416
https://conda.anaconda.org/conda-forge/noarch/pip-21.0-pyhd8ed1ab_0.tar.bz2#dfb99734911ef619b4d4be1748534c8c
https://conda.anaconda.org/conda-forge/noarch/pyopenssl-20.0.1-pyhd8ed1ab_0.tar.bz2#92371c25994d0f5d28a01c1fb75ebf86
https://conda.anaconda.org/conda-forge/noarch/urllib3-1.26.2-pyhd8ed1ab_0.tar.bz2#8bb930d172961c9ba9ffd6e10a64b844
https://conda.anaconda.org/conda-forge/win-64/selenium-3.141.0-py38h294d835_1002.tar.bz2#826ee023ea7bade5a55c730a0b82466c
https://conda.anaconda.org/conda-forge/noarch/robotframework-seleniumlibrary-4.5.0-pyh9f0ad1d_0.tar.bz2#032239f822b29aef45cc4579ae86d031
