# platform: win-64
# env_hash: 65d26dece51e4036ac9d80412f9244fb49e2c8ae9cee08aeffe38d6bf2ddd56b

@EXPLICIT

https://conda.anaconda.org/conda-forge/win-64/ca-certificates-2020.11.8-h5b45459_0.tar.bz2#21fea8c142c35d2967cb0300e5056980
https://conda.anaconda.org/msys2/win-64/msys2-conda-epoch-20160418-1.tar.bz2#6eaef3074f65f715ed1ca6b8a08be3aa
https://conda.anaconda.org/conda-forge/noarch/tzdata-2020d-h516909a_0.tar.bz2#153abe529c372caadf52bde5e07656e3
https://conda.anaconda.org/conda-forge/win-64/vs2015_runtime-14.16.27012-h30e32a0_2.tar.bz2#37a0bcc72c5e97f5602dca37eb3f8314
https://conda.anaconda.org/msys2/win-64/m2-msys2-runtime-2.5.0.17080.65c939c-3.tar.bz2#9544a3c0bbd8e0038bc67522e71f1489
https://conda.anaconda.org/msys2/win-64/m2w64-gmp-6.1.0-2.tar.bz2#fec04371463ec68eb8f5752a22c5b030
https://conda.anaconda.org/msys2/win-64/m2w64-libwinpthread-git-5.0.0.4634.697f757-2.tar.bz2#67e61e700eb27424979778fae9293f13
https://conda.anaconda.org/conda-forge/win-64/vc-14.1-h869be7e_1.tar.bz2#4fae57303daa91367eca263374e4a638
https://conda.anaconda.org/conda-forge/win-64/bzip2-1.0.8-h8ffe710_4.tar.bz2#7c03c66026944073040cb19a4f3ec3c9
https://conda.anaconda.org/conda-forge/win-64/libiconv-1.16-he774522_0.tar.bz2#bdfeadc9348e4d9fbe4821e81bf8f221
https://conda.anaconda.org/conda-forge/win-64/liblief-0.10.1-ha925a31_2.tar.bz2#722fe9d130f4504d4048a9c397f9d3ea
https://conda.anaconda.org/conda-forge/win-64/lz4-c-1.9.2-h62dcd97_2.tar.bz2#a90475bc5d6e86b41360b614b20aa973
https://conda.anaconda.org/conda-forge/win-64/lzo-2.10-hfa6e2cd_1000.tar.bz2#8286080ecc02a0b7765e326fe78b7c5f
https://conda.anaconda.org/msys2/win-64/m2-patch-2.7.5-2.tar.bz2#ce0ef50726538a9c62e8d2e957f2d85c
https://conda.anaconda.org/msys2/win-64/m2w64-gcc-libs-core-5.3.0-7.tar.bz2#276d396bfe8d958f71173b7134f739fa
https://conda.anaconda.org/conda-forge/win-64/openssl-1.1.1h-he774522_0.tar.bz2#21844b16355ef8faa21fca97794d6825
https://conda.anaconda.org/conda-forge/win-64/reproc-14.2.1-h8ffe710_0.tar.bz2#8fdd355ebf4593385112b247a83f5806
https://conda.anaconda.org/conda-forge/win-64/sqlite-3.34.0-h8ffe710_0.tar.bz2#0887d420b945a5342cd03429d475658c
https://conda.anaconda.org/conda-forge/win-64/tk-8.6.10-he774522_1.tar.bz2#34a906fb55a5f0820d87b93da4dbb596
https://conda.anaconda.org/conda-forge/win-64/xz-5.2.5-h62dcd97_1.tar.bz2#eabcbfedd14d7c18a514afca09ea0ebb
https://conda.anaconda.org/conda-forge/win-64/yaml-0.2.5-he774522_0.tar.bz2#d41c34441d8bbb6d141e691ae7bccf35
https://conda.anaconda.org/conda-forge/win-64/zlib-1.2.11-h62dcd97_1010.tar.bz2#a4cdf389c5f73e60a0ca121ff77c22a9
https://conda.anaconda.org/conda-forge/win-64/krb5-1.17.2-hbae68bd_0.tar.bz2#36781bd85367e21cda881c9a5212ea9c
https://conda.anaconda.org/conda-forge/win-64/libsolv-0.7.16-h200bbdf_0.tar.bz2#0f1dd8c450a8c6f813f56712d6652ab1
https://conda.anaconda.org/conda-forge/win-64/libssh2-1.9.0-hb06d900_5.tar.bz2#d98a41c806a42bffd8b05a2e6f1132f1
https://conda.anaconda.org/conda-forge/win-64/libxml2-2.9.10-h1006b36_2.tar.bz2#9392b3214cbdde0d9e64f83915f91d45
https://conda.anaconda.org/msys2/win-64/m2w64-gcc-libgfortran-5.3.0-6.tar.bz2#de1b7f7c8221028f6bbe103df4c53bed
https://conda.anaconda.org/conda-forge/win-64/python-3.9.0-h7840368_5_cpython.tar.bz2#9725ea2c7b0d5a163c4a1f90a4dcdec0
https://conda.anaconda.org/conda-forge/win-64/reproc-cpp-14.2.1-h0e60522_0.tar.bz2#225f0c12c0bb4f118be96b1766466347
https://conda.anaconda.org/conda-forge/win-64/zstd-1.4.5-h1f3a1b7_2.tar.bz2#b35d995f210429648e920844701b57a9
https://conda.anaconda.org/conda-forge/noarch/appdirs-1.4.4-pyh9f0ad1d_0.tar.bz2#5f095bc6454094e96f146491fd03633b
https://conda.anaconda.org/conda-forge/noarch/click-7.1.2-pyh9f0ad1d_0.tar.bz2#bd50a970ce07e660c319fdc4d730d3f1
https://conda.anaconda.org/conda-forge/noarch/cloudpickle-1.6.0-py_0.tar.bz2#76d764d8881719e305f6fa368dc2b65e
https://conda.anaconda.org/conda-forge/noarch/colorama-0.4.4-pyh9f0ad1d_0.tar.bz2#c08b4c1326b880ed44f3ffb04803332f
https://conda.anaconda.org/conda-forge/noarch/filelock-3.0.12-pyh9f0ad1d_0.tar.bz2#7544ed05bbbe9bb687bc9bcbe4d6cb46
https://conda.anaconda.org/conda-forge/noarch/glob2-0.7-py_0.tar.bz2#1f3a88e65e61216e1d475135922dbf6a
https://conda.anaconda.org/conda-forge/noarch/idna-2.10-pyh9f0ad1d_0.tar.bz2#f95a12b4f435aae6680fe55ae2eb1b06
https://conda.anaconda.org/conda-forge/win-64/libarchive-3.3.3-h793d221_1008.tar.bz2#f56196620d32a4bc3366f3984a09a495
https://conda.anaconda.org/conda-forge/win-64/libcurl-7.71.1-h4b64cdc_8.tar.bz2#47468949c81228d0f8a492a124688221
https://conda.anaconda.org/msys2/win-64/m2w64-gcc-libs-5.3.0-7.tar.bz2#0b9caac6747002340b057a222af705b2
https://conda.anaconda.org/conda-forge/noarch/pkginfo-1.6.1-pyh9f0ad1d_0.tar.bz2#9624126b9ae8f1004c137b111a817281
https://conda.anaconda.org/conda-forge/noarch/pycparser-2.20-pyh9f0ad1d_2.tar.bz2#aa798d50ffd182a0f6f31478c7f434f6
https://conda.anaconda.org/conda-forge/noarch/pyparsing-2.4.7-pyh9f0ad1d_0.tar.bz2#626c4f20d5bf06dcec9cf2eaa31725c7
https://conda.anaconda.org/conda-forge/win-64/python_abi-3.9-1_cp39.tar.bz2#4f11fc3c42d6aff5cc1daff5e1e6caca
https://conda.anaconda.org/conda-forge/noarch/pytz-2020.4-pyhd8ed1ab_0.tar.bz2#14aefc827cbbd156cb1bd9e992210380
https://conda.anaconda.org/conda-forge/noarch/rfc3986-1.4.0-pyh9f0ad1d_0.tar.bz2#4dd11e722e5a29afc55e5d7f15782130
https://conda.anaconda.org/conda-forge/noarch/six-1.15.0-pyh9f0ad1d_0.tar.bz2#1eec421f0f1f39e579e44e4a5ce646a2
https://conda.anaconda.org/conda-forge/noarch/soupsieve-2.0.1-py_1.tar.bz2#aa1db70848c19bace567ba39a157f508
https://conda.anaconda.org/conda-forge/noarch/toml-0.10.2-pyhd8ed1ab_0.tar.bz2#f832c45a477c78bebd107098db465095
https://conda.anaconda.org/conda-forge/noarch/tqdm-4.54.0-pyhd8ed1ab_0.tar.bz2#0a926e66325587b1c7479982241bcec1
https://conda.anaconda.org/conda-forge/noarch/webencodings-0.5.1-py_1.tar.bz2#3563be4c5611a44210d9ba0c16113136
https://conda.anaconda.org/conda-forge/noarch/wheel-0.36.0-pyhd3deb0d_0.tar.bz2#f144bcd310e543bd9c8aa17c8ba1ee02
https://conda.anaconda.org/conda-forge/noarch/beautifulsoup4-4.9.3-pyhb0f4dca_0.tar.bz2#d243a293d7303ab6195d96ce8c16b1cb
https://conda.anaconda.org/conda-forge/win-64/certifi-2020.11.8-py39hcbf5309_0.tar.bz2#d7367f2399e9192374267c940a8c0260
https://conda.anaconda.org/conda-forge/win-64/cffi-1.14.4-py39h0878f49_1.tar.bz2#b7ac3692b3a1ab35cce44e10046513c5
https://conda.anaconda.org/conda-forge/win-64/chardet-3.0.4-py39h467e6f4_1008.tar.bz2#9449e372ee9544175493c0c348131385
https://conda.anaconda.org/conda-forge/noarch/click-default-group-1.2.1-py_0.tar.bz2#64a66d3d4db54208496c4e2fa822eeee
https://conda.anaconda.org/conda-forge/win-64/conda-package-handling-1.7.2-py39h9300fe8_0.tar.bz2#a776d58fedf3ca2d6fe4401585169bec
https://conda.anaconda.org/conda-forge/win-64/docutils-0.16-py39hde42818_2.tar.bz2#de754737301952d5749886d15a9a37e8
https://conda.anaconda.org/conda-forge/win-64/doit-0.33.1-py39hde42818_1.tar.bz2#0045b388ae5161d72eef25b04a8d49b8
https://conda.anaconda.org/conda-forge/win-64/future-0.18.2-py39hde42818_2.tar.bz2#9723475c6ed2b5bb332af82a90b5e82a
https://conda.anaconda.org/conda-forge/win-64/markupsafe-1.1.1-py39ha3862ff_2.tar.bz2#003af8e9b78364cc0cc6359fa8a733f8
https://conda.anaconda.org/conda-forge/noarch/packaging-20.4-pyh9f0ad1d_0.tar.bz2#6d160f7346ac815500b5475d9a0f88a9
https://conda.anaconda.org/conda-forge/win-64/psutil-5.7.3-py39ha3862ff_0.tar.bz2#24d8d7ffe578bf77c1c450e533821131
https://conda.anaconda.org/conda-forge/win-64/py-lief-0.10.1-py39h6c31a18_2.tar.bz2#e790529e0ef05310abcbefc8818f7759
https://conda.anaconda.org/conda-forge/win-64/pycosat-0.6.3-py39ha3862ff_1005.tar.bz2#f27ee16977e6ec675ff228f7cd680f4d
https://conda.anaconda.org/conda-forge/win-64/python-libarchive-c-2.9-py39h467e6f4_2.tar.bz2#20950d1e69712cd9595990742c28cc1e
https://conda.anaconda.org/conda-forge/win-64/pywin32-228-py39h4cdbadb_0.tar.bz2#4cdc6aee83f1d57ffca54cfa34dd1b42
https://conda.anaconda.org/conda-forge/win-64/pywin32-ctypes-0.2.0-py39hde42818_1002.tar.bz2#be8edd6c82b71a1adbeab273604b8e4f
https://conda.anaconda.org/conda-forge/win-64/pyyaml-5.3.1-py39ha3862ff_1.tar.bz2#7489292b598f94117c0f5414e22924b9
https://conda.anaconda.org/conda-forge/win-64/ripgrep-12.1.1-h301d43c_1.tar.bz2#becca280ed37a9ffa9fe12f827ada988
https://conda.anaconda.org/conda-forge/win-64/ruamel_yaml-0.15.80-py39ha3862ff_1003.tar.bz2#2b12ea15c4d38a3e555598f187488520
https://conda.anaconda.org/conda-forge/win-64/win_inet_pton-1.1.0-py39hde42818_1.tar.bz2#cefba88021f1494fb4ecd8ed0f99f855
https://conda.anaconda.org/conda-forge/win-64/wincertstore-0.2-py39hde42818_1005.tar.bz2#dacbba1af1eabc90776a796e80d74fd5
https://conda.anaconda.org/conda-forge/win-64/brotlipy-0.7.0-py39ha3862ff_1001.tar.bz2#28a31e5dccde93ae8e2e80b35df2e9e8
https://conda.anaconda.org/conda-forge/win-64/cmarkgfm-0.4.2-py39h4cdbadb_3.tar.bz2#3e43c8dd8a4b5f75dc34e686afbe9688
https://conda.anaconda.org/conda-forge/win-64/cryptography-3.2.1-py39h0878f49_0.tar.bz2#3fb73ba831b0115800b34841c6a37224
https://conda.anaconda.org/conda-forge/win-64/keyring-21.5.0-py39hcbf5309_0.tar.bz2#7acc617378e356db9bfcb1ee381ba085
https://conda.anaconda.org/conda-forge/win-64/menuinst-1.4.16-py39hde42818_1.tar.bz2#e13a5f4263da1d7112abc5e4bb7e1a21
https://conda.anaconda.org/conda-forge/win-64/pysocks-1.7.1-py39h467e6f4_2.tar.bz2#812ce3c03e54a72634bc5b885124629b
https://conda.anaconda.org/conda-forge/win-64/setuptools-49.6.0-py39h467e6f4_2.tar.bz2#819d078e0f74b5f2b5fc0bf2e7ebbf7a
https://conda.anaconda.org/conda-forge/noarch/bleach-3.2.1-pyh9f0ad1d_0.tar.bz2#d4506316b85679972c0b78d4d1c0b701
https://conda.anaconda.org/conda-forge/noarch/jinja2-2.11.2-pyh9f0ad1d_0.tar.bz2#e8a5d614d1a27bdba00059ca062a0551
https://conda.anaconda.org/conda-forge/noarch/pip-20.3-pyhd8ed1ab_0.tar.bz2#2a937297e76fcdc01a6591f68bd9a7c1
https://conda.anaconda.org/conda-forge/noarch/pygments-2.7.2-py_0.tar.bz2#ed1bdce2d0c4353ad0bc22310e271723
https://conda.anaconda.org/conda-forge/noarch/pyopenssl-20.0.0-pyhd8ed1ab_0.tar.bz2#8fda1084aa3edad26a03e85617bb109f
https://conda.anaconda.org/conda-forge/win-64/conda-verify-3.1.1-py39hde42818_1002.tar.bz2#d6f0aac0e376129bf821f92da9fda5db
https://conda.anaconda.org/conda-forge/noarch/readme_renderer-27.0-pyh9f0ad1d_0.tar.bz2#38446dff7f69efd3fab98ab4dc68c0c8
https://conda.anaconda.org/conda-forge/noarch/urllib3-1.25.11-py_0.tar.bz2#4ce0599839b2b4418befe201e5f072fc
https://conda.anaconda.org/conda-forge/noarch/requests-2.25.0-pyhd3deb0d_0.tar.bz2#5b983af1f3dcd93ef20f6067d077f6fe
https://conda.anaconda.org/conda-forge/win-64/conda-4.9.2-py39hcbf5309_0.tar.bz2#510d3ad61d38fce420f3738fec106996
https://conda.anaconda.org/conda-forge/noarch/ensureconda-1.3.0-pyhd8ed1ab_0.tar.bz2#24e565cbb31a38162df00e31bb909940
https://conda.anaconda.org/conda-forge/noarch/requests-toolbelt-0.9.1-py_0.tar.bz2#402668adee8fcba9a9c265cdc2a88f5a
https://conda.anaconda.org/conda-forge/win-64/conda-build-3.20.5-py39h467e6f4_0.tar.bz2#9303db66eb989678c6c95b8a3c98adc8
https://conda.anaconda.org/conda-forge/noarch/conda-lock-0.7.3-pyhd8ed1ab_0.tar.bz2#559ade16cbab85c06f6d4ec0e202fbca
https://conda.anaconda.org/conda-forge/win-64/mamba-0.7.3-py39ha0edc35_0.tar.bz2#7984f0a4dd98321181d9b6edeeb9aa51
https://conda.anaconda.org/conda-forge/win-64/twine-3.2.0-py39hde42818_1.tar.bz2#09bc7208b1e32834af08c8c52902e128
