# platform: win-64
# env_hash: 65d26dece51e4036ac9d80412f9244fb49e2c8ae9cee08aeffe38d6bf2ddd56b
@EXPLICIT
https://conda.anaconda.org/conda-forge/win-64/ca-certificates-2020.12.5-h5b45459_0.tar.bz2#f36a2988a9f57cffdc43929ba67a3a2a
https://conda.anaconda.org/conda-forge/win-64/msys2-conda-epoch-20160418-1.tar.bz2#b0309b72560df66f71a9d5e34a5efdfa
https://conda.anaconda.org/conda-forge/noarch/tzdata-2020f-he74cb21_0.tar.bz2#0ed5a340870993c45f7d50b6f579f8cd
https://conda.anaconda.org/conda-forge/win-64/vs2015_runtime-14.28.29325-h5e1d092_0.tar.bz2#4e4fc486090f90e00edfa9c7730e2771
https://conda.anaconda.org/conda-forge/win-64/m2-msys2-runtime-2.5.0.17080.65c939c-3.tar.bz2#ce25c58bc90071bf71f3d472cb8dfbce
https://conda.anaconda.org/conda-forge/win-64/m2w64-gmp-6.1.0-2.tar.bz2#53a1c73e1e3d185516d7e3af177596d9
https://conda.anaconda.org/conda-forge/win-64/m2w64-libwinpthread-git-5.0.0.4634.697f757-2.tar.bz2#774130a326dee16f1ceb05cc687ee4f0
https://conda.anaconda.org/conda-forge/win-64/vc-14.2-hb210afc_2.tar.bz2#6852e7ea3601522ab1d4fa60fec8c4fe
https://conda.anaconda.org/conda-forge/win-64/bzip2-1.0.8-h8ffe710_4.tar.bz2#7c03c66026944073040cb19a4f3ec3c9
https://conda.anaconda.org/conda-forge/win-64/libiconv-1.16-he774522_0.tar.bz2#bdfeadc9348e4d9fbe4821e81bf8f221
https://conda.anaconda.org/conda-forge/win-64/liblief-0.10.1-ha925a31_2.tar.bz2#722fe9d130f4504d4048a9c397f9d3ea
https://conda.anaconda.org/conda-forge/win-64/lz4-c-1.9.3-h8ffe710_0.tar.bz2#5c9a617ed4fbd41f8c564fab236dda60
https://conda.anaconda.org/conda-forge/win-64/lzo-2.10-he774522_1000.tar.bz2#d5cf4b7eaa52316f135eed9e8548ad57
https://conda.anaconda.org/conda-forge/win-64/m2-patch-2.7.5-2.tar.bz2#f5159110837c3e221146e623f3c44f1c
https://conda.anaconda.org/conda-forge/win-64/m2w64-gcc-libs-core-5.3.0-7.tar.bz2#4289d80fb4d272f1f3b56cfe87ac90bd
https://conda.anaconda.org/conda-forge/win-64/openssl-1.1.1i-h8ffe710_0.tar.bz2#49729ddb4fec3c604009a80e0411bb47
https://conda.anaconda.org/conda-forge/win-64/reproc-14.2.1-h8ffe710_0.tar.bz2#8fdd355ebf4593385112b247a83f5806
https://conda.anaconda.org/conda-forge/win-64/sqlite-3.34.0-h8ffe710_0.tar.bz2#0887d420b945a5342cd03429d475658c
https://conda.anaconda.org/conda-forge/win-64/tk-8.6.10-h8ffe710_1.tar.bz2#0796b4624ee7797fca7819459a79c6e6
https://conda.anaconda.org/conda-forge/win-64/xz-5.2.5-h62dcd97_1.tar.bz2#eabcbfedd14d7c18a514afca09ea0ebb
https://conda.anaconda.org/conda-forge/win-64/yaml-0.2.5-he774522_0.tar.bz2#d41c34441d8bbb6d141e691ae7bccf35
https://conda.anaconda.org/conda-forge/win-64/zlib-1.2.11-h62dcd97_1010.tar.bz2#a4cdf389c5f73e60a0ca121ff77c22a9
https://conda.anaconda.org/conda-forge/win-64/krb5-1.17.2-hbae68bd_0.tar.bz2#36781bd85367e21cda881c9a5212ea9c
https://conda.anaconda.org/conda-forge/win-64/libsolv-0.7.17-h7755175_0.tar.bz2#74b5cb258904b42150b2b9170b21fe81
https://conda.anaconda.org/conda-forge/win-64/libssh2-1.9.0-hb06d900_5.tar.bz2#d98a41c806a42bffd8b05a2e6f1132f1
https://conda.anaconda.org/conda-forge/win-64/libxml2-2.9.10-hf5bbc77_3.tar.bz2#4d2f9377b960b9f1425e91e13a30126c
https://conda.anaconda.org/conda-forge/win-64/m2w64-gcc-libgfortran-5.3.0-6.tar.bz2#066552ac6b907ec6d72c0ddab29050dc
https://conda.anaconda.org/conda-forge/win-64/python-3.9.1-h7840368_3_cpython.tar.bz2#a27aaec0e7f3030d6ecf095338f02e0b
https://conda.anaconda.org/conda-forge/win-64/reproc-cpp-14.2.1-h0e60522_0.tar.bz2#225f0c12c0bb4f118be96b1766466347
https://conda.anaconda.org/conda-forge/win-64/zstd-1.4.8-h4e2f164_1.tar.bz2#f8a86a17cb984eb3a5051e29dfb4168b
https://conda.anaconda.org/conda-forge/noarch/appdirs-1.4.4-pyh9f0ad1d_0.tar.bz2#5f095bc6454094e96f146491fd03633b
https://conda.anaconda.org/conda-forge/noarch/click-7.1.2-pyh9f0ad1d_0.tar.bz2#bd50a970ce07e660c319fdc4d730d3f1
https://conda.anaconda.org/conda-forge/noarch/cloudpickle-1.6.0-py_0.tar.bz2#76d764d8881719e305f6fa368dc2b65e
https://conda.anaconda.org/conda-forge/noarch/colorama-0.4.4-pyh9f0ad1d_0.tar.bz2#c08b4c1326b880ed44f3ffb04803332f
https://conda.anaconda.org/conda-forge/noarch/filelock-3.0.12-pyh9f0ad1d_0.tar.bz2#7544ed05bbbe9bb687bc9bcbe4d6cb46
https://conda.anaconda.org/conda-forge/noarch/glob2-0.7-py_0.tar.bz2#1f3a88e65e61216e1d475135922dbf6a
https://conda.anaconda.org/conda-forge/noarch/idna-2.10-pyh9f0ad1d_0.tar.bz2#f95a12b4f435aae6680fe55ae2eb1b06
https://conda.anaconda.org/conda-forge/win-64/libarchive-3.5.1-h8686738_1.tar.bz2#cb856f968eeeb572d90a557f9afedad9
https://conda.anaconda.org/conda-forge/win-64/libcurl-7.71.1-h4b64cdc_8.tar.bz2#47468949c81228d0f8a492a124688221
https://conda.anaconda.org/conda-forge/win-64/m2w64-gcc-libs-5.3.0-7.tar.bz2#fe759119b8b3bfa720b8762c6fdc35de
https://conda.anaconda.org/conda-forge/noarch/pkginfo-1.7.0-pyhd8ed1ab_0.tar.bz2#3ea3fca4afad20d8ec2f5b611bffde53
https://conda.anaconda.org/conda-forge/noarch/pycparser-2.20-pyh9f0ad1d_2.tar.bz2#aa798d50ffd182a0f6f31478c7f434f6
https://conda.anaconda.org/conda-forge/noarch/pyparsing-2.4.7-pyh9f0ad1d_0.tar.bz2#626c4f20d5bf06dcec9cf2eaa31725c7
https://conda.anaconda.org/conda-forge/win-64/python_abi-3.9-1_cp39.tar.bz2#4f11fc3c42d6aff5cc1daff5e1e6caca
https://conda.anaconda.org/conda-forge/noarch/pytz-2020.5-pyhd8ed1ab_0.tar.bz2#9dbafab7fbbc1ef46a60858fb6320d8a
https://conda.anaconda.org/conda-forge/noarch/rfc3986-1.4.0-pyh9f0ad1d_0.tar.bz2#4dd11e722e5a29afc55e5d7f15782130
https://conda.anaconda.org/conda-forge/noarch/six-1.15.0-pyh9f0ad1d_0.tar.bz2#1eec421f0f1f39e579e44e4a5ce646a2
https://conda.anaconda.org/conda-forge/noarch/soupsieve-2.0.1-py_1.tar.bz2#aa1db70848c19bace567ba39a157f508
https://conda.anaconda.org/conda-forge/noarch/toml-0.10.2-pyhd8ed1ab_0.tar.bz2#f832c45a477c78bebd107098db465095
https://conda.anaconda.org/conda-forge/noarch/tqdm-4.56.0-pyhd8ed1ab_0.tar.bz2#63018cb9f2c144516a081028651ed4ed
https://conda.anaconda.org/conda-forge/noarch/webencodings-0.5.1-py_1.tar.bz2#3563be4c5611a44210d9ba0c16113136
https://conda.anaconda.org/conda-forge/noarch/wheel-0.36.2-pyhd3deb0d_0.tar.bz2#768bfbe026426d0e76b377997d1f2b98
https://conda.anaconda.org/conda-forge/noarch/beautifulsoup4-4.9.3-pyhb0f4dca_0.tar.bz2#d243a293d7303ab6195d96ce8c16b1cb
https://conda.anaconda.org/conda-forge/win-64/certifi-2020.12.5-py39hcbf5309_1.tar.bz2#859d8952947ef7bd8aca48f01688a86f
https://conda.anaconda.org/conda-forge/win-64/cffi-1.14.4-py39h0878f49_1.tar.bz2#b7ac3692b3a1ab35cce44e10046513c5
https://conda.anaconda.org/conda-forge/win-64/chardet-4.0.0-py39hcbf5309_1.tar.bz2#2c220000bcacdf633723cd56d0cb4cca
https://conda.anaconda.org/conda-forge/noarch/click-default-group-1.2.1-py_0.tar.bz2#64a66d3d4db54208496c4e2fa822eeee
https://conda.anaconda.org/conda-forge/win-64/conda-package-handling-1.7.2-py39h9300fe8_0.tar.bz2#a776d58fedf3ca2d6fe4401585169bec
https://conda.anaconda.org/conda-forge/win-64/docutils-0.16-py39hcbf5309_3.tar.bz2#c3dc5fe33c3c5afdfca2017bbd877e70
https://conda.anaconda.org/conda-forge/win-64/doit-0.33.1-py39hde42818_1.tar.bz2#0045b388ae5161d72eef25b04a8d49b8
https://conda.anaconda.org/conda-forge/win-64/future-0.18.2-py39hcbf5309_3.tar.bz2#ac59111cf87fc89d8d64a7a86e8ebf4e
https://conda.anaconda.org/conda-forge/win-64/markupsafe-1.1.1-py39hb82d6ee_3.tar.bz2#0c14148a89de7af36a654019e7e331b0
https://conda.anaconda.org/conda-forge/noarch/packaging-20.8-pyhd3deb0d_0.tar.bz2#1e483acb0f72b1611b50942458720169
https://conda.anaconda.org/conda-forge/win-64/psutil-5.8.0-py39hb82d6ee_1.tar.bz2#54a12a18c6f15ed39fd89e7e3ebb8723
https://conda.anaconda.org/conda-forge/win-64/py-lief-0.10.1-py39h6c31a18_2.tar.bz2#e790529e0ef05310abcbefc8818f7759
https://conda.anaconda.org/conda-forge/win-64/pycosat-0.6.3-py39hb82d6ee_1006.tar.bz2#87b50ba527779e910ca6e69d0e832017
https://conda.anaconda.org/conda-forge/win-64/python-libarchive-c-2.9-py39hcbf5309_2.tar.bz2#25c4178dfc5014203357090ae43f0c51
https://conda.anaconda.org/conda-forge/win-64/pywin32-300-py39hb82d6ee_0.tar.bz2#972c9b98a6f065353ff5395957300618
https://conda.anaconda.org/conda-forge/win-64/pywin32-ctypes-0.2.0-py39hcbf5309_1003.tar.bz2#61e4167545716fc775e56231e2d0f9f8
https://conda.anaconda.org/conda-forge/win-64/pyyaml-5.3.1-py39hb82d6ee_2.tar.bz2#370a689c893ec58a5fb97de79c2c938c
https://conda.anaconda.org/conda-forge/win-64/ripgrep-12.1.1-h301d43c_1.tar.bz2#becca280ed37a9ffa9fe12f827ada988
https://conda.anaconda.org/conda-forge/win-64/ruamel_yaml-0.15.80-py39hb82d6ee_1003.tar.bz2#7ee28a14b4035328ef59e3a857605c76
https://conda.anaconda.org/conda-forge/win-64/win_inet_pton-1.1.0-py39hcbf5309_2.tar.bz2#10d4cf2796ef9d1a71f52056469ad587
https://conda.anaconda.org/conda-forge/win-64/wincertstore-0.2-py39hcbf5309_1006.tar.bz2#19046b323a499a293e68cf77ea12ae63
https://conda.anaconda.org/conda-forge/win-64/brotlipy-0.7.0-py39hb82d6ee_1001.tar.bz2#930034c89054b103eec4b9d821f8e196
https://conda.anaconda.org/conda-forge/win-64/cmarkgfm-0.4.2-py39hb82d6ee_3.tar.bz2#a6067664dc3a33dcf8ac84c7f39db326
https://conda.anaconda.org/conda-forge/win-64/cryptography-3.3.1-py39h0878f49_1.tar.bz2#ed1ba9f8cb0b9e090d1dcfc72d769cfe
https://conda.anaconda.org/conda-forge/win-64/keyring-21.8.0-py39hcbf5309_0.tar.bz2#da99fade4b4e447f93f2857b7f791f0f
https://conda.anaconda.org/conda-forge/win-64/menuinst-1.4.16-py39hde42818_1.tar.bz2#e13a5f4263da1d7112abc5e4bb7e1a21
https://conda.anaconda.org/conda-forge/win-64/pysocks-1.7.1-py39hcbf5309_3.tar.bz2#76b07f5b989c96632eb7d6f2bd0c26aa
https://conda.anaconda.org/conda-forge/win-64/setuptools-49.6.0-py39hcbf5309_3.tar.bz2#135507b182371e6d0cd97c875b7e4913
https://conda.anaconda.org/conda-forge/noarch/bleach-3.2.1-pyh9f0ad1d_0.tar.bz2#d4506316b85679972c0b78d4d1c0b701
https://conda.anaconda.org/conda-forge/noarch/jinja2-2.11.2-pyh9f0ad1d_0.tar.bz2#e8a5d614d1a27bdba00059ca062a0551
https://conda.anaconda.org/conda-forge/noarch/pip-20.3.3-pyhd8ed1ab_0.tar.bz2#c7e5c449e502567a995e4bd09c538faf
https://conda.anaconda.org/conda-forge/noarch/pygments-2.7.4-pyhd8ed1ab_0.tar.bz2#d162b2e135758c51410bacfa6f5ef5bb
https://conda.anaconda.org/conda-forge/noarch/pyopenssl-20.0.1-pyhd8ed1ab_0.tar.bz2#92371c25994d0f5d28a01c1fb75ebf86
https://conda.anaconda.org/conda-forge/win-64/conda-verify-3.1.1-py39hcbf5309_1003.tar.bz2#6b7edb78823749550cedec89815e1083
https://conda.anaconda.org/conda-forge/noarch/readme_renderer-27.0-pyh9f0ad1d_0.tar.bz2#38446dff7f69efd3fab98ab4dc68c0c8
https://conda.anaconda.org/conda-forge/noarch/urllib3-1.26.2-pyhd8ed1ab_0.tar.bz2#8bb930d172961c9ba9ffd6e10a64b844
https://conda.anaconda.org/conda-forge/noarch/requests-2.25.1-pyhd3deb0d_0.tar.bz2#ae687aba31a1c400192a86a2e993ffdc
https://conda.anaconda.org/conda-forge/win-64/conda-4.9.2-py39hcbf5309_0.tar.bz2#510d3ad61d38fce420f3738fec106996
https://conda.anaconda.org/conda-forge/noarch/ensureconda-1.4.1-pyhd8ed1ab_0.tar.bz2#52a7f7cc9076e2c8a25e15e19ad42821
https://conda.anaconda.org/conda-forge/noarch/requests-toolbelt-0.9.1-py_0.tar.bz2#402668adee8fcba9a9c265cdc2a88f5a
https://conda.anaconda.org/conda-forge/win-64/conda-build-3.20.5-py39h467e6f4_0.tar.bz2#9303db66eb989678c6c95b8a3c98adc8
https://conda.anaconda.org/conda-forge/noarch/conda-lock-0.8.0-pyhd8ed1ab_0.tar.bz2#1258c98fb0bb0b9171b8150e259535b8
https://conda.anaconda.org/conda-forge/win-64/mamba-0.7.8-py39h006a82b_1.tar.bz2#18c460d757a14d50e13c537696db7db3
https://conda.anaconda.org/conda-forge/win-64/twine-3.3.0-py39hcbf5309_0.tar.bz2#7a1571ffe744d6d5a53515317188b4a8
