@EXPLICIT
https://conda.anaconda.org/conda-forge/win-64/ca-certificates-2021.10.8-h5b45459_0.tar.bz2#2ddd48c9b52f7f65361b9645b2c5d370
https://conda.anaconda.org/conda-forge/win-64/msys2-conda-epoch-20160418-1.tar.bz2#b0309b72560df66f71a9d5e34a5efdfa
https://conda.anaconda.org/conda-forge/noarch/pybind11-abi-4-hd8ed1ab_3.tar.bz2#878f923dd6acc8aeb47a75da6c4098be
https://conda.anaconda.org/conda-forge/noarch/tzdata-2021e-he74cb21_0.tar.bz2#a751ec502589ebdc2eceb183ff602569
https://conda.anaconda.org/conda-forge/win-64/ucrt-10.0.20348.0-h57928b3_0.tar.bz2#6d666b6ea8251231ff508062d1e41f9c
https://conda.anaconda.org/conda-forge/win-64/m2-msys2-runtime-2.5.0.17080.65c939c-3.tar.bz2#ce25c58bc90071bf71f3d472cb8dfbce
https://conda.anaconda.org/conda-forge/win-64/m2w64-gmp-6.1.0-2.tar.bz2#53a1c73e1e3d185516d7e3af177596d9
https://conda.anaconda.org/conda-forge/win-64/m2w64-libwinpthread-git-5.0.0.4634.697f757-2.tar.bz2#774130a326dee16f1ceb05cc687ee4f0
https://conda.anaconda.org/conda-forge/win-64/vs2015_runtime-14.29.30037-h902a5da_6.tar.bz2#33d07ebe91062743eabc9e53a60d18e1
https://conda.anaconda.org/conda-forge/win-64/m2-patch-2.7.5-2.tar.bz2#f5159110837c3e221146e623f3c44f1c
https://conda.anaconda.org/conda-forge/win-64/m2w64-gcc-libs-core-5.3.0-7.tar.bz2#4289d80fb4d272f1f3b56cfe87ac90bd
https://conda.anaconda.org/conda-forge/win-64/vc-14.2-hb210afc_6.tar.bz2#c2aecbc9b00ba6f352e27d3d61fd31fb
https://conda.anaconda.org/conda-forge/win-64/bzip2-1.0.8-h8ffe710_4.tar.bz2#7c03c66026944073040cb19a4f3ec3c9
https://conda.anaconda.org/conda-forge/win-64/libffi-3.4.2-h8ffe710_5.tar.bz2#2c96d1b6915b408893f9472569dee135
https://conda.anaconda.org/conda-forge/win-64/libiconv-1.16-he774522_0.tar.bz2#bdfeadc9348e4d9fbe4821e81bf8f221
https://conda.anaconda.org/conda-forge/win-64/liblief-0.11.5-h0e60522_1.tar.bz2#690bc670e05042446a36307adf0a30db
https://conda.anaconda.org/conda-forge/win-64/libzlib-1.2.11-h8ffe710_1013.tar.bz2#b28dd2488b4e5f892c67071acc1d0a8c
https://conda.anaconda.org/conda-forge/win-64/lz4-c-1.9.3-h8ffe710_1.tar.bz2#d12763533276560a931c1bd3df1adf63
https://conda.anaconda.org/conda-forge/win-64/lzo-2.10-he774522_1000.tar.bz2#d5cf4b7eaa52316f135eed9e8548ad57
https://conda.anaconda.org/conda-forge/win-64/m2w64-gcc-libgfortran-5.3.0-6.tar.bz2#066552ac6b907ec6d72c0ddab29050dc
https://conda.anaconda.org/conda-forge/win-64/openssl-1.1.1l-h8ffe710_0.tar.bz2#07747b2557a7f795585b118bb4f186de
https://conda.anaconda.org/conda-forge/win-64/reproc-14.2.3-h8ffe710_0.tar.bz2#843a3cd031e593c24b542206c3444a2b
https://conda.anaconda.org/conda-forge/win-64/sqlite-3.37.0-h8ffe710_0.tar.bz2#cc2d704449f994c1aa422a5a1cd8a64e
https://conda.anaconda.org/conda-forge/win-64/tk-8.6.12-h8ffe710_0.tar.bz2#c69a5047cc9291ae40afd4a1ad6f0c0f
https://conda.anaconda.org/conda-forge/win-64/xz-5.2.5-h62dcd97_1.tar.bz2#eabcbfedd14d7c18a514afca09ea0ebb
https://conda.anaconda.org/conda-forge/win-64/yaml-0.2.5-h8ffe710_2.tar.bz2#adbfb9f45d1004a26763652246a33764
https://conda.anaconda.org/conda-forge/win-64/yaml-cpp-0.6.3-ha925a31_4.tar.bz2#df3f3407c4e45934a6c091197455ffc1
https://conda.anaconda.org/conda-forge/win-64/krb5-1.19.2-h20d022d_3.tar.bz2#8a773a26af200fd95350e0866c02e2b3
https://conda.anaconda.org/conda-forge/win-64/m2w64-gcc-libs-5.3.0-7.tar.bz2#fe759119b8b3bfa720b8762c6fdc35de
https://conda.anaconda.org/conda-forge/win-64/python-3.10.2-h9a09f29_3_cpython.tar.bz2#81ec8e7d9481cd2963c302b7bb565d87
https://conda.anaconda.org/conda-forge/win-64/reproc-cpp-14.2.3-h0e60522_0.tar.bz2#534e8626893c41ed3b08bbba07396ca3
https://conda.anaconda.org/conda-forge/win-64/zlib-1.2.11-h8ffe710_1013.tar.bz2#866517df4fd8bb813bc20c24cf7b8f05
https://conda.anaconda.org/conda-forge/win-64/zstd-1.5.2-h6255e5f_0.tar.bz2#68de506283d23d66cf1e4ce3814d6cdc
https://conda.anaconda.org/conda-forge/noarch/appdirs-1.4.4-pyh9f0ad1d_0.tar.bz2#5f095bc6454094e96f146491fd03633b
https://conda.anaconda.org/conda-forge/noarch/attrs-21.4.0-pyhd8ed1ab_0.tar.bz2#f70280205d7044c8b8358c8de3190e5d
https://conda.anaconda.org/conda-forge/noarch/backports-1.0-py_2.tar.bz2#0da16b293affa6ac31812376f8eb79dd
https://conda.anaconda.org/conda-forge/noarch/charset-normalizer-2.0.12-pyhd8ed1ab_0.tar.bz2#1f5b32dabae0f1893ae3283dac7f799e
https://conda.anaconda.org/conda-forge/noarch/cloudpickle-2.0.0-pyhd8ed1ab_0.tar.bz2#3a8fc8b627d5fb6af827e126a10a86c6
https://conda.anaconda.org/conda-forge/noarch/colorama-0.4.4-pyh9f0ad1d_0.tar.bz2#c08b4c1326b880ed44f3ffb04803332f
https://conda.anaconda.org/conda-forge/noarch/dataclasses-0.8-pyhc8e2a94_3.tar.bz2#a362b2124b06aad102e2ee4581acee7d
https://conda.anaconda.org/conda-forge/noarch/filelock-3.6.0-pyhd8ed1ab_0.tar.bz2#6e03ca6c7b47a4152a2b12c6eee3bd32
https://conda.anaconda.org/conda-forge/noarch/glob2-0.7-py_0.tar.bz2#1f3a88e65e61216e1d475135922dbf6a
https://conda.anaconda.org/conda-forge/noarch/idna-3.3-pyhd8ed1ab_0.tar.bz2#40b50b8b030f5f2f22085c062ed013dd
https://conda.anaconda.org/conda-forge/noarch/json5-0.9.5-pyh9f0ad1d_0.tar.bz2#10759827a94e6b14996e81fb002c0bda
https://conda.anaconda.org/conda-forge/win-64/libsolv-0.7.19-h7755175_5.tar.bz2#25b1c3998d82e0129eb625052854ad5b
https://conda.anaconda.org/conda-forge/win-64/libssh2-1.10.0-h680486a_2.tar.bz2#7c3dab9db46226852f9c4c163870e4e4
https://conda.anaconda.org/conda-forge/win-64/libxml2-2.9.12-hf5bbc77_1.tar.bz2#3858e37596bacdc4bd3539464d7a4d70
https://conda.anaconda.org/conda-forge/noarch/pkginfo-1.8.2-pyhd8ed1ab_0.tar.bz2#c776a1cd5745674c28c20a5498cafa89
https://conda.anaconda.org/conda-forge/noarch/pycparser-2.21-pyhd8ed1ab_0.tar.bz2#076becd9e05608f8dc72757d5f3a91ff
https://conda.anaconda.org/conda-forge/noarch/pyparsing-3.0.7-pyhd8ed1ab_0.tar.bz2#727e2216d9c47455d8ddc060eb2caad9
https://conda.anaconda.org/conda-forge/win-64/python_abi-3.10-2_cp310.tar.bz2#aaa900b98edb2e67106b461ff365ba57
https://conda.anaconda.org/conda-forge/noarch/pytz-2021.3-pyhd8ed1ab_0.tar.bz2#7e4f811bff46a5a6a7e0094921389395
https://conda.anaconda.org/conda-forge/noarch/rfc3986-2.0.0-pyhd8ed1ab_0.tar.bz2#d337886e38f965bf97aaec382ff6db00
https://conda.anaconda.org/conda-forge/win-64/ripgrep-13.0.0-h7f3b576_1.tar.bz2#bb5d05a690997bb47adbe7c07d6c7b4a
https://conda.anaconda.org/conda-forge/noarch/six-1.16.0-pyh6c4a22f_0.tar.bz2#e5f25f8dbc060e9a8d912e432202afc2
https://conda.anaconda.org/conda-forge/noarch/soupsieve-2.3.1-pyhd8ed1ab_0.tar.bz2#d821b295c4bd18ad27e1e19543a5784a
https://conda.anaconda.org/conda-forge/noarch/toml-0.10.2-pyhd8ed1ab_0.tar.bz2#f832c45a477c78bebd107098db465095
https://conda.anaconda.org/conda-forge/noarch/typing_extensions-4.1.1-pyha770c72_0.tar.bz2#74761ba7bc682e9009520163a1031ace
https://conda.anaconda.org/conda-forge/noarch/watchgod-0.7-pyhd8ed1ab_0.tar.bz2#579cdbf560b3d891212227eb1576948e
https://conda.anaconda.org/conda-forge/noarch/webencodings-0.5.1-py_1.tar.bz2#3563be4c5611a44210d9ba0c16113136
https://conda.anaconda.org/conda-forge/noarch/wheel-0.37.1-pyhd8ed1ab_0.tar.bz2#1ca02aaf78d9c70d9a81a3bed5752022
https://conda.anaconda.org/conda-forge/noarch/zipp-3.7.0-pyhd8ed1ab_1.tar.bz2#b689b2cbc8481b224777415e1a193170
https://conda.anaconda.org/conda-forge/noarch/beautifulsoup4-4.10.0-pyha770c72_0.tar.bz2#c29e0b4a2ff546cedbe6dc2921948a1d
https://conda.anaconda.org/conda-forge/win-64/certifi-2021.10.8-py310h5588dad_1.tar.bz2#d54dc314d865498a7349f4ebe35448a6
https://conda.anaconda.org/conda-forge/win-64/cffi-1.15.0-py310hcbf9ad4_0.tar.bz2#ffea8be6c3b061eb7361a8686af44861
https://conda.anaconda.org/conda-forge/win-64/chardet-4.0.0-py310h5588dad_2.tar.bz2#195606f5c8d52300d78080cd12c38fd5
https://conda.anaconda.org/conda-forge/win-64/click-8.0.4-py310h5588dad_0.tar.bz2#530b013f23cc7d2ee5af745d5cb7e4fc
https://conda.anaconda.org/conda-forge/win-64/docutils-0.18.1-py310h5588dad_0.tar.bz2#74f29a17f303881a4392ef69cad11c1d
https://conda.anaconda.org/conda-forge/win-64/doit-0.34.1-py310h5588dad_0.tar.bz2#3bf01d378b53c43d94bccf1213e4b85b
https://conda.anaconda.org/conda-forge/win-64/future-0.18.2-py310h5588dad_4.tar.bz2#e340585a7b3c0006640299c18bc91ea5
https://conda.anaconda.org/conda-forge/win-64/importlib-metadata-4.11.1-py310h5588dad_0.tar.bz2#9b44cfcdd177ccc9d9c320ed6b5b839d
https://conda.anaconda.org/conda-forge/noarch/importlib_resources-5.4.0-pyhd8ed1ab_0.tar.bz2#9fb134dbabe7851a9d71411064b2c30d
https://conda.anaconda.org/conda-forge/win-64/libarchive-3.5.2-hb45042f_1.tar.bz2#efb382c651b6b3f845134aaea2e99b15
https://conda.anaconda.org/conda-forge/win-64/libcurl-7.81.0-h789b8ee_0.tar.bz2#c5ac1ff403590d7b4472d5e89adfbd32
https://conda.anaconda.org/conda-forge/win-64/markupsafe-2.1.0-py310he2412df_0.tar.bz2#3cb96445de5e857af153a23997590ac0
https://conda.anaconda.org/conda-forge/noarch/packaging-21.3-pyhd8ed1ab_0.tar.bz2#71f1ab2de48613876becddd496371c85
https://conda.anaconda.org/conda-forge/win-64/psutil-5.9.0-py310he2412df_0.tar.bz2#757a78419190af33091621ac98f62f98
https://conda.anaconda.org/conda-forge/win-64/py-lief-0.11.5-py310h8a704f9_1.tar.bz2#8437290dbcac3f04514d0a220cf05e00
https://conda.anaconda.org/conda-forge/win-64/pycosat-0.6.3-py310he2412df_1009.tar.bz2#b984d790f39717ac390e1d358d996d73
https://conda.anaconda.org/conda-forge/win-64/pyrsistent-0.18.1-py310he2412df_0.tar.bz2#8d9847ea613b97a7d32cb77a3c8f100d
https://conda.anaconda.org/conda-forge/win-64/pywin32-303-py310he2412df_0.tar.bz2#e034f495e69b266fc082c92f75398f22
https://conda.anaconda.org/conda-forge/win-64/pywin32-ctypes-0.2.0-py310h5588dad_1004.tar.bz2#41f7d7d0a4f6af4fbdcafc4fc340ce8e
https://conda.anaconda.org/conda-forge/win-64/pyyaml-6.0-py310he2412df_3.tar.bz2#e9d0119d704abafde3ed6a0df854fc92
https://conda.anaconda.org/conda-forge/win-64/ruamel.yaml.clib-0.2.6-py310he2412df_0.tar.bz2#0bc305f427efcf8d60e2a96d1ca46c79
https://conda.anaconda.org/conda-forge/win-64/ruamel_yaml-0.15.80-py310he2412df_1006.tar.bz2#cef095c8aef6c4cafbe70360236f314d
https://conda.anaconda.org/conda-forge/win-64/setuptools-60.9.3-py310h5588dad_0.tar.bz2#356c2849d98ebbb1a7f301d14ca2b8ae
https://conda.anaconda.org/conda-forge/noarch/tqdm-4.62.3-pyhd8ed1ab_0.tar.bz2#24ed42db084efd6e615babec03c2b460
https://conda.anaconda.org/conda-forge/noarch/typing-extensions-4.1.1-hd8ed1ab_0.tar.bz2#9d1b5bbaa13bca480c80893a87a52c4f
https://conda.anaconda.org/conda-forge/win-64/win_inet_pton-1.1.0-py310h5588dad_3.tar.bz2#076952825d5d17d31200c148f03ebe2b
https://conda.anaconda.org/conda-forge/noarch/backports.functools_lru_cache-1.6.4-pyhd8ed1ab_0.tar.bz2#c5b3edc62d6309088f4970b3eaaa65a6
https://conda.anaconda.org/conda-forge/noarch/bleach-4.1.0-pyhd8ed1ab_0.tar.bz2#4a2104c7b22c222bd0fe03aaef12862c
https://conda.anaconda.org/conda-forge/win-64/brotlipy-0.7.0-py310he2412df_1003.tar.bz2#87576e9f785509ab8c09f2b87c7035ab
https://conda.anaconda.org/conda-forge/noarch/click-default-group-1.2.2-pyhd8ed1ab_1.tar.bz2#72a46ffc25701c173932fd55cf0965d3
https://conda.anaconda.org/conda-forge/win-64/cmarkgfm-0.7.0-py310he2412df_0.tar.bz2#adb1b412003376aed0eba8c8383e2967
https://conda.anaconda.org/conda-forge/noarch/commonmark-0.9.1-py_0.tar.bz2#6aa0173c14befcd577ded130cf6f22f5
https://conda.anaconda.org/conda-forge/win-64/conda-package-handling-1.7.3-py310h4f637d6_1.tar.bz2#331822a00d97f07bc27070848c9fe668
https://conda.anaconda.org/conda-forge/win-64/cryptography-36.0.1-py310ha857299_0.tar.bz2#98b944590e40d3252242b4c3f853f784
https://conda.anaconda.org/conda-forge/noarch/importlib_metadata-4.11.1-hd8ed1ab_0.tar.bz2#bed9598b42e27d4714c72bfdfb1205b8
https://conda.anaconda.org/conda-forge/noarch/jinja2-3.0.3-pyhd8ed1ab_0.tar.bz2#036d872c653780cb26e797e2e2f61b4c
https://conda.anaconda.org/conda-forge/noarch/joblib-1.1.0-pyhd8ed1ab_0.tar.bz2#07d1b5c8cde14d95998fd4767e1e62d2
https://conda.anaconda.org/conda-forge/noarch/jsonschema-4.4.0-pyhd8ed1ab_0.tar.bz2#17ec41acce882e5db4efdcc4c01ca7e0
https://conda.anaconda.org/conda-forge/win-64/libmamba-0.21.2-h44daa3b_0.tar.bz2#5b3f8d8b243268f995eac0f5d412c757
https://conda.anaconda.org/conda-forge/win-64/menuinst-1.4.18-py310h5588dad_1.tar.bz2#a1d657d95c84a0c6ffcbccb70cf398b9
https://conda.anaconda.org/conda-forge/noarch/pip-22.0.3-pyhd8ed1ab_0.tar.bz2#45dedae69a0ea21cb8566d04b2ca5536
https://conda.anaconda.org/conda-forge/win-64/pydantic-1.9.0-py310he2412df_0.tar.bz2#89b3da947b5f35bb334e933d87090334
https://conda.anaconda.org/conda-forge/noarch/pygments-2.11.2-pyhd8ed1ab_0.tar.bz2#caef60540e2239e27bf62569a5015e3b
https://conda.anaconda.org/conda-forge/win-64/pysocks-1.7.1-py310h5588dad_4.tar.bz2#1a6a04ff640bddc94b0db9294ea5de01
https://conda.anaconda.org/conda-forge/win-64/python-libarchive-c-4.0-py310h5588dad_0.tar.bz2#83e735c4b884e56f43e7789a12ba34c7
https://conda.anaconda.org/conda-forge/win-64/ruamel.yaml-0.17.21-py310he2412df_0.tar.bz2#93ec397be7de8e0dfbcbe27636a5beee
https://conda.anaconda.org/conda-forge/win-64/conda-verify-3.1.1-py310h5588dad_1004.tar.bz2#921ef21ba0bf741d0a0c756227887277
https://conda.anaconda.org/conda-forge/win-64/keyring-23.4.0-py310h5588dad_2.tar.bz2#f2325d329f08b55620d0aa99971b8876
https://conda.anaconda.org/conda-forge/win-64/libmambapy-0.21.2-py310hcc243ed_0.tar.bz2#f67f1046980a54e1587f3b8bb1c288ad
https://conda.anaconda.org/conda-forge/noarch/pyopenssl-22.0.0-pyhd8ed1ab_0.tar.bz2#1d7e241dfaf5475e893d4b824bb71b44
https://conda.anaconda.org/conda-forge/noarch/readme_renderer-27.0-pyh9f0ad1d_0.tar.bz2#38446dff7f69efd3fab98ab4dc68c0c8
https://conda.anaconda.org/conda-forge/noarch/rich-11.2.0-pyhd8ed1ab_0.tar.bz2#272ff8172fa4c4cf70fc7afb1b51e515
https://conda.anaconda.org/conda-forge/noarch/wcwidth-0.2.5-pyh9f0ad1d_2.tar.bz2#5266fcd697043c59621fda522b3d78ee
https://conda.anaconda.org/conda-forge/noarch/prompt-toolkit-3.0.27-pyha770c72_0.tar.bz2#6c23d05d56ee3a82b57af972a8509888
https://conda.anaconda.org/conda-forge/noarch/urllib3-1.26.8-pyhd8ed1ab_1.tar.bz2#53f1387c68c21cecb386e2cde51b3f7c
https://conda.anaconda.org/conda-forge/noarch/prompt_toolkit-3.0.27-hd8ed1ab_0.tar.bz2#9f53f459a7690c8f1f3a0d81acf8a75f
https://conda.anaconda.org/conda-forge/noarch/requests-2.27.1-pyhd8ed1ab_0.tar.bz2#7c1c427246b057b8fa97200ecdb2ed62
https://conda.anaconda.org/conda-forge/win-64/conda-4.11.0-py310h5588dad_0.tar.bz2#da22fb9d72cdd87cf596de5ec52d3589
https://conda.anaconda.org/conda-forge/noarch/ensureconda-1.4.1-pyhd8ed1ab_0.tar.bz2#52a7f7cc9076e2c8a25e15e19ad42821
https://conda.anaconda.org/conda-forge/noarch/requests-toolbelt-0.9.1-py_0.tar.bz2#402668adee8fcba9a9c265cdc2a88f5a
https://conda.anaconda.org/conda-forge/win-64/conda-build-3.21.8-py310h5588dad_0.tar.bz2#f93dbc1af6adf3c2c8147a94cb15ddb2
https://conda.anaconda.org/conda-forge/noarch/conda-lock-0.13.2-pyhd8ed1ab_0.tar.bz2#4fa525b4257e4938eaeb2269fdf33d1f
https://conda.anaconda.org/conda-forge/win-64/mamba-0.21.2-py310h9376f3e_0.tar.bz2#b1d6ae3b521cf4cc5c06522e7277a571
https://conda.anaconda.org/conda-forge/noarch/twine-3.8.0-pyhd8ed1ab_0.tar.bz2#5d3c0f63166e57c20516b6fc2c1d1115
https://conda.anaconda.org/conda-forge/noarch/boa-0.9.0-pyha770c72_0.tar.bz2#e0db4aad64b536d50301eb08c8b3e834