@EXPLICIT
https://conda.anaconda.org/conda-forge/win-64/ca-certificates-2022.9.24-h5b45459_0.tar.bz2#5fba0abc60bf327a4bc4188cd64678be
https://conda.anaconda.org/conda-forge/win-64/nodejs-18.10.0-h57928b3_0.tar.bz2#8a78fa211d9373be1fe057531deca7f1
https://conda.anaconda.org/conda-forge/win-64/pandoc-2.19.2-h57928b3_0.tar.bz2#2385413bf7afd2614c504568eaac3b5e
https://conda.anaconda.org/conda-forge/win-64/ucrt-10.0.20348.0-h57928b3_0.tar.bz2#6d666b6ea8251231ff508062d1e41f9c
https://conda.anaconda.org/conda-forge/win-64/winpty-0.4.3-4.tar.bz2#1cee351bf20b830d991dbe0bc8cd7dfe
https://conda.anaconda.org/conda-forge/win-64/vs2015_runtime-14.29.30139-h890b9b1_7.tar.bz2#fa1c74e99660f26265535fefee8e0e42
https://conda.anaconda.org/conda-forge/win-64/vc-14.2-hb210afc_7.tar.bz2#079ed576a6c8f0c9b0bbaca0b786daa3
https://conda.anaconda.org/conda-forge/win-64/libsodium-1.0.18-h8d14728_1.tar.bz2#5c1fb45b5e2912c19098750ae8a32604
https://conda.anaconda.org/conda-forge/win-64/openssl-1.1.1q-h8ffe710_0.tar.bz2#2ee16f406ee12fe4dcd08b513e9bd0c6
https://conda.anaconda.org/conda-forge/win-64/python-3.6.15-h39d44d4_0_cpython.tar.bz2#5e15cafa8ab460418b3b68080cba5b32
https://conda.anaconda.org/conda-forge/win-64/yaml-0.2.5-h8ffe710_2.tar.bz2#adbfb9f45d1004a26763652246a33764
https://conda.anaconda.org/conda-forge/noarch/alabaster-0.7.12-py_0.tar.bz2#2489a97287f90176ecdc3ca982b4b0a0
https://conda.anaconda.org/conda-forge/noarch/async_generator-1.10-py_0.tar.bz2#d56c596e61b1c4952acf0a9920856c12
https://conda.anaconda.org/conda-forge/noarch/attrs-21.4.0-pyhd8ed1ab_0.tar.bz2#f70280205d7044c8b8358c8de3190e5d
https://conda.anaconda.org/conda-forge/noarch/backcall-0.2.0-pyh9f0ad1d_0.tar.bz2#6006a6d08a3fa99268a2681c7fb55213
https://conda.anaconda.org/conda-forge/noarch/backports-1.0-py_2.tar.bz2#0da16b293affa6ac31812376f8eb79dd
https://conda.anaconda.org/conda-forge/noarch/charset-normalizer-2.1.1-pyhd8ed1ab_0.tar.bz2#c1d5b294fbf9a795dec349a6f4d8be8e
https://conda.anaconda.org/conda-forge/noarch/cloudpickle-2.2.0-pyhd8ed1ab_0.tar.bz2#a6cf47b09786423200d7982d1faa19eb
https://conda.anaconda.org/conda-forge/noarch/colorama-0.4.5-pyhd8ed1ab_0.tar.bz2#c267da48ce208905d7d976d49dfd9433
https://conda.anaconda.org/conda-forge/noarch/dataclasses-0.8-pyh787bdff_2.tar.bz2#ed959a4ba14e6ddfa898630a5474a601
https://conda.anaconda.org/conda-forge/noarch/decorator-5.1.1-pyhd8ed1ab_0.tar.bz2#43afe5ab04e35e17ba28649471dd7364
https://conda.anaconda.org/conda-forge/noarch/defusedxml-0.7.1-pyhd8ed1ab_0.tar.bz2#961b3a227b437d82ad7054484cfa71b2
https://conda.anaconda.org/conda-forge/noarch/entrypoints-0.4-pyhd8ed1ab_0.tar.bz2#3cf04868fee0a029769bd41f4b2fbf2d
https://conda.anaconda.org/conda-forge/noarch/idna-3.4-pyhd8ed1ab_0.tar.bz2#34272b248891bddccc64479f9a7fffed
https://conda.anaconda.org/conda-forge/noarch/imagesize-1.4.1-pyhd8ed1ab_0.tar.bz2#7de5386c8fea29e76b303f37dde4c352
https://conda.anaconda.org/conda-forge/noarch/ipython_genutils-0.2.0-py_1.tar.bz2#5071c982548b3a20caf70462f04f5287
https://conda.anaconda.org/conda-forge/noarch/jupyterlab_widgets-1.1.1-pyhd8ed1ab_0.tar.bz2#9e79315db0f0742b9a2215e122ef8fc9
https://conda.anaconda.org/conda-forge/noarch/nest-asyncio-1.5.5-pyhd8ed1ab_0.tar.bz2#dc36c992aec485c0efff619ed2e63957
https://conda.anaconda.org/conda-forge/noarch/pandocfilters-1.5.0-pyhd8ed1ab_0.tar.bz2#457c2c8c08e54905d6954e79cb5b5db9
https://conda.anaconda.org/conda-forge/noarch/parso-0.7.1-pyh9f0ad1d_0.tar.bz2#f66647d1ec805566d72ac26f62b19c01
https://conda.anaconda.org/conda-forge/noarch/pickleshare-0.7.5-py_1003.tar.bz2#415f0ebb6198cc2801c73438a9fb5761
https://conda.anaconda.org/conda-forge/win-64/port-for-0.3.1-py36_1.tar.bz2#dccb33b303c4c1eee274a6448535bfe1
https://conda.anaconda.org/conda-forge/noarch/prometheus_client-0.14.1-pyhd8ed1ab_0.tar.bz2#b7fa7d86530b8de805268e48988eb483
https://conda.anaconda.org/conda-forge/noarch/pycparser-2.21-pyhd8ed1ab_0.tar.bz2#076becd9e05608f8dc72757d5f3a91ff
https://conda.anaconda.org/conda-forge/noarch/pyparsing-3.0.9-pyhd8ed1ab_0.tar.bz2#e8fbc1b54b25f4b08281467bc13b70cc
https://conda.anaconda.org/conda-forge/win-64/python_abi-3.6-2_cp36m.tar.bz2#7d5091713ab031f827e4d3653b24fb01
https://conda.anaconda.org/conda-forge/noarch/pytz-2022.2.1-pyhd8ed1ab_0.tar.bz2#974bca71d00364630f63f31fa7e059cb
https://conda.anaconda.org/conda-forge/noarch/robotframework-5.0.1-pyhd8ed1ab_0.tar.bz2#325df82f1bdd5175bb7b16d0c96e7d5e
https://conda.anaconda.org/conda-forge/noarch/send2trash-1.8.0-pyhd8ed1ab_0.tar.bz2#edab14119efe85c3bf131ad747e9005c
https://conda.anaconda.org/conda-forge/noarch/shellingham-1.5.0-pyhd8ed1ab_0.tar.bz2#65bacdee3cac51e49f45d530bbd5e90f
https://conda.anaconda.org/conda-forge/noarch/six-1.16.0-pyh6c4a22f_0.tar.bz2#e5f25f8dbc060e9a8d912e432202afc2
https://conda.anaconda.org/conda-forge/noarch/smmap-3.0.5-pyh44b312d_0.tar.bz2#3a8dc70789709aa315325d5df06fb7e4
https://conda.anaconda.org/conda-forge/noarch/snowballstemmer-2.2.0-pyhd8ed1ab_0.tar.bz2#4d22a9315e78c6827f806065957d566e
https://conda.anaconda.org/conda-forge/noarch/soupsieve-2.3.2.post1-pyhd8ed1ab_0.tar.bz2#146f4541d643d48fc8a75cacf69f03ae
https://conda.anaconda.org/conda-forge/noarch/sphinxcontrib-applehelp-1.0.2-py_0.tar.bz2#20b2eaeaeea4ef9a9a0d99770620fd09
https://conda.anaconda.org/conda-forge/noarch/sphinxcontrib-devhelp-1.0.2-py_0.tar.bz2#68e01cac9d38d0e717cd5c87bc3d2cc9
https://conda.anaconda.org/conda-forge/noarch/sphinxcontrib-htmlhelp-2.0.0-pyhd8ed1ab_0.tar.bz2#77dad82eb9c8c1525ff7953e0756d708
https://conda.anaconda.org/conda-forge/noarch/sphinxcontrib-jsmath-1.0.1-py_0.tar.bz2#67cd9d9c0382d37479b4d306c369a2d4
https://conda.anaconda.org/conda-forge/noarch/sphinxcontrib-qthelp-1.0.3-py_0.tar.bz2#d01180388e6d1838c3e1ad029590aa7a
https://conda.anaconda.org/conda-forge/noarch/sphinxcontrib-serializinghtml-1.1.5-pyhd8ed1ab_2.tar.bz2#9ff55a0901cf952f05c654394de76bf7
https://conda.anaconda.org/conda-forge/noarch/testpath-0.6.0-pyhd8ed1ab_0.tar.bz2#196b1f0165dbc9ea6f03c3b3419323fd
https://conda.anaconda.org/conda-forge/noarch/typing_extensions-4.1.1-pyha770c72_0.tar.bz2#74761ba7bc682e9009520163a1031ace
https://conda.anaconda.org/conda-forge/noarch/webencodings-0.5.1-py_1.tar.bz2#3563be4c5611a44210d9ba0c16113136
https://conda.anaconda.org/conda-forge/noarch/websocket-client-1.3.1-pyhd8ed1ab_0.tar.bz2#0fa7710a18a1fa033b8337f6515c9de1
https://conda.anaconda.org/conda-forge/noarch/wheel-0.37.1-pyhd8ed1ab_0.tar.bz2#1ca02aaf78d9c70d9a81a3bed5752022
https://conda.anaconda.org/conda-forge/win-64/zeromq-4.3.4-h0e60522_1.tar.bz2#e1aff0583dda5fb917eb3d2c1025aa80
https://conda.anaconda.org/conda-forge/noarch/zipp-3.6.0-pyhd8ed1ab_0.tar.bz2#855e2c4622f5eb50a4f6f7167b9ba17a
https://conda.anaconda.org/conda-forge/noarch/babel-2.10.3-pyhd8ed1ab_0.tar.bz2#72f1c6d03109d7a70087bc1d029a8eda
https://conda.anaconda.org/conda-forge/noarch/beautifulsoup4-4.11.1-pyha770c72_0.tar.bz2#eeec8814bd97b2681f708bb127478d7d
https://conda.anaconda.org/conda-forge/win-64/certifi-2021.5.30-py36ha15d459_0.tar.bz2#6c14434e8a7ccb194e17c6dc765cd2d7
https://conda.anaconda.org/conda-forge/win-64/cffi-1.14.6-py36he58ceb7_1.tar.bz2#04e96e4486f968471b7e9120b34efc26
https://conda.anaconda.org/conda-forge/win-64/docutils-0.17.1-py36ha15d459_0.tar.bz2#d222d08c8ba574f3c441ef1c6c3f20c0
https://conda.anaconda.org/conda-forge/win-64/doit-0.33.1-py36h9f0ad1d_1.tar.bz2#eda38f9e8dc256068db9f41d2c26febb
https://conda.anaconda.org/conda-forge/noarch/gitdb-4.0.9-pyhd8ed1ab_0.tar.bz2#40fc6b14a45dee3a3fd9f302d026108e
https://conda.anaconda.org/conda-forge/win-64/importlib-metadata-4.8.1-py36ha15d459_0.tar.bz2#a03999f088a613b004793c79836f8586
https://conda.anaconda.org/conda-forge/win-64/jedi-0.17.2-py36ha15d459_1.tar.bz2#490ace8303a86ab3f83340b5d3da4ff7
https://conda.anaconda.org/conda-forge/noarch/markdown-it-py-1.1.0-pyhd8ed1ab_0.tar.bz2#84e8dfb1a9e6a824f32fd45b867271ca
https://conda.anaconda.org/conda-forge/win-64/markupsafe-2.0.1-py36h68aa20f_0.tar.bz2#f105416cae3d83909a3d3a298a09ccfd
https://conda.anaconda.org/conda-forge/win-64/mistune-0.8.4-py36h68aa20f_1004.tar.bz2#2799bd98bb907caf6cd8f7e267b67dd6
https://conda.anaconda.org/conda-forge/noarch/packaging-21.3-pyhd8ed1ab_0.tar.bz2#71f1ab2de48613876becddd496371c85
https://conda.anaconda.org/conda-forge/win-64/pyrsistent-0.17.3-py36h68aa20f_2.tar.bz2#80501f3a11567129a12f516cb0b4e945
https://conda.anaconda.org/conda-forge/noarch/python-dateutil-2.8.2-pyhd8ed1ab_0.tar.bz2#dd999d1cc9f79e67dbb855c8924c7984
https://conda.anaconda.org/conda-forge/win-64/pywin32-301-py36h68aa20f_0.tar.bz2#1821266535a9ab001fb40f149d9c6e38
https://conda.anaconda.org/conda-forge/win-64/pywinpty-1.1.4-py36hcae0e51_0.tar.bz2#ccf38f011652c75dfdcd8aeb377f38ab
https://conda.anaconda.org/conda-forge/win-64/pyyaml-5.4.1-py36h68aa20f_1.tar.bz2#ae5f3a0e11f0fa420eaa1b9c45b8971f
https://conda.anaconda.org/conda-forge/win-64/pyzmq-22.3.0-py36h1d5d788_0.tar.bz2#98b0b93644eca5848dfe524bd1559784
https://conda.anaconda.org/conda-forge/noarch/robotframework-pythonlibcore-3.0.0-pyhd8ed1ab_0.tar.bz2#5651c801936eed0acac65983bf87f9e4
https://conda.anaconda.org/conda-forge/win-64/setuptools-58.0.4-py36ha15d459_2.tar.bz2#c3ec7ff14cc5bc85e872fdc178682658
https://conda.anaconda.org/conda-forge/win-64/sqlalchemy-1.3.23-py36h68aa20f_0.tar.bz2#69b7dd37353216761393e6bc945125f4
https://conda.anaconda.org/conda-forge/win-64/tornado-6.1-py36h68aa20f_1.tar.bz2#d525a5e3e9ebc81cde370af8b8182d57
https://conda.anaconda.org/conda-forge/noarch/traitlets-4.3.3-pyhd8ed1ab_2.tar.bz2#dacad0ee02418407a5991b0b62dfdc18
https://conda.anaconda.org/conda-forge/noarch/typing-extensions-4.1.1-hd8ed1ab_0.tar.bz2#9d1b5bbaa13bca480c80893a87a52c4f
https://conda.anaconda.org/conda-forge/win-64/win_inet_pton-1.1.0-py36ha15d459_2.tar.bz2#013b3e30f04cabc8367a576cf6b53251
https://conda.anaconda.org/conda-forge/win-64/argon2-cffi-21.1.0-py36h68aa20f_0.tar.bz2#6bd9efaec0703a22a26e6fd49e01d5f4
https://conda.anaconda.org/conda-forge/noarch/backports.functools_lru_cache-1.6.4-pyhd8ed1ab_0.tar.bz2#c5b3edc62d6309088f4970b3eaaa65a6
https://conda.anaconda.org/conda-forge/noarch/bleach-5.0.1-pyhd8ed1ab_0.tar.bz2#1f5151d37e4a2b1137f81c89a3a769f2
https://conda.anaconda.org/conda-forge/win-64/brotlipy-0.7.0-py36h68aa20f_1001.tar.bz2#e45c36a9ada27b0646a99e38e604cb11
https://conda.anaconda.org/conda-forge/win-64/click-8.0.1-py36ha15d459_0.tar.bz2#7e8118398369a908aa80ba7814a977d8
https://conda.anaconda.org/conda-forge/win-64/cryptography-35.0.0-py36hd0de82c_0.tar.bz2#7589bd79dbe21a2d5fc69c9ceb7103ce
https://conda.anaconda.org/conda-forge/noarch/gitpython-3.1.18-pyhd8ed1ab_0.tar.bz2#19520f600cddf466cc3551e521809b66
https://conda.anaconda.org/conda-forge/win-64/immutables-0.16-py36h68aa20f_0.tar.bz2#9182184eb4ea7c7ee1c598a4a1ac3882
https://conda.anaconda.org/conda-forge/noarch/jinja2-3.0.3-pyhd8ed1ab_0.tar.bz2#036d872c653780cb26e797e2e2f61b4c
https://conda.anaconda.org/conda-forge/noarch/jsonschema-4.1.2-pyhd8ed1ab_0.tar.bz2#94188756716d63117f09d546a30d43e7
https://conda.anaconda.org/conda-forge/win-64/jupyter_core-4.8.1-py36ha15d459_0.tar.bz2#7f67198f7d78155afc042c84afea7093
https://conda.anaconda.org/conda-forge/noarch/livereload-2.6.3-pyh9f0ad1d_0.tar.bz2#b7190e3ec3eff52839434bf4698e2d62
https://conda.anaconda.org/conda-forge/noarch/mdit-py-plugins-0.2.8-pyhd8ed1ab_0.tar.bz2#49236fcd746a124eb56d326f79e1d46d
https://conda.anaconda.org/conda-forge/noarch/pip-21.3.1-pyhd8ed1ab_0.tar.bz2#e4fe2a9af78ff11f1aced7e62128c6a8
https://conda.anaconda.org/conda-forge/noarch/pygments-2.13.0-pyhd8ed1ab_0.tar.bz2#9f478e8eedd301008b5f395bad0caaed
https://conda.anaconda.org/conda-forge/win-64/pysocks-1.7.1-py36ha15d459_3.tar.bz2#9206317afc2ceb52594ed54af1cd5dd0
https://conda.anaconda.org/conda-forge/win-64/terminado-0.12.1-py36ha15d459_0.tar.bz2#02f3bae815dbce1ce9dfcc50437a3c78
https://conda.anaconda.org/conda-forge/win-64/click-completion-0.5.2-py36ha15d459_2.tar.bz2#4fd1b2f1f9aed32f9d0e986e53fb3744
https://conda.anaconda.org/conda-forge/noarch/click-log-0.3.2-pyh9f0ad1d_0.tar.bz2#3a64d156136fad977df1b81a24b57ac0
https://conda.anaconda.org/conda-forge/noarch/contextvars-2.4-py_0.tar.bz2#295fe9300971a6bd1dc4b18ad6509be2
https://conda.anaconda.org/conda-forge/noarch/jupyter_client-7.1.2-pyhd8ed1ab_0.tar.bz2#9a332b6f8f05629435ce59032df8cfa9
https://conda.anaconda.org/conda-forge/noarch/jupyterlab_pygments-0.1.2-pyh9f0ad1d_0.tar.bz2#2cbd910890bb328e8959246a1e16fac7
https://conda.anaconda.org/conda-forge/noarch/nbformat-5.1.3-pyhd8ed1ab_0.tar.bz2#bafa5df6d4f8db69a4d197b4657127e7
https://conda.anaconda.org/conda-forge/noarch/pyopenssl-22.0.0-pyhd8ed1ab_1.tar.bz2#2e7e3630919d29c8216bfa2cd643d79e
https://conda.anaconda.org/conda-forge/noarch/wcwidth-0.2.5-pyh9f0ad1d_2.tar.bz2#5266fcd697043c59621fda522b3d78ee
https://conda.anaconda.org/conda-forge/noarch/nbclient-0.5.9-pyhd8ed1ab_0.tar.bz2#21554dd9bbabff27ae87f715fee4d56c
https://conda.anaconda.org/conda-forge/noarch/prompt-toolkit-3.0.31-pyha770c72_0.tar.bz2#94fee21afe199936bc361608e537cd11
https://conda.anaconda.org/conda-forge/win-64/sniffio-1.2.0-py36ha15d459_1.tar.bz2#f542be151271da376c55d199f67effd0
https://conda.anaconda.org/conda-forge/noarch/urllib3-1.26.11-pyhd8ed1ab_0.tar.bz2#0738978569b10669bdef41c671252dd1
https://conda.anaconda.org/conda-forge/win-64/anyio-3.3.2-py36ha15d459_0.tar.bz2#146c4bd02b656dbef13baec12b820283
https://conda.anaconda.org/conda-forge/win-64/ipython-7.16.1-py36h7b2dad6_2.tar.bz2#e69ba043a57a9b40eadf45ced5b581f5
https://conda.anaconda.org/conda-forge/win-64/nbconvert-6.0.7-py36ha15d459_3.tar.bz2#307a9bfc241eee6f939c0ba028af4154
https://conda.anaconda.org/conda-forge/noarch/requests-2.28.1-pyhd8ed1ab_0.tar.bz2#70d6e72856de9551f83ae0f2de689a7a
https://conda.anaconda.org/conda-forge/win-64/selenium-3.141.0-py36h68aa20f_1002.tar.bz2#d0268dcfdfd4bb393fb8360fd8e78335
https://conda.anaconda.org/conda-forge/win-64/ipykernel-5.5.5-py36hfacbf0b_0.tar.bz2#2b508b159b6b04747285b92f0a758a60
https://conda.anaconda.org/conda-forge/noarch/jupyter_server-1.13.2-pyhd8ed1ab_0.tar.bz2#b6771ff740526a8a04853fda74dc03f3
https://conda.anaconda.org/conda-forge/noarch/robotframework-seleniumlibrary-5.1.3-pyhd8ed1ab_0.tar.bz2#464fdfebe1a1ffb41b031d8bbfb6041f
https://conda.anaconda.org/conda-forge/noarch/sphinx-4.5.0-pyh6c4a22f_0.tar.bz2#46b38d88c4270ff9ba78a89c83c66345
https://conda.anaconda.org/conda-forge/noarch/jupyter-server-mathjax-0.2.3-pyhd8ed1ab_0.tar.bz2#2d0951b616bb3a172032ade395706f45
https://conda.anaconda.org/conda-forge/noarch/myst-parser-0.15.2-pyhd8ed1ab_0.tar.bz2#0c2976e0a1af80ce224388da557eeece
https://conda.anaconda.org/conda-forge/win-64/notebook-6.3.0-py36ha15d459_0.tar.bz2#ee1f7484a80597cc110635469f7926c3
https://conda.anaconda.org/conda-forge/noarch/pydata-sphinx-theme-0.7.2-pyhd8ed1ab_0.tar.bz2#123f5c52d6b4117225af45a52ec34997
https://conda.anaconda.org/conda-forge/noarch/sphinx-autobuild-2021.3.14-pyhd8ed1ab_0.tar.bz2#1909f784dc37b4ab97afe2c95aeeabaa
https://conda.anaconda.org/conda-forge/noarch/sphinx-togglebutton-0.3.2-pyhd8ed1ab_0.tar.bz2#382738101934261ea7931d1460e64868
https://conda.anaconda.org/conda-forge/noarch/nbdime-3.1.1-pyhd8ed1ab_0.tar.bz2#38dc061ffabe665b79f4c7c52cefa809
https://conda.anaconda.org/conda-forge/noarch/widgetsnbextension-3.6.1-pyha770c72_0.tar.bz2#03cd073d4dc0623b857bf9e175d0f736
https://conda.anaconda.org/conda-forge/noarch/ipywidgets-7.7.2-pyhd8ed1ab_0.tar.bz2#cf7965a899292d3f5e253603eb92fada
https://conda.anaconda.org/conda-forge/noarch/jupyter-cache-0.4.3-pyhd8ed1ab_0.tar.bz2#03cd9218c96d513854bfc8714eaf9451
https://conda.anaconda.org/conda-forge/noarch/jupyter-sphinx-0.3.2-pyhd8ed1ab_1.tar.bz2#a47ca0f91417e5d29d075ca416254466
https://conda.anaconda.org/conda-forge/noarch/myst-nb-0.13.2-pyhd8ed1ab_0.tar.bz2#800e968e63eb593c651a14907fd82d26