# Generated by conda-lock.
# platform: win-64
# input_hash: 8e6af45c4e2c6b0d9439ed9ccf5a73783d54f272c94f5fca056be17e9404e9ef
@EXPLICIT
https://conda.anaconda.org/conda-forge/win-64/nodejs-16.13.0-h57928b3_2.tar.bz2#52092a94058cbbc6728b23d3eb30492c
https://conda.anaconda.org/conda-forge/win-64/ca-certificates-2021.10.8-h5b45459_0.tar.bz2#2ddd48c9b52f7f65361b9645b2c5d370
https://conda.anaconda.org/conda-forge/win-64/pandoc-2.16.2-h8ffe710_0.tar.bz2#0c727792f9529a2151b37076f7ca681e
https://conda.anaconda.org/conda-forge/win-64/ucrt-10.0.20348.0-h57928b3_0.tar.bz2#6d666b6ea8251231ff508062d1e41f9c
https://conda.anaconda.org/conda-forge/win-64/winpty-0.4.3-4.tar.bz2#1cee351bf20b830d991dbe0bc8cd7dfe
https://conda.anaconda.org/conda-forge/win-64/vs2015_runtime-14.29.30037-h902a5da_6.tar.bz2#33d07ebe91062743eabc9e53a60d18e1
https://conda.anaconda.org/conda-forge/win-64/vc-14.2-hb210afc_6.tar.bz2#c2aecbc9b00ba6f352e27d3d61fd31fb
https://conda.anaconda.org/conda-forge/win-64/libsodium-1.0.18-h8d14728_1.tar.bz2#5c1fb45b5e2912c19098750ae8a32604
https://conda.anaconda.org/conda-forge/win-64/openssl-1.1.1l-h8ffe710_0.tar.bz2#07747b2557a7f795585b118bb4f186de
https://conda.anaconda.org/conda-forge/win-64/python-3.6.15-h39d44d4_0_cpython.tar.bz2#5e15cafa8ab460418b3b68080cba5b32
https://conda.anaconda.org/conda-forge/win-64/yaml-0.2.5-h8ffe710_2.tar.bz2#adbfb9f45d1004a26763652246a33764
https://conda.anaconda.org/conda-forge/noarch/alabaster-0.7.12-py_0.tar.bz2#2489a97287f90176ecdc3ca982b4b0a0
https://conda.anaconda.org/conda-forge/noarch/async_generator-1.10-py_0.tar.bz2#d56c596e61b1c4952acf0a9920856c12
https://conda.anaconda.org/conda-forge/noarch/attrs-21.4.0-pyhd8ed1ab_0.tar.bz2#f70280205d7044c8b8358c8de3190e5d
https://conda.anaconda.org/conda-forge/noarch/backcall-0.2.0-pyh9f0ad1d_0.tar.bz2#6006a6d08a3fa99268a2681c7fb55213
https://conda.anaconda.org/conda-forge/noarch/backports-1.0-py_2.tar.bz2#0da16b293affa6ac31812376f8eb79dd
https://conda.anaconda.org/conda-forge/noarch/charset-normalizer-2.0.10-pyhd8ed1ab_0.tar.bz2#ea77236c8031cfa821720b21b4cb0ceb
https://conda.anaconda.org/conda-forge/noarch/cloudpickle-2.0.0-pyhd8ed1ab_0.tar.bz2#3a8fc8b627d5fb6af827e126a10a86c6
https://conda.anaconda.org/conda-forge/noarch/colorama-0.4.4-pyh9f0ad1d_0.tar.bz2#c08b4c1326b880ed44f3ffb04803332f
https://conda.anaconda.org/conda-forge/noarch/dataclasses-0.8-pyh787bdff_2.tar.bz2#ed959a4ba14e6ddfa898630a5474a601
https://conda.anaconda.org/conda-forge/noarch/decorator-5.1.1-pyhd8ed1ab_0.tar.bz2#43afe5ab04e35e17ba28649471dd7364
https://conda.anaconda.org/conda-forge/noarch/defusedxml-0.7.1-pyhd8ed1ab_0.tar.bz2#961b3a227b437d82ad7054484cfa71b2
https://conda.anaconda.org/conda-forge/noarch/entrypoints-0.3-pyhd8ed1ab_1003.tar.bz2#bbf9a201f6ce99a506f4955374d9a9f4
https://conda.anaconda.org/conda-forge/noarch/idna-3.1-pyhd3deb0d_0.tar.bz2#9c9aea4b8391264477df484f798562d0
https://conda.anaconda.org/conda-forge/noarch/imagesize-1.3.0-pyhd8ed1ab_0.tar.bz2#be807e7606fff9436e5e700f6bffb7c6
https://conda.anaconda.org/conda-forge/noarch/ipython_genutils-0.2.0-py_1.tar.bz2#5071c982548b3a20caf70462f04f5287
https://conda.anaconda.org/conda-forge/noarch/jupyterlab_widgets-1.0.2-pyhd8ed1ab_0.tar.bz2#eaff56fe28d1236076aa3bb13c35b434
https://conda.anaconda.org/conda-forge/noarch/nest-asyncio-1.5.4-pyhd8ed1ab_0.tar.bz2#0d86e4e6ac78912f3f47e0453b124aca
https://conda.anaconda.org/conda-forge/noarch/pandocfilters-1.5.0-pyhd8ed1ab_0.tar.bz2#457c2c8c08e54905d6954e79cb5b5db9
https://conda.anaconda.org/conda-forge/noarch/parso-0.7.1-pyh9f0ad1d_0.tar.bz2#f66647d1ec805566d72ac26f62b19c01
https://conda.anaconda.org/conda-forge/noarch/pickleshare-0.7.5-py_1003.tar.bz2#415f0ebb6198cc2801c73438a9fb5761
https://conda.anaconda.org/conda-forge/win-64/port-for-0.3.1-py36_1.tar.bz2#dccb33b303c4c1eee274a6448535bfe1
https://conda.anaconda.org/conda-forge/noarch/prometheus_client-0.12.0-pyhd8ed1ab_0.tar.bz2#d7b366cccdf2c1e8ebdddbfff7c2ba00
https://conda.anaconda.org/conda-forge/noarch/pycparser-2.21-pyhd8ed1ab_0.tar.bz2#076becd9e05608f8dc72757d5f3a91ff
https://conda.anaconda.org/conda-forge/noarch/pyparsing-3.0.6-pyhd8ed1ab_0.tar.bz2#3087df8c636c5a00e694605c39ce4982
https://conda.anaconda.org/conda-forge/win-64/python_abi-3.6-2_cp36m.tar.bz2#7d5091713ab031f827e4d3653b24fb01
https://conda.anaconda.org/conda-forge/noarch/pytz-2021.3-pyhd8ed1ab_0.tar.bz2#7e4f811bff46a5a6a7e0094921389395
https://conda.anaconda.org/conda-forge/noarch/robotframework-4.1.3-pyhd8ed1ab_0.tar.bz2#e20ca74470432b2c47306d796c997992
https://conda.anaconda.org/conda-forge/noarch/send2trash-1.8.0-pyhd8ed1ab_0.tar.bz2#edab14119efe85c3bf131ad747e9005c
https://conda.anaconda.org/conda-forge/noarch/shellingham-1.4.0-pyh44b312d_0.tar.bz2#437655338696f9d0dfdb0a024e66b255
https://conda.anaconda.org/conda-forge/noarch/six-1.16.0-pyh6c4a22f_0.tar.bz2#e5f25f8dbc060e9a8d912e432202afc2
https://conda.anaconda.org/conda-forge/noarch/smmap-3.0.5-pyh44b312d_0.tar.bz2#3a8dc70789709aa315325d5df06fb7e4
https://conda.anaconda.org/conda-forge/noarch/snowballstemmer-2.2.0-pyhd8ed1ab_0.tar.bz2#4d22a9315e78c6827f806065957d566e
https://conda.anaconda.org/conda-forge/noarch/soupsieve-2.3.1-pyhd8ed1ab_0.tar.bz2#d821b295c4bd18ad27e1e19543a5784a
https://conda.anaconda.org/conda-forge/noarch/sphinxcontrib-applehelp-1.0.2-py_0.tar.bz2#20b2eaeaeea4ef9a9a0d99770620fd09
https://conda.anaconda.org/conda-forge/noarch/sphinxcontrib-devhelp-1.0.2-py_0.tar.bz2#68e01cac9d38d0e717cd5c87bc3d2cc9
https://conda.anaconda.org/conda-forge/noarch/sphinxcontrib-htmlhelp-2.0.0-pyhd8ed1ab_0.tar.bz2#77dad82eb9c8c1525ff7953e0756d708
https://conda.anaconda.org/conda-forge/noarch/sphinxcontrib-jsmath-1.0.1-py_0.tar.bz2#67cd9d9c0382d37479b4d306c369a2d4
https://conda.anaconda.org/conda-forge/noarch/sphinxcontrib-qthelp-1.0.3-py_0.tar.bz2#d01180388e6d1838c3e1ad029590aa7a
https://conda.anaconda.org/conda-forge/noarch/testpath-0.5.0-pyhd8ed1ab_0.tar.bz2#53b57d6a468bebc7cef1253b177a5e9e
https://conda.anaconda.org/conda-forge/noarch/typing_extensions-4.0.1-pyha770c72_0.tar.bz2#1fc03816925d3cb7fdab9ab234e7fea7
https://conda.anaconda.org/conda-forge/noarch/webencodings-0.5.1-py_1.tar.bz2#3563be4c5611a44210d9ba0c16113136
https://conda.anaconda.org/conda-forge/noarch/websocket-client-1.2.3-pyhd8ed1ab_0.tar.bz2#a9e89668df0da0f33c8c4ddf7c118f6d
https://conda.anaconda.org/conda-forge/noarch/wheel-0.37.1-pyhd8ed1ab_0.tar.bz2#1ca02aaf78d9c70d9a81a3bed5752022
https://conda.anaconda.org/conda-forge/win-64/zeromq-4.3.4-h0e60522_1.tar.bz2#e1aff0583dda5fb917eb3d2c1025aa80
https://conda.anaconda.org/conda-forge/noarch/zipp-3.7.0-pyhd8ed1ab_0.tar.bz2#947f7f41958eabc0f6e886557512bb76
https://conda.anaconda.org/conda-forge/noarch/babel-2.9.1-pyh44b312d_0.tar.bz2#74136ed39bfea0832d338df1e58d013e
https://conda.anaconda.org/conda-forge/noarch/beautifulsoup4-4.10.0-pyha770c72_0.tar.bz2#c29e0b4a2ff546cedbe6dc2921948a1d
https://conda.anaconda.org/conda-forge/win-64/certifi-2021.5.30-py36ha15d459_0.tar.bz2#6c14434e8a7ccb194e17c6dc765cd2d7
https://conda.anaconda.org/conda-forge/win-64/cffi-1.14.6-py36he58ceb7_1.tar.bz2#04e96e4486f968471b7e9120b34efc26
https://conda.anaconda.org/conda-forge/win-64/docutils-0.17.1-py36ha15d459_0.tar.bz2#d222d08c8ba574f3c441ef1c6c3f20c0
https://conda.anaconda.org/conda-forge/win-64/doit-0.33.1-py36h9f0ad1d_1.tar.bz2#eda38f9e8dc256068db9f41d2c26febb
https://conda.anaconda.org/conda-forge/noarch/gitdb-4.0.9-pyhd8ed1ab_0.tar.bz2#40fc6b14a45dee3a3fd9f302d026108e
https://conda.anaconda.org/conda-forge/win-64/importlib-metadata-4.8.1-py36ha15d459_0.tar.bz2#a03999f088a613b004793c79836f8586
https://conda.anaconda.org/conda-forge/win-64/jedi-0.17.2-py36ha15d459_1.tar.bz2#490ace8303a86ab3f83340b5d3da4ff7
https://conda.anaconda.org/conda-forge/noarch/markdown-it-py-1.1.0-pyhd8ed1ab_0.tar.bz2#84e8dfb1a9e6a824f32fd45b867271ca
https://conda.anaconda.org/conda-forge/win-64/markupsafe-2.0.1-py36h68aa20f_0.tar.bz2#f105416cae3d83909a3d3a298a09ccfd
https://conda.anaconda.org/conda-forge/win-64/mistune-0.8.4-py36h68aa20f_1004.tar.bz2#2799bd98bb907caf6cd8f7e267b67dd6
https://conda.anaconda.org/conda-forge/noarch/packaging-21.3-pyhd8ed1ab_0.tar.bz2#71f1ab2de48613876becddd496371c85
https://conda.anaconda.org/conda-forge/win-64/pyrsistent-0.17.3-py36h68aa20f_2.tar.bz2#80501f3a11567129a12f516cb0b4e945
https://conda.anaconda.org/conda-forge/noarch/python-dateutil-2.8.2-pyhd8ed1ab_0.tar.bz2#dd999d1cc9f79e67dbb855c8924c7984
https://conda.anaconda.org/conda-forge/win-64/pywin32-301-py36h68aa20f_0.tar.bz2#1821266535a9ab001fb40f149d9c6e38
https://conda.anaconda.org/conda-forge/win-64/pywinpty-1.1.4-py36hcae0e51_0.tar.bz2#ccf38f011652c75dfdcd8aeb377f38ab
https://conda.anaconda.org/conda-forge/win-64/pyyaml-5.4.1-py36h68aa20f_1.tar.bz2#ae5f3a0e11f0fa420eaa1b9c45b8971f
https://conda.anaconda.org/conda-forge/win-64/pyzmq-22.3.0-py36h1d5d788_0.tar.bz2#98b0b93644eca5848dfe524bd1559784
https://conda.anaconda.org/conda-forge/noarch/robotframework-pythonlibcore-3.0.0-pyhd8ed1ab_0.tar.bz2#5651c801936eed0acac65983bf87f9e4
https://conda.anaconda.org/conda-forge/win-64/setuptools-58.0.4-py36ha15d459_2.tar.bz2#c3ec7ff14cc5bc85e872fdc178682658
https://conda.anaconda.org/conda-forge/win-64/sqlalchemy-1.3.23-py36h68aa20f_0.tar.bz2#69b7dd37353216761393e6bc945125f4
https://conda.anaconda.org/conda-forge/win-64/tornado-6.1-py36h68aa20f_1.tar.bz2#d525a5e3e9ebc81cde370af8b8182d57
https://conda.anaconda.org/conda-forge/noarch/traitlets-4.3.3-pyhd8ed1ab_2.tar.bz2#dacad0ee02418407a5991b0b62dfdc18
https://conda.anaconda.org/conda-forge/noarch/typing-extensions-4.0.1-hd8ed1ab_0.tar.bz2#c0d4ec4bcbceb927bff1103a997410d3
https://conda.anaconda.org/conda-forge/win-64/win_inet_pton-1.1.0-py36ha15d459_2.tar.bz2#013b3e30f04cabc8367a576cf6b53251
https://conda.anaconda.org/conda-forge/win-64/argon2-cffi-21.1.0-py36h68aa20f_0.tar.bz2#6bd9efaec0703a22a26e6fd49e01d5f4
https://conda.anaconda.org/conda-forge/noarch/backports.functools_lru_cache-1.6.4-pyhd8ed1ab_0.tar.bz2#c5b3edc62d6309088f4970b3eaaa65a6
https://conda.anaconda.org/conda-forge/noarch/bleach-4.1.0-pyhd8ed1ab_0.tar.bz2#4a2104c7b22c222bd0fe03aaef12862c
https://conda.anaconda.org/conda-forge/win-64/brotlipy-0.7.0-py36h68aa20f_1001.tar.bz2#e45c36a9ada27b0646a99e38e604cb11
https://conda.anaconda.org/conda-forge/win-64/click-8.0.1-py36ha15d459_0.tar.bz2#7e8118398369a908aa80ba7814a977d8
https://conda.anaconda.org/conda-forge/win-64/cryptography-35.0.0-py36hd0de82c_0.tar.bz2#7589bd79dbe21a2d5fc69c9ceb7103ce
https://conda.anaconda.org/conda-forge/noarch/gitpython-3.1.18-pyhd8ed1ab_0.tar.bz2#19520f600cddf466cc3551e521809b66
https://conda.anaconda.org/conda-forge/win-64/immutables-0.16-py36h68aa20f_0.tar.bz2#9182184eb4ea7c7ee1c598a4a1ac3882
https://conda.anaconda.org/conda-forge/noarch/jinja2-3.0.3-pyhd8ed1ab_0.tar.bz2#036d872c653780cb26e797e2e2f61b4c
https://conda.anaconda.org/conda-forge/noarch/jsonschema-4.1.2-pyhd8ed1ab_0.tar.bz2#94188756716d63117f09d546a30d43e7
https://conda.anaconda.org/conda-forge/win-64/jupyter_core-4.8.1-py36ha15d459_0.tar.bz2#7f67198f7d78155afc042c84afea7093
https://conda.anaconda.org/conda-forge/noarch/livereload-2.6.3-pyh9f0ad1d_0.tar.bz2#b7190e3ec3eff52839434bf4698e2d62
https://conda.anaconda.org/conda-forge/noarch/mdit-py-plugins-0.2.8-pyhd8ed1ab_0.tar.bz2#49236fcd746a124eb56d326f79e1d46d
https://conda.anaconda.org/conda-forge/noarch/pip-21.3.1-pyhd8ed1ab_0.tar.bz2#e4fe2a9af78ff11f1aced7e62128c6a8
https://conda.anaconda.org/conda-forge/noarch/pygments-2.11.2-pyhd8ed1ab_0.tar.bz2#caef60540e2239e27bf62569a5015e3b
https://conda.anaconda.org/conda-forge/win-64/pysocks-1.7.1-py36ha15d459_3.tar.bz2#9206317afc2ceb52594ed54af1cd5dd0
https://conda.anaconda.org/conda-forge/win-64/terminado-0.12.1-py36ha15d459_0.tar.bz2#02f3bae815dbce1ce9dfcc50437a3c78
https://conda.anaconda.org/conda-forge/win-64/click-completion-0.5.2-py36ha15d459_2.tar.bz2#4fd1b2f1f9aed32f9d0e986e53fb3744
https://conda.anaconda.org/conda-forge/noarch/click-log-0.3.2-pyh9f0ad1d_0.tar.bz2#3a64d156136fad977df1b81a24b57ac0
https://conda.anaconda.org/conda-forge/noarch/contextvars-2.4-py_0.tar.bz2#295fe9300971a6bd1dc4b18ad6509be2
https://conda.anaconda.org/conda-forge/noarch/jupyter_client-7.1.0-pyhd8ed1ab_0.tar.bz2#c1460cc25b6a86d1b66ab6c3c471b791
https://conda.anaconda.org/conda-forge/noarch/jupyterlab_pygments-0.1.2-pyh9f0ad1d_0.tar.bz2#2cbd910890bb328e8959246a1e16fac7
https://conda.anaconda.org/conda-forge/noarch/nbformat-5.1.3-pyhd8ed1ab_0.tar.bz2#bafa5df6d4f8db69a4d197b4657127e7
https://conda.anaconda.org/conda-forge/noarch/pyopenssl-21.0.0-pyhd8ed1ab_0.tar.bz2#8c49efecb7dca466e18b06015e8c88ce
https://conda.anaconda.org/conda-forge/noarch/wcwidth-0.2.5-pyh9f0ad1d_2.tar.bz2#5266fcd697043c59621fda522b3d78ee
https://conda.anaconda.org/conda-forge/noarch/nbclient-0.5.9-pyhd8ed1ab_0.tar.bz2#21554dd9bbabff27ae87f715fee4d56c
https://conda.anaconda.org/conda-forge/noarch/prompt-toolkit-3.0.24-pyha770c72_0.tar.bz2#edaf527a6d394e2b965aff228c2e552f
https://conda.anaconda.org/conda-forge/win-64/sniffio-1.2.0-py36ha15d459_1.tar.bz2#f542be151271da376c55d199f67effd0
https://conda.anaconda.org/conda-forge/noarch/urllib3-1.26.8-pyhd8ed1ab_1.tar.bz2#53f1387c68c21cecb386e2cde51b3f7c
https://conda.anaconda.org/conda-forge/win-64/anyio-3.3.2-py36ha15d459_0.tar.bz2#146c4bd02b656dbef13baec12b820283
https://conda.anaconda.org/conda-forge/win-64/ipython-7.16.1-py36h7b2dad6_2.tar.bz2#e69ba043a57a9b40eadf45ced5b581f5
https://conda.anaconda.org/conda-forge/win-64/nbconvert-6.0.7-py36ha15d459_3.tar.bz2#307a9bfc241eee6f939c0ba028af4154
https://conda.anaconda.org/conda-forge/noarch/requests-2.27.1-pyhd8ed1ab_0.tar.bz2#7c1c427246b057b8fa97200ecdb2ed62
https://conda.anaconda.org/conda-forge/win-64/selenium-3.141.0-py36h68aa20f_1002.tar.bz2#d0268dcfdfd4bb393fb8360fd8e78335
https://conda.anaconda.org/conda-forge/win-64/ipykernel-5.5.5-py36hfacbf0b_0.tar.bz2#2b508b159b6b04747285b92f0a758a60
https://conda.anaconda.org/conda-forge/noarch/jupyter_server-1.13.2-pyhd8ed1ab_0.tar.bz2#b6771ff740526a8a04853fda74dc03f3
https://conda.anaconda.org/conda-forge/noarch/robotframework-seleniumlibrary-5.1.3-pyhd8ed1ab_0.tar.bz2#464fdfebe1a1ffb41b031d8bbfb6041f
https://conda.anaconda.org/conda-forge/noarch/jupyter-server-mathjax-0.2.3-pyhd8ed1ab_0.tar.bz2#2d0951b616bb3a172032ade395706f45
https://conda.anaconda.org/conda-forge/win-64/notebook-6.3.0-py36ha15d459_0.tar.bz2#ee1f7484a80597cc110635469f7926c3
https://conda.anaconda.org/conda-forge/noarch/nbdime-3.1.1-pyhd8ed1ab_0.tar.bz2#38dc061ffabe665b79f4c7c52cefa809
https://conda.anaconda.org/conda-forge/win-64/widgetsnbextension-3.5.1-py36ha15d459_4.tar.bz2#2c71f6a23d569494cf7e07b261868e31
https://conda.anaconda.org/conda-forge/noarch/ipywidgets-7.6.5-pyhd8ed1ab_0.tar.bz2#6f2ee1ec157104df141e2e5afeba98d4
https://conda.anaconda.org/conda-forge/noarch/jupyter-cache-0.4.3-pyhd8ed1ab_0.tar.bz2#03cd9218c96d513854bfc8714eaf9451
https://conda.anaconda.org/conda-forge/noarch/jupyter-sphinx-0.3.2-pyhd8ed1ab_1.tar.bz2#a47ca0f91417e5d29d075ca416254466
https://conda.anaconda.org/conda-forge/noarch/myst-parser-0.15.2-pyhd8ed1ab_0.tar.bz2#0c2976e0a1af80ce224388da557eeece
https://conda.anaconda.org/conda-forge/noarch/pydata-sphinx-theme-0.7.2-pyhd8ed1ab_0.tar.bz2#123f5c52d6b4117225af45a52ec34997
https://conda.anaconda.org/conda-forge/noarch/sphinx-4.3.2-pyh6c4a22f_0.tar.bz2#e8ffaea0961c0d7a6767f2394042043d
https://conda.anaconda.org/conda-forge/noarch/sphinx-autobuild-2021.3.14-pyhd8ed1ab_0.tar.bz2#1909f784dc37b4ab97afe2c95aeeabaa
https://conda.anaconda.org/conda-forge/noarch/sphinx-togglebutton-0.2.3-pyhd3deb0d_0.tar.bz2#3eb34ca58b3cb8df3c92371e79af9e12
https://conda.anaconda.org/conda-forge/noarch/sphinxcontrib-serializinghtml-1.1.5-pyhd8ed1ab_1.tar.bz2#63d2f874f990fdcab47c822b608d6ade
https://conda.anaconda.org/conda-forge/noarch/myst-nb-0.13.1-pyhd8ed1ab_0.tar.bz2#3588991b5d785f9395b94970bbbd67ae
