# platform: linux-64
# env_hash: 2eb64ac63fa4027a57822223c9f5b7c5a785ae93c648e75e5e2477a77c13f116
@EXPLICIT
https://conda.anaconda.org/conda-forge/linux-64/_libgcc_mutex-0.1-conda_forge.tar.bz2#d7c89558ba9fa0495403155b64376d81
https://conda.anaconda.org/conda-forge/linux-64/ca-certificates-2020.12.5-ha878542_0.tar.bz2#7eb5d4ffeee663caa1635cd67071bc1b
https://conda.anaconda.org/conda-forge/linux-64/ld_impl_linux-64-2.35.1-hea4e1c9_2.tar.bz2#83610dba766a186bdc7a116053b782a4
https://conda.anaconda.org/conda-forge/linux-64/libstdcxx-ng-9.3.0-h6de172a_19.tar.bz2#cd9a24a8dde03ec0cf0e603b0bea85a1
https://conda.anaconda.org/conda-forge/noarch/tzdata-2021a-he74cb21_0.tar.bz2#6f36861f102249fc54861ff9343c3fdd
https://conda.anaconda.org/conda-forge/linux-64/libgomp-9.3.0-h2828fa1_19.tar.bz2#ab0a307912033126da02507b59e79ec9
https://conda.anaconda.org/conda-forge/linux-64/_openmp_mutex-4.5-1_gnu.tar.bz2#561e277319a41d4f24f5c05a9ef63c04
https://conda.anaconda.org/conda-forge/linux-64/libgcc-ng-9.3.0-h2828fa1_19.tar.bz2#9d5cdfc51476ee4dcdd96ed2dca3f943
https://conda.anaconda.org/conda-forge/linux-64/bzip2-1.0.8-h7f98852_4.tar.bz2#a1fd65c7ccbf10880423d82bca54eb54
https://conda.anaconda.org/conda-forge/linux-64/c-ares-1.17.1-h7f98852_1.tar.bz2#ed1dc233ed5e3eaa9bfbaac64d130c5e
https://conda.anaconda.org/conda-forge/linux-64/expat-2.3.0-h9c3ff4c_0.tar.bz2#1fb8f0254eb78a2a0c120155e1b1a207
https://conda.anaconda.org/conda-forge/linux-64/icu-68.1-h58526e2_0.tar.bz2#fc7a4271dc2a7f4fd78cd63695baf7c3
https://conda.anaconda.org/conda-forge/linux-64/libev-4.33-h516909a_1.tar.bz2#6f8720dff19e17ce5d48cfe7f3d2f0a3
https://conda.anaconda.org/conda-forge/linux-64/libffi-3.3-h58526e2_2.tar.bz2#665369991d8dd290ac5ee92fce3e6bf5
https://conda.anaconda.org/conda-forge/linux-64/libiconv-1.16-h516909a_0.tar.bz2#5c0f338a513a2943c659ae619fca9211
https://conda.anaconda.org/conda-forge/linux-64/liblief-0.10.1-he1b5a44_2.tar.bz2#6dcf6265e59105e5e80185f1a95d33c7
https://conda.anaconda.org/conda-forge/linux-64/lz4-c-1.9.3-h9c3ff4c_0.tar.bz2#4eb64ee0d5cd43096ffcf843c76b05d4
https://conda.anaconda.org/conda-forge/linux-64/lzo-2.10-h516909a_1000.tar.bz2#bb14fcb13341b81d5eb386423b9d2bac
https://conda.anaconda.org/conda-forge/linux-64/ncurses-6.2-h58526e2_4.tar.bz2#509f2a21c4a09214cd737a480dfd80c9
https://conda.anaconda.org/conda-forge/linux-64/openssl-1.1.1k-h7f98852_0.tar.bz2#07fae2cb088379c8441e0f3ffa1f4025
https://conda.anaconda.org/conda-forge/linux-64/patchelf-0.11-he1b5a44_0.tar.bz2#da683ac27e9d838254e01639868a5a3e
https://conda.anaconda.org/conda-forge/linux-64/pcre-8.44-he1b5a44_0.tar.bz2#e647d89cd5cdf62760cf283a001841ff
https://conda.anaconda.org/conda-forge/linux-64/reproc-14.2.1-h36c2ea0_0.tar.bz2#72dc07a3b9641f9f530bf72e2c7a12b2
https://conda.anaconda.org/conda-forge/linux-64/ripgrep-12.1.1-h516909a_1.tar.bz2#c15785868032b2612c3719dcd44108ad
https://conda.anaconda.org/conda-forge/linux-64/xz-5.2.5-h516909a_1.tar.bz2#33f601066901f3e1a85af3522a8113f9
https://conda.anaconda.org/conda-forge/linux-64/yaml-0.2.5-h516909a_0.tar.bz2#03a530e925414902547cf48da7756db8
https://conda.anaconda.org/conda-forge/linux-64/zlib-1.2.11-h516909a_1010.tar.bz2#339cc5584e6d26bc73a875ba900028c3
https://conda.anaconda.org/conda-forge/linux-64/gettext-0.19.8.1-h0b5b191_1005.tar.bz2#ff6f69b593a9e74c0e6b61908ac513fa
https://conda.anaconda.org/conda-forge/linux-64/libedit-3.1.20191231-he28a2e2_2.tar.bz2#4d331e44109e3f0e19b4cb8f9b82f3e1
https://conda.anaconda.org/conda-forge/linux-64/libnghttp2-1.43.0-h812cca2_0.tar.bz2#1867d1e9658596b3fac8847a7702eef4
https://conda.anaconda.org/conda-forge/linux-64/libsolv-0.7.18-h780b84a_0.tar.bz2#bb6b5a43da98a272a16f739611d56138
https://conda.anaconda.org/conda-forge/linux-64/libssh2-1.9.0-ha56f1ee_6.tar.bz2#f0dfb86444df325e599dbc3f4c0a3f5b
https://conda.anaconda.org/conda-forge/linux-64/libxml2-2.9.10-h72842e0_4.tar.bz2#48577b6e1605c935d7178f6694506ee9
https://conda.anaconda.org/conda-forge/linux-64/readline-8.1-h46c0cb4_0.tar.bz2#5788de3c8d7a7d64ac56c784c4ef48e6
https://conda.anaconda.org/conda-forge/linux-64/reproc-cpp-14.2.1-h58526e2_0.tar.bz2#d1d5d63dafc7b2e484d02823606db5d9
https://conda.anaconda.org/conda-forge/linux-64/tk-8.6.10-h21135ba_1.tar.bz2#c647f70aa7e3d4cc4e029cc1c9a99953
https://conda.anaconda.org/conda-forge/linux-64/zstd-1.4.9-ha95c52a_0.tar.bz2#b481dc9fda3af2a681d08a4d5cd1ea0b
https://conda.anaconda.org/conda-forge/linux-64/krb5-1.17.2-h926e7f8_0.tar.bz2#926325c11478d6e781e76072c117763b
https://conda.anaconda.org/conda-forge/linux-64/libarchive-3.5.1-h3f442fb_1.tar.bz2#1579ccb4f14593e95627bcdb29af953a
https://conda.anaconda.org/conda-forge/linux-64/libglib-2.68.1-h3e27bee_0.tar.bz2#486fecf2277a154e5f73f62328764310
https://conda.anaconda.org/conda-forge/linux-64/sqlite-3.35.5-h74cdb3f_0.tar.bz2#e876c82c21e7074d299e13762d02466c
https://conda.anaconda.org/conda-forge/linux-64/glib-tools-2.68.1-h9c3ff4c_0.tar.bz2#b1ecd0fa079de56a1ba8d03063ee39bb
https://conda.anaconda.org/conda-forge/linux-64/libcurl-7.76.1-hc4aaa36_1.tar.bz2#349a288d04af695b639e5f947df3c2d0
https://conda.anaconda.org/conda-forge/linux-64/python-3.9.2-hffdb5ce_0_cpython.tar.bz2#1d42ab08338d49f54800522a89ca3602
https://conda.anaconda.org/conda-forge/noarch/appdirs-1.4.4-pyh9f0ad1d_0.tar.bz2#5f095bc6454094e96f146491fd03633b
https://conda.anaconda.org/conda-forge/noarch/click-7.1.2-pyh9f0ad1d_0.tar.bz2#bd50a970ce07e660c319fdc4d730d3f1
https://conda.anaconda.org/conda-forge/noarch/cloudpickle-1.6.0-py_0.tar.bz2#76d764d8881719e305f6fa368dc2b65e
https://conda.anaconda.org/conda-forge/noarch/colorama-0.4.4-pyh9f0ad1d_0.tar.bz2#c08b4c1326b880ed44f3ffb04803332f
https://conda.anaconda.org/conda-forge/noarch/filelock-3.0.12-pyh9f0ad1d_0.tar.bz2#7544ed05bbbe9bb687bc9bcbe4d6cb46
https://conda.anaconda.org/conda-forge/linux-64/glib-2.68.1-h9c3ff4c_0.tar.bz2#9fb05e9b0df734f92df7810c7c8975e3
https://conda.anaconda.org/conda-forge/noarch/glob2-0.7-py_0.tar.bz2#1f3a88e65e61216e1d475135922dbf6a
https://conda.anaconda.org/conda-forge/noarch/idna-2.10-pyh9f0ad1d_0.tar.bz2#f95a12b4f435aae6680fe55ae2eb1b06
https://conda.anaconda.org/conda-forge/noarch/jeepney-0.6.0-pyhd8ed1ab_0.tar.bz2#b926606326ed3558ab887cbf8c4040bf
https://conda.anaconda.org/conda-forge/noarch/pkginfo-1.7.0-pyhd8ed1ab_0.tar.bz2#3ea3fca4afad20d8ec2f5b611bffde53
https://conda.anaconda.org/conda-forge/noarch/pycparser-2.20-pyh9f0ad1d_2.tar.bz2#aa798d50ffd182a0f6f31478c7f434f6
https://conda.anaconda.org/conda-forge/noarch/pyparsing-2.4.7-pyh9f0ad1d_0.tar.bz2#626c4f20d5bf06dcec9cf2eaa31725c7
https://conda.anaconda.org/conda-forge/linux-64/python_abi-3.9-1_cp39.tar.bz2#9ee3692d976902241a3392495768fe98
https://conda.anaconda.org/conda-forge/noarch/pytz-2021.1-pyhd8ed1ab_0.tar.bz2#3af2e9424d5eb0063824a3f9b850d411
https://conda.anaconda.org/conda-forge/noarch/rfc3986-1.4.0-pyh9f0ad1d_0.tar.bz2#4dd11e722e5a29afc55e5d7f15782130
https://conda.anaconda.org/conda-forge/noarch/six-1.15.0-pyh9f0ad1d_0.tar.bz2#1eec421f0f1f39e579e44e4a5ce646a2
https://conda.anaconda.org/conda-forge/noarch/soupsieve-2.0.1-py_1.tar.bz2#aa1db70848c19bace567ba39a157f508
https://conda.anaconda.org/conda-forge/noarch/toml-0.10.2-pyhd8ed1ab_0.tar.bz2#f832c45a477c78bebd107098db465095
https://conda.anaconda.org/conda-forge/noarch/tqdm-4.60.0-pyhd8ed1ab_0.tar.bz2#d4d22fcd50ccf1925fe59efd36ba4358
https://conda.anaconda.org/conda-forge/noarch/webencodings-0.5.1-py_1.tar.bz2#3563be4c5611a44210d9ba0c16113136
https://conda.anaconda.org/conda-forge/noarch/wheel-0.36.2-pyhd3deb0d_0.tar.bz2#768bfbe026426d0e76b377997d1f2b98
https://conda.anaconda.org/conda-forge/noarch/zipp-3.4.1-pyhd8ed1ab_0.tar.bz2#a4fa30eb74a326092b3d8078b1f1aae1
https://conda.anaconda.org/conda-forge/noarch/beautifulsoup4-4.9.3-pyhb0f4dca_0.tar.bz2#d243a293d7303ab6195d96ce8c16b1cb
https://conda.anaconda.org/conda-forge/linux-64/certifi-2020.12.5-py39hf3d152e_1.tar.bz2#83afa403caafd7ef3162385cca9bce13
https://conda.anaconda.org/conda-forge/linux-64/cffi-1.14.5-py39he32792d_0.tar.bz2#b561e1fad1fc8bb343064bd5497444bb
https://conda.anaconda.org/conda-forge/linux-64/chardet-4.0.0-py39hf3d152e_1.tar.bz2#d0da429a3428ffcacaad25595b96a648
https://conda.anaconda.org/conda-forge/noarch/click-default-group-1.2.2-pyhd8ed1ab_1.tar.bz2#72a46ffc25701c173932fd55cf0965d3
https://conda.anaconda.org/conda-forge/linux-64/conda-package-handling-1.7.3-py39h3811e60_0.tar.bz2#a51a5726e9af6361bd7e293162c64de0
https://conda.anaconda.org/conda-forge/linux-64/dbus-1.13.6-h48d8840_2.tar.bz2#eba672c69baf366fdedd1c6f702dbb81
https://conda.anaconda.org/conda-forge/linux-64/docutils-0.17.1-py39hf3d152e_0.tar.bz2#9a81e8d9b36bd78688aebeac5e1f0ac1
https://conda.anaconda.org/conda-forge/linux-64/future-0.18.2-py39hf3d152e_3.tar.bz2#4ce61ba9fc5c24f8147b7f015a0ae360
https://conda.anaconda.org/conda-forge/linux-64/importlib-metadata-4.0.1-py39hf3d152e_0.tar.bz2#19b4d4b3ce6b351a2eb049ed447e67cc
https://conda.anaconda.org/conda-forge/linux-64/markupsafe-1.1.1-py39h3811e60_3.tar.bz2#ba89fd2d0e9871ac81116e3008c830b4
https://conda.anaconda.org/conda-forge/noarch/packaging-20.9-pyh44b312d_0.tar.bz2#be69a38e912054a62dc82cc3c7711a64
https://conda.anaconda.org/conda-forge/linux-64/psutil-5.8.0-py39h3811e60_1.tar.bz2#29cb4c7769cc2a6e86cc13615e9b4a15
https://conda.anaconda.org/conda-forge/linux-64/py-lief-0.10.1-py39hfbd4741_2.tar.bz2#894a90fc9bfad553f69e759282f38132
https://conda.anaconda.org/conda-forge/linux-64/pycosat-0.6.3-py39h3811e60_1006.tar.bz2#0e6cf433eb0571583fd94ace88455ec8
https://conda.anaconda.org/conda-forge/linux-64/pyinotify-0.9.6-py39hf3d152e_1003.tar.bz2#33ea74c707f59d9ba231d74576fd373c
https://conda.anaconda.org/conda-forge/linux-64/pysocks-1.7.1-py39hf3d152e_3.tar.bz2#f7e7fdc66f2362bebc407f1ab7d10f63
https://conda.anaconda.org/conda-forge/linux-64/python-libarchive-c-2.9-py39hf3d152e_2.tar.bz2#ab81259d6ad10eb94cb8af277a9e765b
https://conda.anaconda.org/conda-forge/linux-64/pyyaml-5.4.1-py39h3811e60_0.tar.bz2#6451ed66b3b438134626894c821dc5fa
https://conda.anaconda.org/conda-forge/linux-64/ruamel_yaml-0.15.80-py39h3811e60_1004.tar.bz2#eee83e092f565064b769db5265173ba2
https://conda.anaconda.org/conda-forge/linux-64/brotlipy-0.7.0-py39h3811e60_1001.tar.bz2#35ad78e61aec955783acfd00f3c6bcde
https://conda.anaconda.org/conda-forge/linux-64/cmarkgfm-0.5.3-py39h3811e60_0.tar.bz2#e834dd1b30b4a0fb7a402658a5bfb6fd
https://conda.anaconda.org/conda-forge/linux-64/cryptography-3.4.7-py39hbca0aa6_0.tar.bz2#04e97f7d5c60f75a36b1e4bdf3652ebd
https://conda.anaconda.org/conda-forge/linux-64/doit-0.33.1-py39hde42818_1.tar.bz2#b90af2ca73f3686e5171798ca539ea85
https://conda.anaconda.org/conda-forge/noarch/importlib_metadata-4.0.1-hd8ed1ab_0.tar.bz2#50c48f1394fba9705a76163409924628
https://conda.anaconda.org/conda-forge/linux-64/setuptools-49.6.0-py39hf3d152e_3.tar.bz2#4397280abb201d7adff59099e12e7ddd
https://conda.anaconda.org/conda-forge/noarch/bleach-3.3.0-pyh44b312d_0.tar.bz2#abf6b76c39358ca36ca706c46f054f2a
https://conda.anaconda.org/conda-forge/noarch/jinja2-2.11.3-pyh44b312d_0.tar.bz2#1d4c3605d85a3655b1595e0694138eb6
https://conda.anaconda.org/conda-forge/noarch/pip-21.1-pyhd8ed1ab_0.tar.bz2#5acc8aa0e57f31553f7bf9c22ca4d064
https://conda.anaconda.org/conda-forge/noarch/pygments-2.8.1-pyhd8ed1ab_0.tar.bz2#196e0cff141677f430fc06eb0d0ad94d
https://conda.anaconda.org/conda-forge/noarch/pyopenssl-20.0.1-pyhd8ed1ab_0.tar.bz2#92371c25994d0f5d28a01c1fb75ebf86
https://conda.anaconda.org/conda-forge/linux-64/secretstorage-3.3.1-py39hf3d152e_0.tar.bz2#13af3872e0244e8b105031ad425c9ff3
https://conda.anaconda.org/conda-forge/linux-64/conda-verify-3.1.1-py39hf3d152e_1003.tar.bz2#90c1ca51bfecf42012f1066f44d41b78
https://conda.anaconda.org/conda-forge/linux-64/keyring-23.0.1-py39hf3d152e_0.tar.bz2#b55348cea88b23d1d2ddf33b21a90164
https://conda.anaconda.org/conda-forge/noarch/readme_renderer-27.0-pyh9f0ad1d_0.tar.bz2#38446dff7f69efd3fab98ab4dc68c0c8
https://conda.anaconda.org/conda-forge/noarch/urllib3-1.26.4-pyhd8ed1ab_0.tar.bz2#d7b20b328e23d993994ea02077c009c0
https://conda.anaconda.org/conda-forge/noarch/requests-2.25.1-pyhd3deb0d_0.tar.bz2#ae687aba31a1c400192a86a2e993ffdc
https://conda.anaconda.org/conda-forge/linux-64/conda-4.10.1-py39hf3d152e_0.tar.bz2#36670b6c12ab3ad842163520211e0503
https://conda.anaconda.org/conda-forge/noarch/ensureconda-1.4.1-pyhd8ed1ab_0.tar.bz2#52a7f7cc9076e2c8a25e15e19ad42821
https://conda.anaconda.org/conda-forge/noarch/requests-toolbelt-0.9.1-py_0.tar.bz2#402668adee8fcba9a9c265cdc2a88f5a
https://conda.anaconda.org/conda-forge/linux-64/conda-build-3.21.4-py39hf3d152e_0.tar.bz2#fced48eb5f382639bb4d0af18117e429
https://conda.anaconda.org/conda-forge/noarch/conda-lock-0.9.1-pyhd8ed1ab_0.tar.bz2#c918c8071db1665663a46371b0a46620
https://conda.anaconda.org/conda-forge/linux-64/mamba-0.12.0-py39h951de11_0.tar.bz2#458d59975c8f03fdef40f0e599489653
https://conda.anaconda.org/conda-forge/noarch/twine-3.4.1-pyhd8ed1ab_0.tar.bz2#c7d4ab21a13c919f9ae59eae7bcebf2a
