# platform: osx-64
# env_hash: c15ec986d22e3674b710bce06322eba95a792086e882fb02f8b00d9417f29011

@EXPLICIT

https://conda.anaconda.org/conda-forge/osx-64/ca-certificates-2020.11.8-h033912b_0.tar.bz2#80ae143af10fb5c662a3ef1579948c30
https://conda.anaconda.org/conda-forge/osx-64/libcxx-11.0.0-h4c3b8ed_1.tar.bz2#6a22f1c899bcf110c39cd6d959a8555e
https://conda.anaconda.org/conda-forge/osx-64/libuv-1.40.0-haf1e3a3_0.tar.bz2#a03a7242a8eb9ea9f75310020d30ac5e
https://conda.anaconda.org/conda-forge/osx-64/ncurses-6.2-h2e338ed_4.tar.bz2#9cef1910395d1543527583e73dba30f1
https://conda.anaconda.org/conda-forge/osx-64/xz-5.2.5-haf1e3a3_1.tar.bz2#41116deb499e9bc58048c297d6403ce6
https://conda.anaconda.org/conda-forge/osx-64/yaml-0.2.5-haf1e3a3_0.tar.bz2#84c2fc186995c25a43e86ed708065572
https://conda.anaconda.org/conda-forge/osx-64/zlib-1.2.11-h7795811_1010.tar.bz2#7d39e47e16ed0107f37c7224d5b5be8b
https://conda.anaconda.org/conda-forge/osx-64/icu-68.1-h74dc148_0.tar.bz2#e4e7f8580abd1275ea2250fe606b66ac
https://conda.anaconda.org/conda-forge/osx-64/libffi-3.2.1-hb1e8313_1007.tar.bz2#be8b6ba3b6710a89ab891bbed151659c
https://conda.anaconda.org/conda-forge/osx-64/openssl-1.1.1h-haf1e3a3_0.tar.bz2#6be73e185e6a92a29571dd9a2dfb5251
https://conda.anaconda.org/conda-forge/osx-64/readline-8.0-h0678c8f_2.tar.bz2#8f69d684fce8e73328995d7efb77816a
https://conda.anaconda.org/conda-forge/osx-64/tk-8.6.10-hb0a8c7a_1.tar.bz2#f7477bf81dcfc7b4dddc7b3790a99a0c
https://conda.anaconda.org/conda-forge/osx-64/nodejs-14.15.1-heaeed3d_0.tar.bz2#ab7d3bb7b92c6b6f8a3e8b7f33019ff4
https://conda.anaconda.org/conda-forge/osx-64/sqlite-3.33.0-h960bd1c_1.tar.bz2#d86a1d10a189d4c000a61971110f4f55
https://conda.anaconda.org/conda-forge/osx-64/python-3.8.6-hcfdab8c_0_cpython.tar.bz2#b588bdece70bffeaf2bc72277f32edd5
https://conda.anaconda.org/conda-forge/osx-64/yarn-1.22.10-0.tar.bz2#1bd5e0e3a32b25d580bac66f7593bc59
https://conda.anaconda.org/conda-forge/noarch/appdirs-1.4.4-pyh9f0ad1d_0.tar.bz2#5f095bc6454094e96f146491fd03633b
https://conda.anaconda.org/conda-forge/noarch/click-7.1.2-pyh9f0ad1d_0.tar.bz2#bd50a970ce07e660c319fdc4d730d3f1
https://conda.anaconda.org/conda-forge/noarch/cloudpickle-1.6.0-py_0.tar.bz2#76d764d8881719e305f6fa368dc2b65e
https://conda.anaconda.org/conda-forge/osx-64/dataclasses-0.7-py38_0.tar.bz2#23a14e649caaf37508c731caf097d113
https://conda.anaconda.org/conda-forge/noarch/idna-2.10-pyh9f0ad1d_0.tar.bz2#f95a12b4f435aae6680fe55ae2eb1b06
https://conda.anaconda.org/conda-forge/noarch/mccabe-0.6.1-py_1.tar.bz2#a326cb400c1ccd91789f3e7d02124d61
https://conda.anaconda.org/conda-forge/noarch/pathspec-0.8.1-pyhd3deb0d_0.tar.bz2#fcd2fbb062b55d14a77e664c89ee17a6
https://conda.anaconda.org/conda-forge/noarch/pycodestyle-2.6.0-pyh9f0ad1d_0.tar.bz2#a08d6f5a610c7194da158add79f2b018
https://conda.anaconda.org/conda-forge/noarch/pycparser-2.20-pyh9f0ad1d_2.tar.bz2#aa798d50ffd182a0f6f31478c7f434f6
https://conda.anaconda.org/conda-forge/noarch/pyflakes-2.2.0-pyh9f0ad1d_0.tar.bz2#b13f3395d2eb4a2705629127a8a8cfaa
https://conda.anaconda.org/conda-forge/osx-64/python_abi-3.8-1_cp38.tar.bz2#5fe7757fd743e1c2d14d6170d4f53365
https://conda.anaconda.org/conda-forge/noarch/robotframework-3.2.2-pyh9f0ad1d_0.tar.bz2#1faf44d9a76019b0a3da4d02dead93ec
https://conda.anaconda.org/conda-forge/noarch/six-1.15.0-pyh9f0ad1d_0.tar.bz2#1eec421f0f1f39e579e44e4a5ce646a2
https://conda.anaconda.org/conda-forge/noarch/toml-0.10.2-pyhd8ed1ab_0.tar.bz2#f832c45a477c78bebd107098db465095
https://conda.anaconda.org/conda-forge/noarch/typing_extensions-3.7.4.3-py_0.tar.bz2#12b96e382730541a4b332420227055ae
https://conda.anaconda.org/conda-forge/noarch/wheel-0.35.1-pyh9f0ad1d_0.tar.bz2#126827869be32f21872a2b30ebe2b038
https://conda.anaconda.org/conda-forge/noarch/zipp-3.4.0-py_0.tar.bz2#0df927d2e46244cef8fd75d7ec2ba51c
https://conda.anaconda.org/conda-forge/osx-64/certifi-2020.11.8-py38h50d1736_0.tar.bz2#81ff368f40962d5041c16356b279f393
https://conda.anaconda.org/conda-forge/osx-64/cffi-1.14.4-py38h6afc60c_0.tar.bz2#06a0e2c7cd96a433a81be2d3467a9f6d
https://conda.anaconda.org/conda-forge/noarch/importlib-metadata-3.1.0-pyhd8ed1ab_0.tar.bz2#97a4bcec44626ddea360efdf7d5ad816
https://conda.anaconda.org/conda-forge/osx-64/macfsevents-0.8.1-py38h4d0b108_1001.tar.bz2#cf030199ecebc197ee1475efdf5ac965
https://conda.anaconda.org/conda-forge/osx-64/mypy_extensions-0.4.3-py38h32f6830_2.tar.bz2#cdd1d7200b0b00eda749903930c42c19
https://conda.anaconda.org/conda-forge/osx-64/pysocks-1.7.1-py38h5347e94_2.tar.bz2#fb19eb501a7c78448f9262ef6cde3b19
https://conda.anaconda.org/conda-forge/osx-64/pyyaml-5.3.1-py38h94c058a_1.tar.bz2#da7293e571efb5451eaefc94dae801c9
https://conda.anaconda.org/conda-forge/osx-64/regex-2020.11.13-py38h7e3306e_0.tar.bz2#96859c87063d1caa30bd961f436170dc
https://conda.anaconda.org/conda-forge/noarch/robotframework-lint-1.1-pyh9f0ad1d_0.tar.bz2#c3fa280c4a10c06e83f23193ef4ea5cc
https://conda.anaconda.org/conda-forge/noarch/robotframework-pythonlibcore-2.1.0-pyhd8ed1ab_1.tar.bz2#c20e2a5cca5be112eddedd02396897b9
https://conda.anaconda.org/conda-forge/osx-64/typed-ast-1.4.1-py38h7e3306e_1.tar.bz2#8fbb11914d437109f2d048832e919766
https://conda.anaconda.org/conda-forge/noarch/black-20.8b1-py_1.tar.bz2#e555d6b71ec916c3dc4e6e3793cc9796
https://conda.anaconda.org/conda-forge/osx-64/brotlipy-0.7.0-py38h94c058a_1001.tar.bz2#e75b32a4f716a68f0437ad606f4078e1
https://conda.anaconda.org/conda-forge/osx-64/cryptography-3.2.1-py38h5c1d3f9_0.tar.bz2#cba1a84ebaed4b2583d1cf918a6eb8f5
https://conda.anaconda.org/conda-forge/osx-64/doit-0.33.1-py38h32f6830_1.tar.bz2#15dba72dfa4453ebafe25a9fd526811a
https://conda.anaconda.org/conda-forge/osx-64/setuptools-49.6.0-py38h5347e94_2.tar.bz2#d60492e2803bc7f3c85544532868cee1
https://conda.anaconda.org/conda-forge/noarch/flake8-3.8.4-py_0.tar.bz2#138b1704321c115bd10e1966320ac790
https://conda.anaconda.org/conda-forge/osx-64/isort-4.3.21-py38h32f6830_1.tar.bz2#b55808f63246945fd16bc17a5a7439d3
https://conda.anaconda.org/conda-forge/noarch/pip-20.2.4-py_0.tar.bz2#d2c0e7b7ca15440dc445e725f1e79ccf
https://conda.anaconda.org/conda-forge/osx-64/pyopenssl-19.1.0-py38_0.tar.bz2#c79f61a3d9e170d5690a2527b1b1eb67
https://conda.anaconda.org/conda-forge/noarch/urllib3-1.26.2-pyhd8ed1ab_0.tar.bz2#8bb930d172961c9ba9ffd6e10a64b844
https://conda.anaconda.org/conda-forge/osx-64/selenium-3.141.0-py38h4d0b108_1002.tar.bz2#22c4963b1ca8d159fccd7630eb98b0e9
https://conda.anaconda.org/conda-forge/noarch/robotframework-seleniumlibrary-4.5.0-pyh9f0ad1d_0.tar.bz2#032239f822b29aef45cc4579ae86d031
