# platform: osx-64
# env_hash: bd5e69490afdb866130c97ebea1d9e9292ce41f2d516115b71cfb1bb0b994085
@EXPLICIT
https://conda.anaconda.org/conda-forge/osx-64/bzip2-1.0.8-h0d85af4_4.tar.bz2#37edc4e6304ca87316e160f5ca0bd1b5
https://conda.anaconda.org/conda-forge/osx-64/c-ares-1.17.1-h0d85af4_1.tar.bz2#786a1af1bc9194e43bb3a9e1ea0146ed
https://conda.anaconda.org/conda-forge/osx-64/ca-certificates-2020.12.5-h033912b_0.tar.bz2#4483d8ea13bd57b52e3539e741501a7d
https://conda.anaconda.org/conda-forge/osx-64/libcxx-11.1.0-habf9029_0.tar.bz2#a88609e545f948a404419c65cd96fa1a
https://conda.anaconda.org/conda-forge/osx-64/libev-4.33-haf1e3a3_1.tar.bz2#79dc2be110b2a3d1e97ec21f691c50ad
https://conda.anaconda.org/conda-forge/osx-64/libiconv-1.16-haf1e3a3_0.tar.bz2#c5fab167412a52e491c8e11453ae016f
https://conda.anaconda.org/conda-forge/osx-64/lzo-2.10-haf1e3a3_1000.tar.bz2#0b6bca372a95d6c602c7a922e928ce79
https://conda.anaconda.org/conda-forge/osx-64/ncurses-6.2-h2e338ed_4.tar.bz2#9cef1910395d1543527583e73dba30f1
https://conda.anaconda.org/conda-forge/osx-64/reproc-14.2.1-hbcb3906_0.tar.bz2#7a60834ed66c6dbc204ee40ff400ea4a
https://conda.anaconda.org/conda-forge/osx-64/ripgrep-12.1.1-haf1e3a3_1.tar.bz2#4ef0173af511e6fcf01c0c815b2ec9b7
https://conda.anaconda.org/conda-forge/noarch/tzdata-2021a-he74cb21_0.tar.bz2#6f36861f102249fc54861ff9343c3fdd
https://conda.anaconda.org/conda-forge/osx-64/xz-5.2.5-haf1e3a3_1.tar.bz2#41116deb499e9bc58048c297d6403ce6
https://conda.anaconda.org/conda-forge/osx-64/yaml-0.2.5-haf1e3a3_0.tar.bz2#84c2fc186995c25a43e86ed708065572
https://conda.anaconda.org/conda-forge/osx-64/zlib-1.2.11-h7795811_1010.tar.bz2#7d39e47e16ed0107f37c7224d5b5be8b
https://conda.anaconda.org/conda-forge/osx-64/icu-68.1-h74dc148_0.tar.bz2#e4e7f8580abd1275ea2250fe606b66ac
https://conda.anaconda.org/conda-forge/osx-64/libedit-3.1.20191231-h0678c8f_2.tar.bz2#6016a8a1d0e63cac3de2c352cd40208b
https://conda.anaconda.org/conda-forge/osx-64/libffi-3.3-h046ec9c_2.tar.bz2#c7a196accaf92d40985d5c9b4d14f9cb
https://conda.anaconda.org/conda-forge/osx-64/liblief-0.10.1-hb1e8313_2.tar.bz2#14c7fe39f28d8f23f8bd6312e9d47f6f
https://conda.anaconda.org/conda-forge/osx-64/libsolv-0.7.18-hcf210ce_0.tar.bz2#200f413cd1a4f4840f56731d6c1c610a
https://conda.anaconda.org/conda-forge/osx-64/lz4-c-1.9.3-h046ec9c_0.tar.bz2#7f13d69c1b7989b85029efb6f3e35af9
https://conda.anaconda.org/conda-forge/osx-64/openssl-1.1.1k-h0d85af4_0.tar.bz2#f9582eb16f4e3bc7932995e122f30a74
https://conda.anaconda.org/conda-forge/osx-64/readline-8.1-h05e3726_0.tar.bz2#2832e9b6a7caa7cb192fcda6cfcd8871
https://conda.anaconda.org/conda-forge/osx-64/reproc-cpp-14.2.1-h2e338ed_0.tar.bz2#81f8c26dd046e967c4536054e1863001
https://conda.anaconda.org/conda-forge/osx-64/tk-8.6.10-h0419947_1.tar.bz2#9a79a432473acddd936ff8bab8b86145
https://conda.anaconda.org/conda-forge/osx-64/krb5-1.17.2-h60d9502_0.tar.bz2#abf2add2a1ade1920b25a8f3327a1aa0
https://conda.anaconda.org/conda-forge/osx-64/libnghttp2-1.43.0-h07e645a_0.tar.bz2#b4a9c405d47f3b120ed6cf86cc8a13aa
https://conda.anaconda.org/conda-forge/osx-64/libssh2-1.9.0-h52ee1ee_6.tar.bz2#42cebefd1fd127d1180e3df004a413b7
https://conda.anaconda.org/conda-forge/osx-64/libxml2-2.9.10-h93ec3fd_4.tar.bz2#65d5f634e962c4883184aa65902241fd
https://conda.anaconda.org/conda-forge/osx-64/sqlite-3.35.5-h44b9ce1_0.tar.bz2#2c2013573c0ebe9eb400f483de607360
https://conda.anaconda.org/conda-forge/osx-64/zstd-1.4.9-h582d3a0_0.tar.bz2#551e04087371339ee63524f2988faa62
https://conda.anaconda.org/conda-forge/osx-64/libarchive-3.5.1-h0a5793d_1.tar.bz2#cb556c11c227bb7c568204768bf2a100
https://conda.anaconda.org/conda-forge/osx-64/libcurl-7.76.1-h8ef9fac_1.tar.bz2#c85e850ce40b713b2183cf208e90a493
https://conda.anaconda.org/conda-forge/osx-64/python-3.9.2-h2502468_0_cpython.tar.bz2#57dbdb212b9437aed31875d015885bee
https://conda.anaconda.org/conda-forge/noarch/appdirs-1.4.4-pyh9f0ad1d_0.tar.bz2#5f095bc6454094e96f146491fd03633b
https://conda.anaconda.org/conda-forge/noarch/click-7.1.2-pyh9f0ad1d_0.tar.bz2#bd50a970ce07e660c319fdc4d730d3f1
https://conda.anaconda.org/conda-forge/noarch/cloudpickle-1.6.0-py_0.tar.bz2#76d764d8881719e305f6fa368dc2b65e
https://conda.anaconda.org/conda-forge/noarch/colorama-0.4.4-pyh9f0ad1d_0.tar.bz2#c08b4c1326b880ed44f3ffb04803332f
https://conda.anaconda.org/conda-forge/noarch/filelock-3.0.12-pyh9f0ad1d_0.tar.bz2#7544ed05bbbe9bb687bc9bcbe4d6cb46
https://conda.anaconda.org/conda-forge/noarch/glob2-0.7-py_0.tar.bz2#1f3a88e65e61216e1d475135922dbf6a
https://conda.anaconda.org/conda-forge/noarch/idna-2.10-pyh9f0ad1d_0.tar.bz2#f95a12b4f435aae6680fe55ae2eb1b06
https://conda.anaconda.org/conda-forge/noarch/pkginfo-1.7.0-pyhd8ed1ab_0.tar.bz2#3ea3fca4afad20d8ec2f5b611bffde53
https://conda.anaconda.org/conda-forge/noarch/pycparser-2.20-pyh9f0ad1d_2.tar.bz2#aa798d50ffd182a0f6f31478c7f434f6
https://conda.anaconda.org/conda-forge/noarch/pyparsing-2.4.7-pyh9f0ad1d_0.tar.bz2#626c4f20d5bf06dcec9cf2eaa31725c7
https://conda.anaconda.org/conda-forge/osx-64/python_abi-3.9-1_cp39.tar.bz2#538aaaaa7300d8cefba993d78a390592
https://conda.anaconda.org/conda-forge/noarch/pytz-2021.1-pyhd8ed1ab_0.tar.bz2#3af2e9424d5eb0063824a3f9b850d411
https://conda.anaconda.org/conda-forge/noarch/rfc3986-1.4.0-pyh9f0ad1d_0.tar.bz2#4dd11e722e5a29afc55e5d7f15782130
https://conda.anaconda.org/conda-forge/noarch/six-1.15.0-pyh9f0ad1d_0.tar.bz2#1eec421f0f1f39e579e44e4a5ce646a2
https://conda.anaconda.org/conda-forge/noarch/soupsieve-2.0.1-py_1.tar.bz2#aa1db70848c19bace567ba39a157f508
https://conda.anaconda.org/conda-forge/noarch/toml-0.10.2-pyhd8ed1ab_0.tar.bz2#f832c45a477c78bebd107098db465095
https://conda.anaconda.org/conda-forge/noarch/tqdm-4.60.0-pyhd8ed1ab_0.tar.bz2#d4d22fcd50ccf1925fe59efd36ba4358
https://conda.anaconda.org/conda-forge/noarch/webencodings-0.5.1-py_1.tar.bz2#3563be4c5611a44210d9ba0c16113136
https://conda.anaconda.org/conda-forge/noarch/wheel-0.36.2-pyhd3deb0d_0.tar.bz2#768bfbe026426d0e76b377997d1f2b98
https://conda.anaconda.org/conda-forge/noarch/zipp-3.4.1-pyhd8ed1ab_0.tar.bz2#a4fa30eb74a326092b3d8078b1f1aae1
https://conda.anaconda.org/conda-forge/noarch/beautifulsoup4-4.9.3-pyhb0f4dca_0.tar.bz2#d243a293d7303ab6195d96ce8c16b1cb
https://conda.anaconda.org/conda-forge/osx-64/certifi-2020.12.5-py39h6e9494a_1.tar.bz2#c678a84c6d59bcd97462b666e288b870
https://conda.anaconda.org/conda-forge/osx-64/cffi-1.14.5-py39h319c39b_0.tar.bz2#b0a3dd59564481b695c7d9caa536689d
https://conda.anaconda.org/conda-forge/osx-64/chardet-4.0.0-py39h6e9494a_1.tar.bz2#f514d534fca0f9876720954703250c88
https://conda.anaconda.org/conda-forge/noarch/click-default-group-1.2.2-pyhd8ed1ab_1.tar.bz2#72a46ffc25701c173932fd55cf0965d3
https://conda.anaconda.org/conda-forge/osx-64/conda-package-handling-1.7.3-py39h89e85a6_0.tar.bz2#8c5d3352869c2a5bf223150891a7f6d0
https://conda.anaconda.org/conda-forge/osx-64/docutils-0.17.1-py39h6e9494a_0.tar.bz2#9cfc92862daec20f50603acad7369867
https://conda.anaconda.org/conda-forge/osx-64/future-0.18.2-py39h6e9494a_3.tar.bz2#0bc1ec233ddeef347977732ff40f4194
https://conda.anaconda.org/conda-forge/osx-64/importlib-metadata-4.0.1-py39h6e9494a_0.tar.bz2#eca034007cf0e88100420a0c127cac7f
https://conda.anaconda.org/conda-forge/osx-64/macfsevents-0.8.1-py39hb5aae12_1001.tar.bz2#d85619dcc5915ccbc631a19197a4cda7
https://conda.anaconda.org/conda-forge/osx-64/markupsafe-1.1.1-py39hcbf5805_3.tar.bz2#61c917431de9a4f98044c1e97b167995
https://conda.anaconda.org/conda-forge/noarch/packaging-20.9-pyh44b312d_0.tar.bz2#be69a38e912054a62dc82cc3c7711a64
https://conda.anaconda.org/conda-forge/osx-64/psutil-5.8.0-py39h89e85a6_1.tar.bz2#7bdf1a038c5aa4997a55e5e156e1c9db
https://conda.anaconda.org/conda-forge/osx-64/py-lief-0.10.1-py39h13a702c_2.tar.bz2#344e3e944a0c3a2740cff2dd90b2ae7e
https://conda.anaconda.org/conda-forge/osx-64/pycosat-0.6.3-py39hcbf5805_1006.tar.bz2#d3b5af2b10283a8640a14d5d3f87aef5
https://conda.anaconda.org/conda-forge/osx-64/pysocks-1.7.1-py39h6e9494a_3.tar.bz2#9badaee0fe9f61aa4794987f88e543fe
https://conda.anaconda.org/conda-forge/osx-64/python-libarchive-c-2.9-py39h6e9494a_2.tar.bz2#ee9e5ba08ec0a00289d4fe55f6571407
https://conda.anaconda.org/conda-forge/osx-64/pyyaml-5.4.1-py39hcbf5805_0.tar.bz2#16125bf06cd4bb0749f109f1451d7ed4
https://conda.anaconda.org/conda-forge/osx-64/ruamel_yaml-0.15.80-py39h4b0b724_1004.tar.bz2#86d87ea0766dc2d41f63f538ddb2dc94
https://conda.anaconda.org/conda-forge/osx-64/brotlipy-0.7.0-py39hcbf5805_1001.tar.bz2#24ceea6c1d2bd117e13d3830a065f843
https://conda.anaconda.org/conda-forge/osx-64/cmarkgfm-0.5.3-py39h89e85a6_0.tar.bz2#f27319a12b46d0c035e98d16dddc4b55
https://conda.anaconda.org/conda-forge/osx-64/cryptography-3.4.7-py39ha2c9959_0.tar.bz2#2c4542d3abca07b2b7263e15c85917db
https://conda.anaconda.org/conda-forge/osx-64/doit-0.33.1-py39hde42818_1.tar.bz2#60195688f3a1598b5f445677ef11f6e2
https://conda.anaconda.org/conda-forge/noarch/importlib_metadata-4.0.1-hd8ed1ab_0.tar.bz2#50c48f1394fba9705a76163409924628
https://conda.anaconda.org/conda-forge/osx-64/setuptools-49.6.0-py39h6e9494a_3.tar.bz2#f4f757b28d82aae4f8c7f5aac5c9e477
https://conda.anaconda.org/conda-forge/noarch/bleach-3.3.0-pyh44b312d_0.tar.bz2#abf6b76c39358ca36ca706c46f054f2a
https://conda.anaconda.org/conda-forge/noarch/jinja2-2.11.3-pyh44b312d_0.tar.bz2#1d4c3605d85a3655b1595e0694138eb6
https://conda.anaconda.org/conda-forge/osx-64/keyring-23.0.1-py39h6e9494a_0.tar.bz2#903070b1e455cf13348a182528b94f8d
https://conda.anaconda.org/conda-forge/noarch/pip-21.1-pyhd8ed1ab_0.tar.bz2#5acc8aa0e57f31553f7bf9c22ca4d064
https://conda.anaconda.org/conda-forge/noarch/pygments-2.8.1-pyhd8ed1ab_0.tar.bz2#196e0cff141677f430fc06eb0d0ad94d
https://conda.anaconda.org/conda-forge/noarch/pyopenssl-20.0.1-pyhd8ed1ab_0.tar.bz2#92371c25994d0f5d28a01c1fb75ebf86
https://conda.anaconda.org/conda-forge/osx-64/conda-verify-3.1.1-py39h6e9494a_1003.tar.bz2#cef6bc275ffeaaf473847b8322c53861
https://conda.anaconda.org/conda-forge/noarch/readme_renderer-27.0-pyh9f0ad1d_0.tar.bz2#38446dff7f69efd3fab98ab4dc68c0c8
https://conda.anaconda.org/conda-forge/noarch/urllib3-1.26.4-pyhd8ed1ab_0.tar.bz2#d7b20b328e23d993994ea02077c009c0
https://conda.anaconda.org/conda-forge/noarch/requests-2.25.1-pyhd3deb0d_0.tar.bz2#ae687aba31a1c400192a86a2e993ffdc
https://conda.anaconda.org/conda-forge/osx-64/conda-4.10.1-py39h6e9494a_0.tar.bz2#1f3390287b9d87f505c7c2bbad7a5994
https://conda.anaconda.org/conda-forge/noarch/ensureconda-1.4.1-pyhd8ed1ab_0.tar.bz2#52a7f7cc9076e2c8a25e15e19ad42821
https://conda.anaconda.org/conda-forge/noarch/requests-toolbelt-0.9.1-py_0.tar.bz2#402668adee8fcba9a9c265cdc2a88f5a
https://conda.anaconda.org/conda-forge/osx-64/conda-build-3.21.4-py39h6e9494a_0.tar.bz2#1d82d5ac8d2883fb64cbf9f80a67b349
https://conda.anaconda.org/conda-forge/noarch/conda-lock-0.9.1-pyhd8ed1ab_0.tar.bz2#c918c8071db1665663a46371b0a46620
https://conda.anaconda.org/conda-forge/osx-64/mamba-0.12.0-py39hb671511_0.tar.bz2#89dc29a12ee6f7ab89f38a0678877d56
https://conda.anaconda.org/conda-forge/noarch/twine-3.4.1-pyhd8ed1ab_0.tar.bz2#c7d4ab21a13c919f9ae59eae7bcebf2a
