# Generated by conda-lock.
# platform: osx-64
# input_hash: 3ab75129ec35793b136835828a418bafdd6483bbae477b5145ec7d9d7303fabc
@EXPLICIT
https://conda.anaconda.org/conda-forge/osx-64/ca-certificates-2021.10.8-h033912b_0.tar.bz2#bb82d0243db9882b509702ecb69e38f0
https://conda.anaconda.org/conda-forge/osx-64/libcxx-12.0.1-habf9029_1.tar.bz2#444dfb8ed0bf2a8864f73eb6436b29e0
https://conda.anaconda.org/conda-forge/osx-64/libffi-3.4.2-h0d85af4_5.tar.bz2#ccb34fb14960ad8b125962d3d79b31a9
https://conda.anaconda.org/conda-forge/osx-64/libsodium-1.0.18-hbcb3906_1.tar.bz2#24632c09ed931af617fe6d5292919cab
https://conda.anaconda.org/conda-forge/osx-64/libuv-1.42.0-h0d85af4_0.tar.bz2#0893dc8db34a4fc7aa999f6be2c48f5c
https://conda.anaconda.org/conda-forge/osx-64/libzlib-1.2.11-h9173be1_1013.tar.bz2#a3a6a53beaa92c5cfe52ee3a198e78cc
https://conda.anaconda.org/conda-forge/osx-64/ncurses-6.2-h2e338ed_4.tar.bz2#9cef1910395d1543527583e73dba30f1
https://conda.anaconda.org/conda-forge/osx-64/pandoc-2.16.2-h0d85af4_0.tar.bz2#4ae08610c2ffddffb0ff0f15b9e98262
https://conda.anaconda.org/conda-forge/osx-64/xz-5.2.5-haf1e3a3_1.tar.bz2#41116deb499e9bc58048c297d6403ce6
https://conda.anaconda.org/conda-forge/osx-64/yaml-0.2.5-h0d85af4_2.tar.bz2#d7e08fcf8259d742156188e8762b4d20
https://conda.anaconda.org/conda-forge/osx-64/icu-69.1-he49afe7_0.tar.bz2#ee3bde95f8c74ebd296543525775ada5
https://conda.anaconda.org/conda-forge/osx-64/openssl-1.1.1l-h0d85af4_0.tar.bz2#f7bcdbb7a5dae97030eee20b884b1f8a
https://conda.anaconda.org/conda-forge/osx-64/readline-8.1-h05e3726_0.tar.bz2#2832e9b6a7caa7cb192fcda6cfcd8871
https://conda.anaconda.org/conda-forge/osx-64/zeromq-4.3.4-he49afe7_1.tar.bz2#1972d732b123ed04b60fd21e94f0b178
https://conda.anaconda.org/conda-forge/osx-64/zlib-1.2.11-h9173be1_1013.tar.bz2#cf985617d679990418c380099620b01a
https://conda.anaconda.org/conda-forge/osx-64/nodejs-16.13.0-h0da8292_2.tar.bz2#65b51d133246f8f3d0f02b96939dc01c
https://conda.anaconda.org/conda-forge/osx-64/sqlite-3.37.0-h23a322b_0.tar.bz2#68f13bbe00ac288ffc1c1b868bc4da23
https://conda.anaconda.org/conda-forge/osx-64/tk-8.6.11-h5dbffcc_1.tar.bz2#e35b11155bd70facee39dfdec7368ad0
https://conda.anaconda.org/conda-forge/osx-64/python-3.6.15-haf480d7_0_cpython.tar.bz2#35839e565826f7397f0892f4e0045027
https://conda.anaconda.org/conda-forge/noarch/alabaster-0.7.12-py_0.tar.bz2#2489a97287f90176ecdc3ca982b4b0a0
https://conda.anaconda.org/conda-forge/noarch/async_generator-1.10-py_0.tar.bz2#d56c596e61b1c4952acf0a9920856c12
https://conda.anaconda.org/conda-forge/noarch/attrs-21.4.0-pyhd8ed1ab_0.tar.bz2#f70280205d7044c8b8358c8de3190e5d
https://conda.anaconda.org/conda-forge/noarch/backcall-0.2.0-pyh9f0ad1d_0.tar.bz2#6006a6d08a3fa99268a2681c7fb55213
https://conda.anaconda.org/conda-forge/noarch/backports-1.0-py_2.tar.bz2#0da16b293affa6ac31812376f8eb79dd
https://conda.anaconda.org/conda-forge/noarch/charset-normalizer-2.0.10-pyhd8ed1ab_0.tar.bz2#ea77236c8031cfa821720b21b4cb0ceb
https://conda.anaconda.org/conda-forge/noarch/cloudpickle-2.0.0-pyhd8ed1ab_0.tar.bz2#3a8fc8b627d5fb6af827e126a10a86c6
https://conda.anaconda.org/conda-forge/noarch/colorama-0.4.4-pyh9f0ad1d_0.tar.bz2#c08b4c1326b880ed44f3ffb04803332f
https://conda.anaconda.org/conda-forge/noarch/dataclasses-0.8-pyh787bdff_2.tar.bz2#ed959a4ba14e6ddfa898630a5474a601
https://conda.anaconda.org/conda-forge/noarch/decorator-5.1.1-pyhd8ed1ab_0.tar.bz2#43afe5ab04e35e17ba28649471dd7364
https://conda.anaconda.org/conda-forge/noarch/defusedxml-0.7.1-pyhd8ed1ab_0.tar.bz2#961b3a227b437d82ad7054484cfa71b2
https://conda.anaconda.org/conda-forge/noarch/entrypoints-0.3-pyhd8ed1ab_1003.tar.bz2#bbf9a201f6ce99a506f4955374d9a9f4
https://conda.anaconda.org/conda-forge/noarch/idna-3.1-pyhd3deb0d_0.tar.bz2#9c9aea4b8391264477df484f798562d0
https://conda.anaconda.org/conda-forge/noarch/imagesize-1.3.0-pyhd8ed1ab_0.tar.bz2#be807e7606fff9436e5e700f6bffb7c6
https://conda.anaconda.org/conda-forge/noarch/ipython_genutils-0.2.0-py_1.tar.bz2#5071c982548b3a20caf70462f04f5287
https://conda.anaconda.org/conda-forge/noarch/jupyterlab_widgets-1.0.2-pyhd8ed1ab_0.tar.bz2#eaff56fe28d1236076aa3bb13c35b434
https://conda.anaconda.org/conda-forge/noarch/nest-asyncio-1.5.4-pyhd8ed1ab_0.tar.bz2#0d86e4e6ac78912f3f47e0453b124aca
https://conda.anaconda.org/conda-forge/noarch/pandocfilters-1.5.0-pyhd8ed1ab_0.tar.bz2#457c2c8c08e54905d6954e79cb5b5db9
https://conda.anaconda.org/conda-forge/noarch/parso-0.7.1-pyh9f0ad1d_0.tar.bz2#f66647d1ec805566d72ac26f62b19c01
https://conda.anaconda.org/conda-forge/noarch/pickleshare-0.7.5-py_1003.tar.bz2#415f0ebb6198cc2801c73438a9fb5761
https://conda.anaconda.org/conda-forge/osx-64/port-for-0.3.1-py36_1.tar.bz2#ab6741594a4d0ca40b572df3444cfbc1
https://conda.anaconda.org/conda-forge/noarch/prometheus_client-0.12.0-pyhd8ed1ab_0.tar.bz2#d7b366cccdf2c1e8ebdddbfff7c2ba00
https://conda.anaconda.org/conda-forge/noarch/ptyprocess-0.7.0-pyhd3deb0d_0.tar.bz2#359eeb6536da0e687af562ed265ec263
https://conda.anaconda.org/conda-forge/noarch/pycparser-2.21-pyhd8ed1ab_0.tar.bz2#076becd9e05608f8dc72757d5f3a91ff
https://conda.anaconda.org/conda-forge/noarch/pyparsing-3.0.6-pyhd8ed1ab_0.tar.bz2#3087df8c636c5a00e694605c39ce4982
https://conda.anaconda.org/conda-forge/osx-64/python_abi-3.6-2_cp36m.tar.bz2#8bda098622b6c1548318108301221303
https://conda.anaconda.org/conda-forge/noarch/pytz-2021.3-pyhd8ed1ab_0.tar.bz2#7e4f811bff46a5a6a7e0094921389395
https://conda.anaconda.org/conda-forge/noarch/robotframework-4.1.3-pyhd8ed1ab_0.tar.bz2#e20ca74470432b2c47306d796c997992
https://conda.anaconda.org/conda-forge/noarch/send2trash-1.8.0-pyhd8ed1ab_0.tar.bz2#edab14119efe85c3bf131ad747e9005c
https://conda.anaconda.org/conda-forge/noarch/shellingham-1.4.0-pyh44b312d_0.tar.bz2#437655338696f9d0dfdb0a024e66b255
https://conda.anaconda.org/conda-forge/noarch/six-1.16.0-pyh6c4a22f_0.tar.bz2#e5f25f8dbc060e9a8d912e432202afc2
https://conda.anaconda.org/conda-forge/noarch/smmap-3.0.5-pyh44b312d_0.tar.bz2#3a8dc70789709aa315325d5df06fb7e4
https://conda.anaconda.org/conda-forge/noarch/snowballstemmer-2.2.0-pyhd8ed1ab_0.tar.bz2#4d22a9315e78c6827f806065957d566e
https://conda.anaconda.org/conda-forge/noarch/soupsieve-2.3.1-pyhd8ed1ab_0.tar.bz2#d821b295c4bd18ad27e1e19543a5784a
https://conda.anaconda.org/conda-forge/noarch/sphinxcontrib-applehelp-1.0.2-py_0.tar.bz2#20b2eaeaeea4ef9a9a0d99770620fd09
https://conda.anaconda.org/conda-forge/noarch/sphinxcontrib-devhelp-1.0.2-py_0.tar.bz2#68e01cac9d38d0e717cd5c87bc3d2cc9
https://conda.anaconda.org/conda-forge/noarch/sphinxcontrib-htmlhelp-2.0.0-pyhd8ed1ab_0.tar.bz2#77dad82eb9c8c1525ff7953e0756d708
https://conda.anaconda.org/conda-forge/noarch/sphinxcontrib-jsmath-1.0.1-py_0.tar.bz2#67cd9d9c0382d37479b4d306c369a2d4
https://conda.anaconda.org/conda-forge/noarch/sphinxcontrib-qthelp-1.0.3-py_0.tar.bz2#d01180388e6d1838c3e1ad029590aa7a
https://conda.anaconda.org/conda-forge/noarch/testpath-0.5.0-pyhd8ed1ab_0.tar.bz2#53b57d6a468bebc7cef1253b177a5e9e
https://conda.anaconda.org/conda-forge/noarch/typing_extensions-4.0.1-pyha770c72_0.tar.bz2#1fc03816925d3cb7fdab9ab234e7fea7
https://conda.anaconda.org/conda-forge/noarch/webencodings-0.5.1-py_1.tar.bz2#3563be4c5611a44210d9ba0c16113136
https://conda.anaconda.org/conda-forge/noarch/websocket-client-1.2.3-pyhd8ed1ab_0.tar.bz2#a9e89668df0da0f33c8c4ddf7c118f6d
https://conda.anaconda.org/conda-forge/noarch/wheel-0.37.1-pyhd8ed1ab_0.tar.bz2#1ca02aaf78d9c70d9a81a3bed5752022
https://conda.anaconda.org/conda-forge/noarch/zipp-3.7.0-pyhd8ed1ab_0.tar.bz2#947f7f41958eabc0f6e886557512bb76
https://conda.anaconda.org/conda-forge/osx-64/appnope-0.1.2-py36h79c6626_1.tar.bz2#0a48851f74d57e76cd8048ff48667cc7
https://conda.anaconda.org/conda-forge/noarch/babel-2.9.1-pyh44b312d_0.tar.bz2#74136ed39bfea0832d338df1e58d013e
https://conda.anaconda.org/conda-forge/noarch/beautifulsoup4-4.10.0-pyha770c72_0.tar.bz2#c29e0b4a2ff546cedbe6dc2921948a1d
https://conda.anaconda.org/conda-forge/osx-64/certifi-2021.5.30-py36h79c6626_0.tar.bz2#58fe138d3ee47fc36b7682e3f7192d9b
https://conda.anaconda.org/conda-forge/osx-64/cffi-1.14.6-py36hbc36220_1.tar.bz2#25323d7f40a07cc9c7d3d48c4810bef9
https://conda.anaconda.org/conda-forge/osx-64/docutils-0.17.1-py36h79c6626_0.tar.bz2#b171d7dbbf0bb891755e717ddff9f4ce
https://conda.anaconda.org/conda-forge/noarch/gitdb-4.0.9-pyhd8ed1ab_0.tar.bz2#40fc6b14a45dee3a3fd9f302d026108e
https://conda.anaconda.org/conda-forge/osx-64/importlib-metadata-4.8.1-py36h79c6626_0.tar.bz2#98e62f13c400b787cf7adffcf323c69d
https://conda.anaconda.org/conda-forge/osx-64/jedi-0.17.2-py36h79c6626_1.tar.bz2#ffcf622b1afd6c66880e7c984d8c91a9
https://conda.anaconda.org/conda-forge/osx-64/macfsevents-0.8.1-py36h9de38fb_1001.tar.bz2#5fb1a2501d6c5ed6ea863d58f4795560
https://conda.anaconda.org/conda-forge/noarch/markdown-it-py-1.1.0-pyhd8ed1ab_0.tar.bz2#84e8dfb1a9e6a824f32fd45b867271ca
https://conda.anaconda.org/conda-forge/osx-64/markupsafe-2.0.1-py36hfa26744_0.tar.bz2#95d86ff338d078e46e38e30b930a559d
https://conda.anaconda.org/conda-forge/osx-64/mistune-0.8.4-py36hfa26744_1004.tar.bz2#27e8e67f7439ea38fe81e08328a3cd32
https://conda.anaconda.org/conda-forge/noarch/packaging-21.3-pyhd8ed1ab_0.tar.bz2#71f1ab2de48613876becddd496371c85
https://conda.anaconda.org/conda-forge/noarch/pexpect-4.8.0-pyh9f0ad1d_2.tar.bz2#5909e7b978141dd80d28dbf9de627827
https://conda.anaconda.org/conda-forge/osx-64/pyrsistent-0.17.3-py36hfa26744_2.tar.bz2#b53c096f65adb8df1aac483799352b83
https://conda.anaconda.org/conda-forge/osx-64/pysocks-1.7.1-py36h79c6626_3.tar.bz2#82c5d8e513559c97364e1c0e676cf83a
https://conda.anaconda.org/conda-forge/noarch/python-dateutil-2.8.2-pyhd8ed1ab_0.tar.bz2#dd999d1cc9f79e67dbb855c8924c7984
https://conda.anaconda.org/conda-forge/osx-64/pyyaml-5.4.1-py36hfa26744_1.tar.bz2#3f70512ecc8ca64108b38a8a526aab09
https://conda.anaconda.org/conda-forge/osx-64/pyzmq-22.3.0-py36h50cd92c_0.tar.bz2#e6947dc4b41d3c44e5f7a3dd3a3c9172
https://conda.anaconda.org/conda-forge/noarch/robotframework-pythonlibcore-3.0.0-pyhd8ed1ab_0.tar.bz2#5651c801936eed0acac65983bf87f9e4
https://conda.anaconda.org/conda-forge/osx-64/setuptools-58.0.4-py36h79c6626_2.tar.bz2#0ee5bdd15f4158aacefb640a70605b1d
https://conda.anaconda.org/conda-forge/osx-64/sqlalchemy-1.3.23-py36h49ba835_0.tar.bz2#8c42fa7f2b5ea36d5a813d24e16a6995
https://conda.anaconda.org/conda-forge/osx-64/tornado-6.1-py36hfa26744_1.tar.bz2#e473dc173e2a563be46d70582da8cd6d
https://conda.anaconda.org/conda-forge/noarch/traitlets-4.3.3-pyhd8ed1ab_2.tar.bz2#dacad0ee02418407a5991b0b62dfdc18
https://conda.anaconda.org/conda-forge/noarch/typing-extensions-4.0.1-hd8ed1ab_0.tar.bz2#c0d4ec4bcbceb927bff1103a997410d3
https://conda.anaconda.org/conda-forge/osx-64/argon2-cffi-21.1.0-py36hfa26744_0.tar.bz2#575506572976aab050dec4c9a37d6ab7
https://conda.anaconda.org/conda-forge/noarch/backports.functools_lru_cache-1.6.4-pyhd8ed1ab_0.tar.bz2#c5b3edc62d6309088f4970b3eaaa65a6
https://conda.anaconda.org/conda-forge/noarch/bleach-4.1.0-pyhd8ed1ab_0.tar.bz2#4a2104c7b22c222bd0fe03aaef12862c
https://conda.anaconda.org/conda-forge/osx-64/brotlipy-0.7.0-py36hfa26744_1001.tar.bz2#2978ae88b8e9ba587d0c335d0320f18d
https://conda.anaconda.org/conda-forge/osx-64/click-8.0.1-py36h79c6626_0.tar.bz2#cfbd3e8143cfe410f5ee1a3ab39dc497
https://conda.anaconda.org/conda-forge/osx-64/cryptography-35.0.0-py36ha6a00b0_0.tar.bz2#fef2a20f4e3d526232650ca9613e2015
https://conda.anaconda.org/conda-forge/osx-64/doit-0.33.1-py36h9f0ad1d_1.tar.bz2#55c0ce8dabe59a8e741fd01b033c0d9b
https://conda.anaconda.org/conda-forge/noarch/gitpython-3.1.18-pyhd8ed1ab_0.tar.bz2#19520f600cddf466cc3551e521809b66
https://conda.anaconda.org/conda-forge/osx-64/immutables-0.16-py36hfa26744_0.tar.bz2#23ca16b67efcf30d114f708c5be0eba0
https://conda.anaconda.org/conda-forge/noarch/jinja2-3.0.3-pyhd8ed1ab_0.tar.bz2#036d872c653780cb26e797e2e2f61b4c
https://conda.anaconda.org/conda-forge/noarch/jsonschema-4.1.2-pyhd8ed1ab_0.tar.bz2#94188756716d63117f09d546a30d43e7
https://conda.anaconda.org/conda-forge/osx-64/jupyter_core-4.8.1-py36h79c6626_0.tar.bz2#573a69563a105fca32ac4e342fbf0fa0
https://conda.anaconda.org/conda-forge/noarch/livereload-2.6.3-pyh9f0ad1d_0.tar.bz2#b7190e3ec3eff52839434bf4698e2d62
https://conda.anaconda.org/conda-forge/noarch/mdit-py-plugins-0.2.8-pyhd8ed1ab_0.tar.bz2#49236fcd746a124eb56d326f79e1d46d
https://conda.anaconda.org/conda-forge/noarch/pip-21.3.1-pyhd8ed1ab_0.tar.bz2#e4fe2a9af78ff11f1aced7e62128c6a8
https://conda.anaconda.org/conda-forge/noarch/pygments-2.11.2-pyhd8ed1ab_0.tar.bz2#caef60540e2239e27bf62569a5015e3b
https://conda.anaconda.org/conda-forge/osx-64/terminado-0.12.1-py36h79c6626_0.tar.bz2#c48b195ecfec57a1092586f3b5bb068e
https://conda.anaconda.org/conda-forge/osx-64/click-completion-0.5.2-py36h79c6626_2.tar.bz2#fea82a4b4ca82eb5c45190e35df0f1ad
https://conda.anaconda.org/conda-forge/noarch/click-log-0.3.2-pyh9f0ad1d_0.tar.bz2#3a64d156136fad977df1b81a24b57ac0
https://conda.anaconda.org/conda-forge/noarch/contextvars-2.4-py_0.tar.bz2#295fe9300971a6bd1dc4b18ad6509be2
https://conda.anaconda.org/conda-forge/noarch/jupyter_client-7.1.0-pyhd8ed1ab_0.tar.bz2#c1460cc25b6a86d1b66ab6c3c471b791
https://conda.anaconda.org/conda-forge/noarch/jupyterlab_pygments-0.1.2-pyh9f0ad1d_0.tar.bz2#2cbd910890bb328e8959246a1e16fac7
https://conda.anaconda.org/conda-forge/noarch/nbformat-5.1.3-pyhd8ed1ab_0.tar.bz2#bafa5df6d4f8db69a4d197b4657127e7
https://conda.anaconda.org/conda-forge/noarch/pyopenssl-21.0.0-pyhd8ed1ab_0.tar.bz2#8c49efecb7dca466e18b06015e8c88ce
https://conda.anaconda.org/conda-forge/noarch/wcwidth-0.2.5-pyh9f0ad1d_2.tar.bz2#5266fcd697043c59621fda522b3d78ee
https://conda.anaconda.org/conda-forge/noarch/nbclient-0.5.9-pyhd8ed1ab_0.tar.bz2#21554dd9bbabff27ae87f715fee4d56c
https://conda.anaconda.org/conda-forge/noarch/prompt-toolkit-3.0.24-pyha770c72_0.tar.bz2#edaf527a6d394e2b965aff228c2e552f
https://conda.anaconda.org/conda-forge/osx-64/sniffio-1.2.0-py36h79c6626_1.tar.bz2#7ee6c3917df023fc76e81e2591eb232d
https://conda.anaconda.org/conda-forge/noarch/urllib3-1.26.8-pyhd8ed1ab_1.tar.bz2#53f1387c68c21cecb386e2cde51b3f7c
https://conda.anaconda.org/conda-forge/osx-64/anyio-3.3.2-py36h79c6626_0.tar.bz2#868c8c2b8417b281335780d108bd0b5c
https://conda.anaconda.org/conda-forge/osx-64/ipython-7.16.1-py36h9cf137f_2.tar.bz2#e8fe9a5e5a41a0401463dc48ed95c906
https://conda.anaconda.org/conda-forge/osx-64/nbconvert-6.0.7-py36h79c6626_3.tar.bz2#64dd6243941cdcefd7e9cf1d9550f547
https://conda.anaconda.org/conda-forge/noarch/requests-2.27.1-pyhd8ed1ab_0.tar.bz2#7c1c427246b057b8fa97200ecdb2ed62
https://conda.anaconda.org/conda-forge/osx-64/selenium-3.141.0-py36hfa26744_1002.tar.bz2#197851d9e45b08f86592b13e1ebfd5b6
https://conda.anaconda.org/conda-forge/osx-64/ipykernel-5.5.5-py36h495a4c6_0.tar.bz2#b65333a151a2f493dab0b6647febfe5a
https://conda.anaconda.org/conda-forge/noarch/jupyter_server-1.13.2-pyhd8ed1ab_0.tar.bz2#b6771ff740526a8a04853fda74dc03f3
https://conda.anaconda.org/conda-forge/noarch/robotframework-seleniumlibrary-5.1.3-pyhd8ed1ab_0.tar.bz2#464fdfebe1a1ffb41b031d8bbfb6041f
https://conda.anaconda.org/conda-forge/noarch/jupyter-server-mathjax-0.2.3-pyhd8ed1ab_0.tar.bz2#2d0951b616bb3a172032ade395706f45
https://conda.anaconda.org/conda-forge/osx-64/notebook-6.3.0-py36h79c6626_0.tar.bz2#96b90b67ee7964582312e8fb44516c2d
https://conda.anaconda.org/conda-forge/noarch/nbdime-3.1.1-pyhd8ed1ab_0.tar.bz2#38dc061ffabe665b79f4c7c52cefa809
https://conda.anaconda.org/conda-forge/osx-64/widgetsnbextension-3.5.1-py36h79c6626_4.tar.bz2#4fd4c9e381f16caf01d9a5244eeea563
https://conda.anaconda.org/conda-forge/noarch/ipywidgets-7.6.5-pyhd8ed1ab_0.tar.bz2#6f2ee1ec157104df141e2e5afeba98d4
https://conda.anaconda.org/conda-forge/noarch/jupyter-cache-0.4.3-pyhd8ed1ab_0.tar.bz2#03cd9218c96d513854bfc8714eaf9451
https://conda.anaconda.org/conda-forge/noarch/jupyter-sphinx-0.3.2-pyhd8ed1ab_1.tar.bz2#a47ca0f91417e5d29d075ca416254466
https://conda.anaconda.org/conda-forge/noarch/myst-parser-0.15.2-pyhd8ed1ab_0.tar.bz2#0c2976e0a1af80ce224388da557eeece
https://conda.anaconda.org/conda-forge/noarch/pydata-sphinx-theme-0.7.2-pyhd8ed1ab_0.tar.bz2#123f5c52d6b4117225af45a52ec34997
https://conda.anaconda.org/conda-forge/noarch/sphinx-4.3.2-pyh6c4a22f_0.tar.bz2#e8ffaea0961c0d7a6767f2394042043d
https://conda.anaconda.org/conda-forge/noarch/sphinx-autobuild-2021.3.14-pyhd8ed1ab_0.tar.bz2#1909f784dc37b4ab97afe2c95aeeabaa
https://conda.anaconda.org/conda-forge/noarch/sphinx-togglebutton-0.2.3-pyhd3deb0d_0.tar.bz2#3eb34ca58b3cb8df3c92371e79af9e12
https://conda.anaconda.org/conda-forge/noarch/sphinxcontrib-serializinghtml-1.1.5-pyhd8ed1ab_1.tar.bz2#63d2f874f990fdcab47c822b608d6ade
https://conda.anaconda.org/conda-forge/noarch/myst-nb-0.13.1-pyhd8ed1ab_0.tar.bz2#3588991b5d785f9395b94970bbbd67ae
