@EXPLICIT
https://conda.anaconda.org/conda-forge/osx-64/ca-certificates-2022.9.24-h033912b_0.tar.bz2#67b268c32433047914482def1ce215c2
https://conda.anaconda.org/conda-forge/osx-64/libcxx-14.0.6-hccf4f1f_0.tar.bz2#208a6a874b073277374de48a782f6b10
https://conda.anaconda.org/conda-forge/osx-64/libffi-3.4.2-h0d85af4_5.tar.bz2#ccb34fb14960ad8b125962d3d79b31a9
https://conda.anaconda.org/conda-forge/osx-64/libsodium-1.0.18-hbcb3906_1.tar.bz2#24632c09ed931af617fe6d5292919cab
https://conda.anaconda.org/conda-forge/osx-64/libuv-1.44.2-hac89ed1_0.tar.bz2#958fa9add5701462a6c91e3774425ea1
https://conda.anaconda.org/conda-forge/osx-64/libzlib-1.2.12-hfd90126_3.tar.bz2#7fc40fa575092093bea11afa0c29ee10
https://conda.anaconda.org/conda-forge/osx-64/ncurses-6.3-h96cf925_1.tar.bz2#76217ebfbb163ff2770a261f955a5861
https://conda.anaconda.org/conda-forge/osx-64/pandoc-2.19.2-h694c41f_0.tar.bz2#d68867819de3d86741fbf1a7fd612ef2
https://conda.anaconda.org/conda-forge/osx-64/xz-5.2.6-h775f41a_0.tar.bz2#a72f9d4ea13d55d745ff1ed594747f10
https://conda.anaconda.org/conda-forge/osx-64/yaml-0.2.5-h0d85af4_2.tar.bz2#d7e08fcf8259d742156188e8762b4d20
https://conda.anaconda.org/conda-forge/osx-64/icu-70.1-h96cf925_0.tar.bz2#376635049e9b9b0bb875efd39dcd7b3b
https://conda.anaconda.org/conda-forge/osx-64/libsqlite-3.39.3-ha978bb4_0.tar.bz2#5675a8b76e80758b67db618ad5c20259
https://conda.anaconda.org/conda-forge/osx-64/openssl-1.1.1q-hfe4f2af_0.tar.bz2#ce822517fb00e8bafea6fe77d07f20bd
https://conda.anaconda.org/conda-forge/osx-64/readline-8.1.2-h3899abd_0.tar.bz2#89fa404901fa8fb7d4f4e07083b8d635
https://conda.anaconda.org/conda-forge/osx-64/tk-8.6.12-h5dbffcc_0.tar.bz2#8e9480d9c47061db2ed1b4ecce519a7f
https://conda.anaconda.org/conda-forge/osx-64/zeromq-4.3.4-he49afe7_1.tar.bz2#1972d732b123ed04b60fd21e94f0b178
https://conda.anaconda.org/conda-forge/osx-64/zlib-1.2.12-hfd90126_3.tar.bz2#09da16c715a1c25ec62731a63ecd9318
https://conda.anaconda.org/conda-forge/osx-64/nodejs-18.10.0-h3591b89_0.tar.bz2#222495742882d8092ec2e28c80c0b9cf
https://conda.anaconda.org/conda-forge/osx-64/sqlite-3.39.3-h9ae0607_0.tar.bz2#5da3712dbd4bfab0782899bc1b9ab8a1
https://conda.anaconda.org/conda-forge/osx-64/python-3.6.15-haf480d7_0_cpython.tar.bz2#35839e565826f7397f0892f4e0045027
https://conda.anaconda.org/conda-forge/noarch/alabaster-0.7.12-py_0.tar.bz2#2489a97287f90176ecdc3ca982b4b0a0
https://conda.anaconda.org/conda-forge/noarch/appnope-0.1.3-pyhd8ed1ab_0.tar.bz2#54ac328d703bff191256ffa1183126d1
https://conda.anaconda.org/conda-forge/noarch/async_generator-1.10-py_0.tar.bz2#d56c596e61b1c4952acf0a9920856c12
https://conda.anaconda.org/conda-forge/noarch/attrs-21.4.0-pyhd8ed1ab_0.tar.bz2#f70280205d7044c8b8358c8de3190e5d
https://conda.anaconda.org/conda-forge/noarch/backcall-0.2.0-pyh9f0ad1d_0.tar.bz2#6006a6d08a3fa99268a2681c7fb55213
https://conda.anaconda.org/conda-forge/noarch/backports-1.0-py_2.tar.bz2#0da16b293affa6ac31812376f8eb79dd
https://conda.anaconda.org/conda-forge/noarch/charset-normalizer-2.1.1-pyhd8ed1ab_0.tar.bz2#c1d5b294fbf9a795dec349a6f4d8be8e
https://conda.anaconda.org/conda-forge/noarch/cloudpickle-2.2.0-pyhd8ed1ab_0.tar.bz2#a6cf47b09786423200d7982d1faa19eb
https://conda.anaconda.org/conda-forge/noarch/colorama-0.4.5-pyhd8ed1ab_0.tar.bz2#c267da48ce208905d7d976d49dfd9433
https://conda.anaconda.org/conda-forge/noarch/dataclasses-0.8-pyh787bdff_2.tar.bz2#ed959a4ba14e6ddfa898630a5474a601
https://conda.anaconda.org/conda-forge/noarch/decorator-5.1.1-pyhd8ed1ab_0.tar.bz2#43afe5ab04e35e17ba28649471dd7364
https://conda.anaconda.org/conda-forge/noarch/defusedxml-0.7.1-pyhd8ed1ab_0.tar.bz2#961b3a227b437d82ad7054484cfa71b2
https://conda.anaconda.org/conda-forge/noarch/entrypoints-0.4-pyhd8ed1ab_0.tar.bz2#3cf04868fee0a029769bd41f4b2fbf2d
https://conda.anaconda.org/conda-forge/noarch/idna-3.4-pyhd8ed1ab_0.tar.bz2#34272b248891bddccc64479f9a7fffed
https://conda.anaconda.org/conda-forge/noarch/imagesize-1.4.1-pyhd8ed1ab_0.tar.bz2#7de5386c8fea29e76b303f37dde4c352
https://conda.anaconda.org/conda-forge/noarch/ipython_genutils-0.2.0-py_1.tar.bz2#5071c982548b3a20caf70462f04f5287
https://conda.anaconda.org/conda-forge/noarch/jupyterlab_widgets-1.1.1-pyhd8ed1ab_0.tar.bz2#9e79315db0f0742b9a2215e122ef8fc9
https://conda.anaconda.org/conda-forge/noarch/nest-asyncio-1.5.5-pyhd8ed1ab_0.tar.bz2#dc36c992aec485c0efff619ed2e63957
https://conda.anaconda.org/conda-forge/noarch/pandocfilters-1.5.0-pyhd8ed1ab_0.tar.bz2#457c2c8c08e54905d6954e79cb5b5db9
https://conda.anaconda.org/conda-forge/noarch/parso-0.7.1-pyh9f0ad1d_0.tar.bz2#f66647d1ec805566d72ac26f62b19c01
https://conda.anaconda.org/conda-forge/noarch/pickleshare-0.7.5-py_1003.tar.bz2#415f0ebb6198cc2801c73438a9fb5761
https://conda.anaconda.org/conda-forge/osx-64/port-for-0.3.1-py36_1.tar.bz2#ab6741594a4d0ca40b572df3444cfbc1
https://conda.anaconda.org/conda-forge/noarch/prometheus_client-0.14.1-pyhd8ed1ab_0.tar.bz2#b7fa7d86530b8de805268e48988eb483
https://conda.anaconda.org/conda-forge/noarch/ptyprocess-0.7.0-pyhd3deb0d_0.tar.bz2#359eeb6536da0e687af562ed265ec263
https://conda.anaconda.org/conda-forge/noarch/pycparser-2.21-pyhd8ed1ab_0.tar.bz2#076becd9e05608f8dc72757d5f3a91ff
https://conda.anaconda.org/conda-forge/noarch/pyparsing-3.0.9-pyhd8ed1ab_0.tar.bz2#e8fbc1b54b25f4b08281467bc13b70cc
https://conda.anaconda.org/conda-forge/osx-64/python_abi-3.6-2_cp36m.tar.bz2#8bda098622b6c1548318108301221303
https://conda.anaconda.org/conda-forge/noarch/pytz-2022.2.1-pyhd8ed1ab_0.tar.bz2#974bca71d00364630f63f31fa7e059cb
https://conda.anaconda.org/conda-forge/noarch/robotframework-5.0.1-pyhd8ed1ab_0.tar.bz2#325df82f1bdd5175bb7b16d0c96e7d5e
https://conda.anaconda.org/conda-forge/noarch/send2trash-1.8.0-pyhd8ed1ab_0.tar.bz2#edab14119efe85c3bf131ad747e9005c
https://conda.anaconda.org/conda-forge/noarch/shellingham-1.5.0-pyhd8ed1ab_0.tar.bz2#65bacdee3cac51e49f45d530bbd5e90f
https://conda.anaconda.org/conda-forge/noarch/six-1.16.0-pyh6c4a22f_0.tar.bz2#e5f25f8dbc060e9a8d912e432202afc2
https://conda.anaconda.org/conda-forge/noarch/smmap-3.0.5-pyh44b312d_0.tar.bz2#3a8dc70789709aa315325d5df06fb7e4
https://conda.anaconda.org/conda-forge/noarch/snowballstemmer-2.2.0-pyhd8ed1ab_0.tar.bz2#4d22a9315e78c6827f806065957d566e
https://conda.anaconda.org/conda-forge/noarch/soupsieve-2.3.2.post1-pyhd8ed1ab_0.tar.bz2#146f4541d643d48fc8a75cacf69f03ae
https://conda.anaconda.org/conda-forge/noarch/sphinxcontrib-applehelp-1.0.2-py_0.tar.bz2#20b2eaeaeea4ef9a9a0d99770620fd09
https://conda.anaconda.org/conda-forge/noarch/sphinxcontrib-devhelp-1.0.2-py_0.tar.bz2#68e01cac9d38d0e717cd5c87bc3d2cc9
https://conda.anaconda.org/conda-forge/noarch/sphinxcontrib-htmlhelp-2.0.0-pyhd8ed1ab_0.tar.bz2#77dad82eb9c8c1525ff7953e0756d708
https://conda.anaconda.org/conda-forge/noarch/sphinxcontrib-jsmath-1.0.1-py_0.tar.bz2#67cd9d9c0382d37479b4d306c369a2d4
https://conda.anaconda.org/conda-forge/noarch/sphinxcontrib-qthelp-1.0.3-py_0.tar.bz2#d01180388e6d1838c3e1ad029590aa7a
https://conda.anaconda.org/conda-forge/noarch/sphinxcontrib-serializinghtml-1.1.5-pyhd8ed1ab_2.tar.bz2#9ff55a0901cf952f05c654394de76bf7
https://conda.anaconda.org/conda-forge/noarch/testpath-0.6.0-pyhd8ed1ab_0.tar.bz2#196b1f0165dbc9ea6f03c3b3419323fd
https://conda.anaconda.org/conda-forge/noarch/typing_extensions-4.1.1-pyha770c72_0.tar.bz2#74761ba7bc682e9009520163a1031ace
https://conda.anaconda.org/conda-forge/noarch/webencodings-0.5.1-py_1.tar.bz2#3563be4c5611a44210d9ba0c16113136
https://conda.anaconda.org/conda-forge/noarch/websocket-client-1.3.1-pyhd8ed1ab_0.tar.bz2#0fa7710a18a1fa033b8337f6515c9de1
https://conda.anaconda.org/conda-forge/noarch/wheel-0.37.1-pyhd8ed1ab_0.tar.bz2#1ca02aaf78d9c70d9a81a3bed5752022
https://conda.anaconda.org/conda-forge/noarch/zipp-3.6.0-pyhd8ed1ab_0.tar.bz2#855e2c4622f5eb50a4f6f7167b9ba17a
https://conda.anaconda.org/conda-forge/noarch/babel-2.10.3-pyhd8ed1ab_0.tar.bz2#72f1c6d03109d7a70087bc1d029a8eda
https://conda.anaconda.org/conda-forge/noarch/beautifulsoup4-4.11.1-pyha770c72_0.tar.bz2#eeec8814bd97b2681f708bb127478d7d
https://conda.anaconda.org/conda-forge/osx-64/certifi-2021.5.30-py36h79c6626_0.tar.bz2#58fe138d3ee47fc36b7682e3f7192d9b
https://conda.anaconda.org/conda-forge/osx-64/cffi-1.14.6-py36hbc36220_1.tar.bz2#25323d7f40a07cc9c7d3d48c4810bef9
https://conda.anaconda.org/conda-forge/osx-64/docutils-0.17.1-py36h79c6626_0.tar.bz2#b171d7dbbf0bb891755e717ddff9f4ce
https://conda.anaconda.org/conda-forge/noarch/gitdb-4.0.9-pyhd8ed1ab_0.tar.bz2#40fc6b14a45dee3a3fd9f302d026108e
https://conda.anaconda.org/conda-forge/osx-64/importlib-metadata-4.8.1-py36h79c6626_0.tar.bz2#98e62f13c400b787cf7adffcf323c69d
https://conda.anaconda.org/conda-forge/osx-64/jedi-0.17.2-py36h79c6626_1.tar.bz2#ffcf622b1afd6c66880e7c984d8c91a9
https://conda.anaconda.org/conda-forge/osx-64/macfsevents-0.8.1-py36h9de38fb_1001.tar.bz2#5fb1a2501d6c5ed6ea863d58f4795560
https://conda.anaconda.org/conda-forge/noarch/markdown-it-py-1.1.0-pyhd8ed1ab_0.tar.bz2#84e8dfb1a9e6a824f32fd45b867271ca
https://conda.anaconda.org/conda-forge/osx-64/markupsafe-2.0.1-py36hfa26744_0.tar.bz2#95d86ff338d078e46e38e30b930a559d
https://conda.anaconda.org/conda-forge/osx-64/mistune-0.8.4-py36hfa26744_1004.tar.bz2#27e8e67f7439ea38fe81e08328a3cd32
https://conda.anaconda.org/conda-forge/noarch/packaging-21.3-pyhd8ed1ab_0.tar.bz2#71f1ab2de48613876becddd496371c85
https://conda.anaconda.org/conda-forge/noarch/pexpect-4.8.0-pyh9f0ad1d_2.tar.bz2#5909e7b978141dd80d28dbf9de627827
https://conda.anaconda.org/conda-forge/osx-64/pyrsistent-0.17.3-py36hfa26744_2.tar.bz2#b53c096f65adb8df1aac483799352b83
https://conda.anaconda.org/conda-forge/osx-64/pysocks-1.7.1-py36h79c6626_3.tar.bz2#82c5d8e513559c97364e1c0e676cf83a
https://conda.anaconda.org/conda-forge/noarch/python-dateutil-2.8.2-pyhd8ed1ab_0.tar.bz2#dd999d1cc9f79e67dbb855c8924c7984
https://conda.anaconda.org/conda-forge/osx-64/pyyaml-5.4.1-py36hfa26744_1.tar.bz2#3f70512ecc8ca64108b38a8a526aab09
https://conda.anaconda.org/conda-forge/osx-64/pyzmq-22.3.0-py36h50cd92c_0.tar.bz2#e6947dc4b41d3c44e5f7a3dd3a3c9172
https://conda.anaconda.org/conda-forge/noarch/robotframework-pythonlibcore-3.0.0-pyhd8ed1ab_0.tar.bz2#5651c801936eed0acac65983bf87f9e4
https://conda.anaconda.org/conda-forge/osx-64/setuptools-58.0.4-py36h79c6626_2.tar.bz2#0ee5bdd15f4158aacefb640a70605b1d
https://conda.anaconda.org/conda-forge/osx-64/sqlalchemy-1.3.23-py36hfa26744_0.tar.bz2#6781920f4d63c0a84ff44d3a45c4f794
https://conda.anaconda.org/conda-forge/osx-64/tornado-6.1-py36hfa26744_1.tar.bz2#e473dc173e2a563be46d70582da8cd6d
https://conda.anaconda.org/conda-forge/noarch/traitlets-4.3.3-pyhd8ed1ab_2.tar.bz2#dacad0ee02418407a5991b0b62dfdc18
https://conda.anaconda.org/conda-forge/noarch/typing-extensions-4.1.1-hd8ed1ab_0.tar.bz2#9d1b5bbaa13bca480c80893a87a52c4f
https://conda.anaconda.org/conda-forge/osx-64/argon2-cffi-21.1.0-py36hfa26744_0.tar.bz2#575506572976aab050dec4c9a37d6ab7
https://conda.anaconda.org/conda-forge/noarch/backports.functools_lru_cache-1.6.4-pyhd8ed1ab_0.tar.bz2#c5b3edc62d6309088f4970b3eaaa65a6
https://conda.anaconda.org/conda-forge/noarch/bleach-5.0.1-pyhd8ed1ab_0.tar.bz2#1f5151d37e4a2b1137f81c89a3a769f2
https://conda.anaconda.org/conda-forge/osx-64/brotlipy-0.7.0-py36hfa26744_1001.tar.bz2#2978ae88b8e9ba587d0c335d0320f18d
https://conda.anaconda.org/conda-forge/osx-64/click-8.0.1-py36h79c6626_0.tar.bz2#cfbd3e8143cfe410f5ee1a3ab39dc497
https://conda.anaconda.org/conda-forge/osx-64/cryptography-35.0.0-py36ha6a00b0_0.tar.bz2#fef2a20f4e3d526232650ca9613e2015
https://conda.anaconda.org/conda-forge/osx-64/doit-0.33.1-py36h9f0ad1d_1.tar.bz2#55c0ce8dabe59a8e741fd01b033c0d9b
https://conda.anaconda.org/conda-forge/noarch/gitpython-3.1.18-pyhd8ed1ab_0.tar.bz2#19520f600cddf466cc3551e521809b66
https://conda.anaconda.org/conda-forge/osx-64/immutables-0.16-py36hfa26744_0.tar.bz2#23ca16b67efcf30d114f708c5be0eba0
https://conda.anaconda.org/conda-forge/noarch/jinja2-3.0.3-pyhd8ed1ab_0.tar.bz2#036d872c653780cb26e797e2e2f61b4c
https://conda.anaconda.org/conda-forge/noarch/jsonschema-4.1.2-pyhd8ed1ab_0.tar.bz2#94188756716d63117f09d546a30d43e7
https://conda.anaconda.org/conda-forge/osx-64/jupyter_core-4.8.1-py36h79c6626_0.tar.bz2#573a69563a105fca32ac4e342fbf0fa0
https://conda.anaconda.org/conda-forge/noarch/livereload-2.6.3-pyh9f0ad1d_0.tar.bz2#b7190e3ec3eff52839434bf4698e2d62
https://conda.anaconda.org/conda-forge/noarch/mdit-py-plugins-0.2.8-pyhd8ed1ab_0.tar.bz2#49236fcd746a124eb56d326f79e1d46d
https://conda.anaconda.org/conda-forge/noarch/pip-21.3.1-pyhd8ed1ab_0.tar.bz2#e4fe2a9af78ff11f1aced7e62128c6a8
https://conda.anaconda.org/conda-forge/noarch/pygments-2.13.0-pyhd8ed1ab_0.tar.bz2#9f478e8eedd301008b5f395bad0caaed
https://conda.anaconda.org/conda-forge/osx-64/terminado-0.12.1-py36h79c6626_0.tar.bz2#c48b195ecfec57a1092586f3b5bb068e
https://conda.anaconda.org/conda-forge/osx-64/click-completion-0.5.2-py36h79c6626_2.tar.bz2#fea82a4b4ca82eb5c45190e35df0f1ad
https://conda.anaconda.org/conda-forge/noarch/click-log-0.3.2-pyh9f0ad1d_0.tar.bz2#3a64d156136fad977df1b81a24b57ac0
https://conda.anaconda.org/conda-forge/noarch/contextvars-2.4-py_0.tar.bz2#295fe9300971a6bd1dc4b18ad6509be2
https://conda.anaconda.org/conda-forge/noarch/jupyter_client-7.1.2-pyhd8ed1ab_0.tar.bz2#9a332b6f8f05629435ce59032df8cfa9
https://conda.anaconda.org/conda-forge/noarch/jupyterlab_pygments-0.1.2-pyh9f0ad1d_0.tar.bz2#2cbd910890bb328e8959246a1e16fac7
https://conda.anaconda.org/conda-forge/noarch/nbformat-5.1.3-pyhd8ed1ab_0.tar.bz2#bafa5df6d4f8db69a4d197b4657127e7
https://conda.anaconda.org/conda-forge/noarch/pyopenssl-22.0.0-pyhd8ed1ab_1.tar.bz2#2e7e3630919d29c8216bfa2cd643d79e
https://conda.anaconda.org/conda-forge/noarch/wcwidth-0.2.5-pyh9f0ad1d_2.tar.bz2#5266fcd697043c59621fda522b3d78ee
https://conda.anaconda.org/conda-forge/noarch/nbclient-0.5.9-pyhd8ed1ab_0.tar.bz2#21554dd9bbabff27ae87f715fee4d56c
https://conda.anaconda.org/conda-forge/noarch/prompt-toolkit-3.0.31-pyha770c72_0.tar.bz2#94fee21afe199936bc361608e537cd11
https://conda.anaconda.org/conda-forge/osx-64/sniffio-1.2.0-py36h79c6626_1.tar.bz2#7ee6c3917df023fc76e81e2591eb232d
https://conda.anaconda.org/conda-forge/noarch/urllib3-1.26.11-pyhd8ed1ab_0.tar.bz2#0738978569b10669bdef41c671252dd1
https://conda.anaconda.org/conda-forge/osx-64/anyio-3.3.2-py36h79c6626_0.tar.bz2#868c8c2b8417b281335780d108bd0b5c
https://conda.anaconda.org/conda-forge/osx-64/ipython-7.16.1-py36h9cf137f_2.tar.bz2#e8fe9a5e5a41a0401463dc48ed95c906
https://conda.anaconda.org/conda-forge/osx-64/nbconvert-6.0.7-py36h79c6626_3.tar.bz2#64dd6243941cdcefd7e9cf1d9550f547
https://conda.anaconda.org/conda-forge/noarch/requests-2.28.1-pyhd8ed1ab_0.tar.bz2#70d6e72856de9551f83ae0f2de689a7a
https://conda.anaconda.org/conda-forge/osx-64/selenium-3.141.0-py36hfa26744_1002.tar.bz2#197851d9e45b08f86592b13e1ebfd5b6
https://conda.anaconda.org/conda-forge/osx-64/ipykernel-5.5.5-py36h495a4c6_0.tar.bz2#b65333a151a2f493dab0b6647febfe5a
https://conda.anaconda.org/conda-forge/noarch/jupyter_server-1.13.2-pyhd8ed1ab_0.tar.bz2#b6771ff740526a8a04853fda74dc03f3
https://conda.anaconda.org/conda-forge/noarch/robotframework-seleniumlibrary-5.1.3-pyhd8ed1ab_0.tar.bz2#464fdfebe1a1ffb41b031d8bbfb6041f
https://conda.anaconda.org/conda-forge/noarch/sphinx-4.5.0-pyh6c4a22f_0.tar.bz2#46b38d88c4270ff9ba78a89c83c66345
https://conda.anaconda.org/conda-forge/noarch/jupyter-server-mathjax-0.2.3-pyhd8ed1ab_0.tar.bz2#2d0951b616bb3a172032ade395706f45
https://conda.anaconda.org/conda-forge/noarch/myst-parser-0.15.2-pyhd8ed1ab_0.tar.bz2#0c2976e0a1af80ce224388da557eeece
https://conda.anaconda.org/conda-forge/osx-64/notebook-6.3.0-py36h79c6626_0.tar.bz2#96b90b67ee7964582312e8fb44516c2d
https://conda.anaconda.org/conda-forge/noarch/pydata-sphinx-theme-0.7.2-pyhd8ed1ab_0.tar.bz2#123f5c52d6b4117225af45a52ec34997
https://conda.anaconda.org/conda-forge/noarch/sphinx-autobuild-2021.3.14-pyhd8ed1ab_0.tar.bz2#1909f784dc37b4ab97afe2c95aeeabaa
https://conda.anaconda.org/conda-forge/noarch/sphinx-togglebutton-0.3.2-pyhd8ed1ab_0.tar.bz2#382738101934261ea7931d1460e64868
https://conda.anaconda.org/conda-forge/noarch/nbdime-3.1.1-pyhd8ed1ab_0.tar.bz2#38dc061ffabe665b79f4c7c52cefa809
https://conda.anaconda.org/conda-forge/noarch/widgetsnbextension-3.6.1-pyha770c72_0.tar.bz2#03cd073d4dc0623b857bf9e175d0f736
https://conda.anaconda.org/conda-forge/noarch/ipywidgets-7.7.2-pyhd8ed1ab_0.tar.bz2#cf7965a899292d3f5e253603eb92fada
https://conda.anaconda.org/conda-forge/noarch/jupyter-cache-0.4.3-pyhd8ed1ab_0.tar.bz2#03cd9218c96d513854bfc8714eaf9451
https://conda.anaconda.org/conda-forge/noarch/jupyter-sphinx-0.3.2-pyhd8ed1ab_1.tar.bz2#a47ca0f91417e5d29d075ca416254466
https://conda.anaconda.org/conda-forge/noarch/myst-nb-0.13.2-pyhd8ed1ab_0.tar.bz2#800e968e63eb593c651a14907fd82d26